// !$*UTF8*$!
{
	archiveVersion = 1;
	classes = {
	};
	objectVersion = 50;
	objects = {

/* Begin PBXBuildFile section */
		D417067A21EFCE0600BBDC3E /* main.swift in Sources */ = {isa = PBXBuildFile; fileRef = D417067921EFCE0600BBDC3E /* main.swift */; };
		D4465C1321EFEB0D008B9A3C /* ViewController.swift in Sources */ = {isa = PBXBuildFile; fileRef = D4465C0C21EFEB0D008B9A3C /* ViewController.swift */; };
		D4465C1421EFEB0D008B9A3C /* ViewController.swift in Sources */ = {isa = PBXBuildFile; fileRef = D4465C0C21EFEB0D008B9A3C /* ViewController.swift */; };
		D4465C1521EFEB0D008B9A3C /* VProtocols.swift in Sources */ = {isa = PBXBuildFile; fileRef = D4465C0D21EFEB0D008B9A3C /* VProtocols.swift */; };
		D4465C1621EFEB0D008B9A3C /* VProtocols.swift in Sources */ = {isa = PBXBuildFile; fileRef = D4465C0D21EFEB0D008B9A3C /* VProtocols.swift */; };
		D4465C1721EFEB0D008B9A3C /* VSpacer.swift in Sources */ = {isa = PBXBuildFile; fileRef = D4465C0E21EFEB0D008B9A3C /* VSpacer.swift */; };
		D4465C1821EFEB0D008B9A3C /* VSpacer.swift in Sources */ = {isa = PBXBuildFile; fileRef = D4465C0E21EFEB0D008B9A3C /* VSpacer.swift */; };
		D4465C1921EFEB0D008B9A3C /* VTests.swift in Sources */ = {isa = PBXBuildFile; fileRef = D4465C0F21EFEB0D008B9A3C /* VTests.swift */; };
		D4465C1A21EFEB0D008B9A3C /* VTests.swift in Sources */ = {isa = PBXBuildFile; fileRef = D4465C0F21EFEB0D008B9A3C /* VTests.swift */; };
		D4465C1B21EFEB0D008B9A3C /* VNet.swift in Sources */ = {isa = PBXBuildFile; fileRef = D4465C1021EFEB0D008B9A3C /* VNet.swift */; };
		D4465C1C21EFEB0D008B9A3C /* VNet.swift in Sources */ = {isa = PBXBuildFile; fileRef = D4465C1021EFEB0D008B9A3C /* VNet.swift */; };
		D4465C1D21EFEB0D008B9A3C /* VLayer.swift in Sources */ = {isa = PBXBuildFile; fileRef = D4465C1121EFEB0D008B9A3C /* VLayer.swift */; };
		D4465C1E21EFEB0D008B9A3C /* VLayer.swift in Sources */ = {isa = PBXBuildFile; fileRef = D4465C1121EFEB0D008B9A3C /* VLayer.swift */; };
		D4465C1F21EFEB0D008B9A3C /* VNeuron.swift in Sources */ = {isa = PBXBuildFile; fileRef = D4465C1221EFEB0D008B9A3C /* VNeuron.swift */; };
		D4465C2021EFEB0D008B9A3C /* VNeuron.swift in Sources */ = {isa = PBXBuildFile; fileRef = D4465C1221EFEB0D008B9A3C /* VNeuron.swift */; };
		D4465C2321EFEBCE008B9A3C /* KIdentifier.swift in Sources */ = {isa = PBXBuildFile; fileRef = D4465C2221EFEBCE008B9A3C /* KIdentifier.swift */; };
		D4465C2421EFEBCE008B9A3C /* KIdentifier.swift in Sources */ = {isa = PBXBuildFile; fileRef = D4465C2221EFEBCE008B9A3C /* KIdentifier.swift */; };
		D4465C2621EFED28008B9A3C /* ArkonCentral.swift in Sources */ = {isa = PBXBuildFile; fileRef = D4465C2521EFED28008B9A3C /* ArkonCentral.swift */; };
		D4465C2721EFED3C008B9A3C /* ArkonCentral.swift in Sources */ = {isa = PBXBuildFile; fileRef = D4465C2521EFED28008B9A3C /* ArkonCentral.swift */; };
		D4465C2A21EFEFA1008B9A3C /* AppDelegate.swift in Sources */ = {isa = PBXBuildFile; fileRef = D4465C2921EFEFA1008B9A3C /* AppDelegate.swift */; };
		D4465C2B21EFF39F008B9A3C /* Assets.xcassets in Resources */ = {isa = PBXBuildFile; fileRef = D481EA1021EFE39F00DD40CB /* Assets.xcassets */; };
		D4465C2C21EFF3AB008B9A3C /* Assets.xcassets in Resources */ = {isa = PBXBuildFile; fileRef = D481EA1021EFE39F00DD40CB /* Assets.xcassets */; };
		D481EA1121EFE39F00DD40CB /* Assets.xcassets in Resources */ = {isa = PBXBuildFile; fileRef = D481EA1021EFE39F00DD40CB /* Assets.xcassets */; };
		D481EA1421EFE39F00DD40CB /* Main.storyboard in Resources */ = {isa = PBXBuildFile; fileRef = D481EA1221EFE39F00DD40CB /* Main.storyboard */; };
		D481EA2F21EFE7F600DD40CB /* Main.storyboard in Resources */ = {isa = PBXBuildFile; fileRef = D481EA2D21EFE7F600DD40CB /* Main.storyboard */; };
		D481EA3C21EFE88F00DD40CB /* LightTest.swift in Sources */ = {isa = PBXBuildFile; fileRef = D481EA3B21EFE88F00DD40CB /* LightTest.swift */; };
		D4B9215821EFC3DD0030FF8A /* main.swift in Sources */ = {isa = PBXBuildFile; fileRef = D4B9215721EFC3DD0030FF8A /* main.swift */; };
		D4B9216021EFC62C0030FF8A /* main.swift in Sources */ = {isa = PBXBuildFile; fileRef = D4B9215F21EFC62C0030FF8A /* main.swift */; };
		D4B9216921EFC7E70030FF8A /* Genome.swift in Sources */ = {isa = PBXBuildFile; fileRef = D4B9216521EFC7E70030FF8A /* Genome.swift */; };
		D4B9216A21EFC7E70030FF8A /* Gene.swift in Sources */ = {isa = PBXBuildFile; fileRef = D4B9216621EFC7E70030FF8A /* Gene.swift */; };
		D4B9216B21EFC7E70030FF8A /* GenomeAdd.swift in Sources */ = {isa = PBXBuildFile; fileRef = D4B9216721EFC7E70030FF8A /* GenomeAdd.swift */; };
		D4B9216C21EFC7E70030FF8A /* GenomeSubtract.swift in Sources */ = {isa = PBXBuildFile; fileRef = D4B9216821EFC7E70030FF8A /* GenomeSubtract.swift */; };
		D4B9216E21EFC8160030FF8A /* ActivatorFunctions.swift in Sources */ = {isa = PBXBuildFile; fileRef = D4B9216D21EFC8160030FF8A /* ActivatorFunctions.swift */; };
		D4B9219421EFCC4E0030FF8A /* ActivatorFunctions.swift in Sources */ = {isa = PBXBuildFile; fileRef = D4B9216D21EFC8160030FF8A /* ActivatorFunctions.swift */; };
		D4B9219521EFCC4E0030FF8A /* Gene.swift in Sources */ = {isa = PBXBuildFile; fileRef = D4B9216621EFC7E70030FF8A /* Gene.swift */; };
		D4B9219621EFCC4E0030FF8A /* Genome.swift in Sources */ = {isa = PBXBuildFile; fileRef = D4B9216521EFC7E70030FF8A /* Genome.swift */; };
		D4B9219721EFCC4E0030FF8A /* GenomeAdd.swift in Sources */ = {isa = PBXBuildFile; fileRef = D4B9216721EFC7E70030FF8A /* GenomeAdd.swift */; };
		D4B9219821EFCC4E0030FF8A /* GenomeSubtract.swift in Sources */ = {isa = PBXBuildFile; fileRef = D4B9216821EFC7E70030FF8A /* GenomeSubtract.swift */; };
		D4B9219921EFCC640030FF8A /* DTGenome.swift in Sources */ = {isa = PBXBuildFile; fileRef = D4B9217B21EFC9260030FF8A /* DTGenome.swift */; };
/* End PBXBuildFile section */

/* Begin PBXContainerItemProxy section */
		D481EA3E21EFE88F00DD40CB /* PBXContainerItemProxy */ = {
			isa = PBXContainerItemProxy;
			containerPortal = D488FB8A21EFC2FF0081B584 /* Project object */;
			proxyType = 1;
			remoteGlobalIDString = D481EA0321EFE39E00DD40CB;
			remoteInfo = LightDev;
		};
/* End PBXContainerItemProxy section */

/* Begin PBXCopyFilesBuildPhase section */
		D488FB9021EFC2FF0081B584 /* CopyFiles */ = {
			isa = PBXCopyFilesBuildPhase;
			buildActionMask = 2147483647;
			dstPath = /usr/share/man/man1/;
			dstSubfolderSpec = 0;
			files = (
			);
			runOnlyForDeploymentPostprocessing = 1;
		};
		D4B9215B21EFC62C0030FF8A /* CopyFiles */ = {
			isa = PBXCopyFilesBuildPhase;
			buildActionMask = 2147483647;
			dstPath = /usr/share/man/man1/;
			dstSubfolderSpec = 0;
			files = (
			);
			runOnlyForDeploymentPostprocessing = 1;
		};
		D4B9219C21EFCD470030FF8A /* CopyFiles */ = {
			isa = PBXCopyFilesBuildPhase;
			buildActionMask = 2147483647;
			dstPath = /usr/share/man/man1/;
			dstSubfolderSpec = 0;
			files = (
			);
			runOnlyForDeploymentPostprocessing = 1;
		};
/* End PBXCopyFilesBuildPhase section */

/* Begin PBXFileReference section */
		D417067921EFCE0600BBDC3E /* main.swift */ = {isa = PBXFileReference; fileEncoding = 4; lastKnownFileType = sourcecode.swift; path = main.swift; sourceTree = "<group>"; };
		D4465C0C21EFEB0D008B9A3C /* ViewController.swift */ = {isa = PBXFileReference; fileEncoding = 4; lastKnownFileType = sourcecode.swift; path = ViewController.swift; sourceTree = "<group>"; };
		D4465C0D21EFEB0D008B9A3C /* VProtocols.swift */ = {isa = PBXFileReference; fileEncoding = 4; lastKnownFileType = sourcecode.swift; path = VProtocols.swift; sourceTree = "<group>"; };
		D4465C0E21EFEB0D008B9A3C /* VSpacer.swift */ = {isa = PBXFileReference; fileEncoding = 4; lastKnownFileType = sourcecode.swift; path = VSpacer.swift; sourceTree = "<group>"; };
		D4465C0F21EFEB0D008B9A3C /* VTests.swift */ = {isa = PBXFileReference; fileEncoding = 4; lastKnownFileType = sourcecode.swift; path = VTests.swift; sourceTree = "<group>"; };
		D4465C1021EFEB0D008B9A3C /* VNet.swift */ = {isa = PBXFileReference; fileEncoding = 4; lastKnownFileType = sourcecode.swift; path = VNet.swift; sourceTree = "<group>"; };
		D4465C1121EFEB0D008B9A3C /* VLayer.swift */ = {isa = PBXFileReference; fileEncoding = 4; lastKnownFileType = sourcecode.swift; path = VLayer.swift; sourceTree = "<group>"; };
		D4465C1221EFEB0D008B9A3C /* VNeuron.swift */ = {isa = PBXFileReference; fileEncoding = 4; lastKnownFileType = sourcecode.swift; path = VNeuron.swift; sourceTree = "<group>"; };
		D4465C2221EFEBCE008B9A3C /* KIdentifier.swift */ = {isa = PBXFileReference; fileEncoding = 4; lastKnownFileType = sourcecode.swift; path = KIdentifier.swift; sourceTree = "<group>"; };
		D4465C2521EFED28008B9A3C /* ArkonCentral.swift */ = {isa = PBXFileReference; fileEncoding = 4; lastKnownFileType = sourcecode.swift; path = ArkonCentral.swift; sourceTree = "<group>"; };
		D4465C2921EFEFA1008B9A3C /* AppDelegate.swift */ = {isa = PBXFileReference; fileEncoding = 4; lastKnownFileType = sourcecode.swift; path = AppDelegate.swift; sourceTree = "<group>"; };
		D481EA0421EFE39E00DD40CB /* LightDev.app */ = {isa = PBXFileReference; explicitFileType = wrapper.application; includeInIndex = 0; path = LightDev.app; sourceTree = BUILT_PRODUCTS_DIR; };
		D481EA1021EFE39F00DD40CB /* Assets.xcassets */ = {isa = PBXFileReference; lastKnownFileType = folder.assetcatalog; path = Assets.xcassets; sourceTree = "<group>"; };
		D481EA1321EFE39F00DD40CB /* Base */ = {isa = PBXFileReference; lastKnownFileType = file.storyboard; name = Base; path = Base.lproj/Main.storyboard; sourceTree = "<group>"; };
		D481EA1521EFE39F00DD40CB /* Info.plist */ = {isa = PBXFileReference; lastKnownFileType = text.plist.xml; path = Info.plist; sourceTree = "<group>"; };
		D481EA1621EFE39F00DD40CB /* LightDev.entitlements */ = {isa = PBXFileReference; lastKnownFileType = text.plist.entitlements; path = LightDev.entitlements; sourceTree = "<group>"; };
		D481EA1F21EFE7F500DD40CB /* LightPlayground.app */ = {isa = PBXFileReference; explicitFileType = wrapper.application; includeInIndex = 0; path = LightPlayground.app; sourceTree = BUILT_PRODUCTS_DIR; };
		D481EA2E21EFE7F600DD40CB /* Base */ = {isa = PBXFileReference; lastKnownFileType = file.storyboard; name = Base; path = Base.lproj/Main.storyboard; sourceTree = "<group>"; };
		D481EA3021EFE7F600DD40CB /* Info.plist */ = {isa = PBXFileReference; lastKnownFileType = text.plist.xml; path = Info.plist; sourceTree = "<group>"; };
		D481EA3121EFE7F600DD40CB /* LightPlayground.entitlements */ = {isa = PBXFileReference; lastKnownFileType = text.plist.entitlements; path = LightPlayground.entitlements; sourceTree = "<group>"; };
		D481EA3921EFE88E00DD40CB /* LightTest.xctest */ = {isa = PBXFileReference; explicitFileType = wrapper.cfbundle; includeInIndex = 0; path = LightTest.xctest; sourceTree = BUILT_PRODUCTS_DIR; };
		D481EA3B21EFE88F00DD40CB /* LightTest.swift */ = {isa = PBXFileReference; lastKnownFileType = sourcecode.swift; path = LightTest.swift; sourceTree = "<group>"; };
		D481EA3D21EFE88F00DD40CB /* Info.plist */ = {isa = PBXFileReference; lastKnownFileType = text.plist.xml; path = Info.plist; sourceTree = "<group>"; };
		D488FB9221EFC2FF0081B584 /* DarkPlayground */ = {isa = PBXFileReference; explicitFileType = "compiled.mach-o.executable"; includeInIndex = 0; path = DarkPlayground; sourceTree = BUILT_PRODUCTS_DIR; };
		D4B9215721EFC3DD0030FF8A /* main.swift */ = {isa = PBXFileReference; fileEncoding = 4; lastKnownFileType = sourcecode.swift; path = main.swift; sourceTree = "<group>"; };
		D4B9215D21EFC62C0030FF8A /* DarkDev */ = {isa = PBXFileReference; explicitFileType = "compiled.mach-o.executable"; includeInIndex = 0; path = DarkDev; sourceTree = BUILT_PRODUCTS_DIR; };
		D4B9215F21EFC62C0030FF8A /* main.swift */ = {isa = PBXFileReference; lastKnownFileType = sourcecode.swift; path = main.swift; sourceTree = "<group>"; };
		D4B9216521EFC7E70030FF8A /* Genome.swift */ = {isa = PBXFileReference; fileEncoding = 4; lastKnownFileType = sourcecode.swift; path = Genome.swift; sourceTree = "<group>"; };
		D4B9216621EFC7E70030FF8A /* Gene.swift */ = {isa = PBXFileReference; fileEncoding = 4; lastKnownFileType = sourcecode.swift; path = Gene.swift; sourceTree = "<group>"; };
		D4B9216721EFC7E70030FF8A /* GenomeAdd.swift */ = {isa = PBXFileReference; fileEncoding = 4; lastKnownFileType = sourcecode.swift; path = GenomeAdd.swift; sourceTree = "<group>"; };
		D4B9216821EFC7E70030FF8A /* GenomeSubtract.swift */ = {isa = PBXFileReference; fileEncoding = 4; lastKnownFileType = sourcecode.swift; path = GenomeSubtract.swift; sourceTree = "<group>"; };
		D4B9216D21EFC8160030FF8A /* ActivatorFunctions.swift */ = {isa = PBXFileReference; fileEncoding = 4; lastKnownFileType = sourcecode.swift; path = ActivatorFunctions.swift; sourceTree = "<group>"; };
		D4B9217B21EFC9260030FF8A /* DTGenome.swift */ = {isa = PBXFileReference; fileEncoding = 4; lastKnownFileType = sourcecode.swift; path = DTGenome.swift; sourceTree = "<group>"; };
		D4B9218C21EFCB9A0030FF8A /* DTGenome.xctest */ = {isa = PBXFileReference; explicitFileType = wrapper.cfbundle; includeInIndex = 0; path = DTGenome.xctest; sourceTree = BUILT_PRODUCTS_DIR; };
		D4B9219021EFCB9A0030FF8A /* Info.plist */ = {isa = PBXFileReference; lastKnownFileType = text.plist.xml; path = Info.plist; sourceTree = "<group>"; };
		D4B9219E21EFCD470030FF8A /* DarkTest */ = {isa = PBXFileReference; explicitFileType = "compiled.mach-o.executable"; includeInIndex = 0; path = DarkTest; sourceTree = BUILT_PRODUCTS_DIR; };
/* End PBXFileReference section */

/* Begin PBXFrameworksBuildPhase section */
		D481EA0121EFE39E00DD40CB /* Frameworks */ = {
			isa = PBXFrameworksBuildPhase;
			buildActionMask = 2147483647;
			files = (
			);
			runOnlyForDeploymentPostprocessing = 0;
		};
		D481EA1C21EFE7F500DD40CB /* Frameworks */ = {
			isa = PBXFrameworksBuildPhase;
			buildActionMask = 2147483647;
			files = (
			);
			runOnlyForDeploymentPostprocessing = 0;
		};
		D481EA3621EFE88E00DD40CB /* Frameworks */ = {
			isa = PBXFrameworksBuildPhase;
			buildActionMask = 2147483647;
			files = (
			);
			runOnlyForDeploymentPostprocessing = 0;
		};
		D488FB8F21EFC2FF0081B584 /* Frameworks */ = {
			isa = PBXFrameworksBuildPhase;
			buildActionMask = 2147483647;
			files = (
			);
			runOnlyForDeploymentPostprocessing = 0;
		};
		D4B9215A21EFC62C0030FF8A /* Frameworks */ = {
			isa = PBXFrameworksBuildPhase;
			buildActionMask = 2147483647;
			files = (
			);
			runOnlyForDeploymentPostprocessing = 0;
		};
		D4B9218921EFCB9A0030FF8A /* Frameworks */ = {
			isa = PBXFrameworksBuildPhase;
			buildActionMask = 2147483647;
			files = (
			);
			runOnlyForDeploymentPostprocessing = 0;
		};
		D4B9219B21EFCD470030FF8A /* Frameworks */ = {
			isa = PBXFrameworksBuildPhase;
			buildActionMask = 2147483647;
			files = (
			);
			runOnlyForDeploymentPostprocessing = 0;
		};
/* End PBXFrameworksBuildPhase section */

/* Begin PBXGroup section */
		D4465C0B21EFEA4F008B9A3C /* Display */ = {
			isa = PBXGroup;
			children = (
				D4465C0C21EFEB0D008B9A3C /* ViewController.swift */,
				D4465C1121EFEB0D008B9A3C /* VLayer.swift */,
				D4465C1021EFEB0D008B9A3C /* VNet.swift */,
				D4465C1221EFEB0D008B9A3C /* VNeuron.swift */,
				D4465C0D21EFEB0D008B9A3C /* VProtocols.swift */,
				D4465C0E21EFEB0D008B9A3C /* VSpacer.swift */,
				D4465C0F21EFEB0D008B9A3C /* VTests.swift */,
			);
			path = Display;
			sourceTree = "<group>";
		};
		D4465C2121EFEB89008B9A3C /* Support */ = {
			isa = PBXGroup;
			children = (
				D4465C2521EFED28008B9A3C /* ArkonCentral.swift */,
				D4465C2221EFEBCE008B9A3C /* KIdentifier.swift */,
			);
			path = Support;
			sourceTree = "<group>";
		};
		D481EA0521EFE39E00DD40CB /* LightDev */ = {
			isa = PBXGroup;
			children = (
				D4465C2921EFEFA1008B9A3C /* AppDelegate.swift */,
				D481EA1221EFE39F00DD40CB /* Main.storyboard */,
				D481EA1521EFE39F00DD40CB /* Info.plist */,
				D481EA1621EFE39F00DD40CB /* LightDev.entitlements */,
			);
			path = LightDev;
			sourceTree = "<group>";
		};
		D481EA1A21EFE5F800DD40CB /* Source */ = {
			isa = PBXGroup;
			children = (
				D481EA1021EFE39F00DD40CB /* Assets.xcassets */,
				D4465C0B21EFEA4F008B9A3C /* Display */,
				D4B9216421EFC7A30030FF8A /* Genome */,
				D4465C2121EFEB89008B9A3C /* Support */,
			);
			path = Source;
			sourceTree = "<group>";
		};
		D481EA2021EFE7F500DD40CB /* LightPlayground */ = {
			isa = PBXGroup;
			children = (
				D481EA2D21EFE7F600DD40CB /* Main.storyboard */,
				D481EA3021EFE7F600DD40CB /* Info.plist */,
				D481EA3121EFE7F600DD40CB /* LightPlayground.entitlements */,
			);
			path = LightPlayground;
			sourceTree = "<group>";
		};
		D481EA3A21EFE88F00DD40CB /* LightTest */ = {
			isa = PBXGroup;
			children = (
				D481EA3B21EFE88F00DD40CB /* LightTest.swift */,
				D481EA3D21EFE88F00DD40CB /* Info.plist */,
			);
			path = LightTest;
			sourceTree = "<group>";
		};
		D488FB8921EFC2FF0081B584 = {
			isa = PBXGroup;
			children = (
				D4B9215E21EFC62C0030FF8A /* DarkDev */,
				D4B9215621EFC3DD0030FF8A /* DarkPlayground */,
				D4B9219F21EFCD470030FF8A /* DarkTest */,
				D481EA0521EFE39E00DD40CB /* LightDev */,
				D481EA2021EFE7F500DD40CB /* LightPlayground */,
				D481EA3A21EFE88F00DD40CB /* LightTest */,
				D481EA1A21EFE5F800DD40CB /* Source */,
				D488FB9321EFC2FF0081B584 /* Z-Products */,
			);
			sourceTree = "<group>";
		};
		D488FB9321EFC2FF0081B584 /* Z-Products */ = {
			isa = PBXGroup;
			children = (
				D488FB9221EFC2FF0081B584 /* DarkPlayground */,
				D4B9215D21EFC62C0030FF8A /* DarkDev */,
				D4B9218C21EFCB9A0030FF8A /* DTGenome.xctest */,
				D4B9219E21EFCD470030FF8A /* DarkTest */,
				D481EA0421EFE39E00DD40CB /* LightDev.app */,
				D481EA1F21EFE7F500DD40CB /* LightPlayground.app */,
				D481EA3921EFE88E00DD40CB /* LightTest.xctest */,
			);
			name = "Z-Products";
			sourceTree = "<group>";
		};
		D4B9215621EFC3DD0030FF8A /* DarkPlayground */ = {
			isa = PBXGroup;
			children = (
				D4B9215721EFC3DD0030FF8A /* main.swift */,
			);
			path = DarkPlayground;
			sourceTree = "<group>";
		};
		D4B9215E21EFC62C0030FF8A /* DarkDev */ = {
			isa = PBXGroup;
			children = (
				D4B9215F21EFC62C0030FF8A /* main.swift */,
			);
			path = DarkDev;
			sourceTree = "<group>";
		};
		D4B9216421EFC7A30030FF8A /* Genome */ = {
			isa = PBXGroup;
			children = (
				D4B9216D21EFC8160030FF8A /* ActivatorFunctions.swift */,
				D4B9216621EFC7E70030FF8A /* Gene.swift */,
				D4B9216521EFC7E70030FF8A /* Genome.swift */,
				D4B9216721EFC7E70030FF8A /* GenomeAdd.swift */,
				D4B9216821EFC7E70030FF8A /* GenomeSubtract.swift */,
			);
			path = Genome;
			sourceTree = "<group>";
		};
		D4B9218D21EFCB9A0030FF8A /* DTGenome */ = {
			isa = PBXGroup;
			children = (
				D4B9217B21EFC9260030FF8A /* DTGenome.swift */,
				D4B9219021EFCB9A0030FF8A /* Info.plist */,
			);
			path = DTGenome;
			sourceTree = "<group>";
		};
		D4B9219F21EFCD470030FF8A /* DarkTest */ = {
			isa = PBXGroup;
			children = (
				D4B9218D21EFCB9A0030FF8A /* DTGenome */,
				D417067921EFCE0600BBDC3E /* main.swift */,
			);
			path = DarkTest;
			sourceTree = "<group>";
		};
/* End PBXGroup section */

/* Begin PBXNativeTarget section */
		D481EA0321EFE39E00DD40CB /* LightDev */ = {
			isa = PBXNativeTarget;
			buildConfigurationList = D481EA1721EFE39F00DD40CB /* Build configuration list for PBXNativeTarget "LightDev" */;
			buildPhases = (
				D481EA0021EFE39E00DD40CB /* Sources */,
				D481EA0121EFE39E00DD40CB /* Frameworks */,
				D481EA0221EFE39E00DD40CB /* Resources */,
			);
			buildRules = (
			);
			dependencies = (
			);
			name = LightDev;
			productName = LightDev;
			productReference = D481EA0421EFE39E00DD40CB /* LightDev.app */;
			productType = "com.apple.product-type.application";
		};
		D481EA1E21EFE7F500DD40CB /* LightPlayground */ = {
			isa = PBXNativeTarget;
			buildConfigurationList = D481EA3221EFE7F600DD40CB /* Build configuration list for PBXNativeTarget "LightPlayground" */;
			buildPhases = (
				D481EA1B21EFE7F500DD40CB /* Sources */,
				D481EA1C21EFE7F500DD40CB /* Frameworks */,
				D481EA1D21EFE7F500DD40CB /* Resources */,
			);
			buildRules = (
			);
			dependencies = (
			);
			name = LightPlayground;
			productName = LightPlayground;
			productReference = D481EA1F21EFE7F500DD40CB /* LightPlayground.app */;
			productType = "com.apple.product-type.application";
		};
		D481EA3821EFE88E00DD40CB /* LightTest */ = {
			isa = PBXNativeTarget;
			buildConfigurationList = D481EA4021EFE88F00DD40CB /* Build configuration list for PBXNativeTarget "LightTest" */;
			buildPhases = (
				D481EA3521EFE88E00DD40CB /* Sources */,
				D481EA3621EFE88E00DD40CB /* Frameworks */,
				D481EA3721EFE88E00DD40CB /* Resources */,
			);
			buildRules = (
			);
			dependencies = (
				D481EA3F21EFE88F00DD40CB /* PBXTargetDependency */,
			);
			name = LightTest;
			productName = LightTest;
			productReference = D481EA3921EFE88E00DD40CB /* LightTest.xctest */;
			productType = "com.apple.product-type.bundle.ui-testing";
		};
		D488FB9121EFC2FF0081B584 /* DarkPlayground */ = {
			isa = PBXNativeTarget;
			buildConfigurationList = D488FB9921EFC3000081B584 /* Build configuration list for PBXNativeTarget "DarkPlayground" */;
			buildPhases = (
				D488FB8E21EFC2FF0081B584 /* Sources */,
				D488FB8F21EFC2FF0081B584 /* Frameworks */,
				D488FB9021EFC2FF0081B584 /* CopyFiles */,
			);
			buildRules = (
			);
			dependencies = (
			);
			name = DarkPlayground;
			productName = Arkonia;
			productReference = D488FB9221EFC2FF0081B584 /* DarkPlayground */;
			productType = "com.apple.product-type.tool";
		};
		D4B9215C21EFC62C0030FF8A /* DarkDev */ = {
			isa = PBXNativeTarget;
			buildConfigurationList = D4B9216121EFC62C0030FF8A /* Build configuration list for PBXNativeTarget "DarkDev" */;
			buildPhases = (
				D4B9215921EFC62C0030FF8A /* Sources */,
				D4B9215A21EFC62C0030FF8A /* Frameworks */,
				D4B9215B21EFC62C0030FF8A /* CopyFiles */,
			);
			buildRules = (
			);
			dependencies = (
			);
			name = DarkDev;
			productName = DarkDev;
			productReference = D4B9215D21EFC62C0030FF8A /* DarkDev */;
			productType = "com.apple.product-type.tool";
		};
		D4B9218B21EFCB9A0030FF8A /* DTGenome */ = {
			isa = PBXNativeTarget;
			buildConfigurationList = D4B9219121EFCB9A0030FF8A /* Build configuration list for PBXNativeTarget "DTGenome" */;
			buildPhases = (
				D4B9218821EFCB9A0030FF8A /* Sources */,
				D4B9218921EFCB9A0030FF8A /* Frameworks */,
				D4B9218A21EFCB9A0030FF8A /* Resources */,
			);
			buildRules = (
			);
			dependencies = (
			);
			name = DTGenome;
			productName = DTGenome;
			productReference = D4B9218C21EFCB9A0030FF8A /* DTGenome.xctest */;
			productType = "com.apple.product-type.bundle.unit-test";
		};
		D4B9219D21EFCD470030FF8A /* DarkTest */ = {
			isa = PBXNativeTarget;
			buildConfigurationList = D4B921A221EFCD470030FF8A /* Build configuration list for PBXNativeTarget "DarkTest" */;
			buildPhases = (
				D4B9219A21EFCD470030FF8A /* Sources */,
				D4B9219B21EFCD470030FF8A /* Frameworks */,
				D4B9219C21EFCD470030FF8A /* CopyFiles */,
			);
			buildRules = (
			);
			dependencies = (
			);
			name = DarkTest;
			productName = DarkTest;
			productReference = D4B9219E21EFCD470030FF8A /* DarkTest */;
			productType = "com.apple.product-type.tool";
		};
/* End PBXNativeTarget section */

/* Begin PBXProject section */
		D488FB8A21EFC2FF0081B584 /* Project object */ = {
			isa = PBXProject;
			attributes = {
				LastSwiftUpdateCheck = 1010;
				LastUpgradeCheck = 1010;
				ORGANIZATIONNAME = "Rob Bishop";
				TargetAttributes = {
					D481EA0321EFE39E00DD40CB = {
						CreatedOnToolsVersion = 10.1;
						LastSwiftMigration = 1010;
					};
					D481EA1E21EFE7F500DD40CB = {
						CreatedOnToolsVersion = 10.1;
					};
					D481EA3821EFE88E00DD40CB = {
						CreatedOnToolsVersion = 10.1;
						TestTargetID = D481EA0321EFE39E00DD40CB;
					};
					D488FB9121EFC2FF0081B584 = {
						CreatedOnToolsVersion = 10.1;
					};
					D4B9215C21EFC62C0030FF8A = {
						CreatedOnToolsVersion = 10.1;
					};
					D4B9218B21EFCB9A0030FF8A = {
						CreatedOnToolsVersion = 10.1;
					};
					D4B9219D21EFCD470030FF8A = {
						CreatedOnToolsVersion = 10.1;
						LastSwiftMigration = 1010;
					};
				};
			};
			buildConfigurationList = D488FB8D21EFC2FF0081B584 /* Build configuration list for PBXProject "Arkonia" */;
			compatibilityVersion = "Xcode 9.3";
			developmentRegion = en;
			hasScannedForEncodings = 0;
			knownRegions = (
				en,
				Base,
			);
			mainGroup = D488FB8921EFC2FF0081B584;
			productRefGroup = D488FB9321EFC2FF0081B584 /* Z-Products */;
			projectDirPath = "";
			projectRoot = "";
			targets = (
				D4B9215C21EFC62C0030FF8A /* DarkDev */,
				D488FB9121EFC2FF0081B584 /* DarkPlayground */,
				D4B9219D21EFCD470030FF8A /* DarkTest */,
				D4B9218B21EFCB9A0030FF8A /* DTGenome */,
				D481EA0321EFE39E00DD40CB /* LightDev */,
				D481EA1E21EFE7F500DD40CB /* LightPlayground */,
				D481EA3821EFE88E00DD40CB /* LightTest */,
			);
		};
/* End PBXProject section */

/* Begin PBXResourcesBuildPhase section */
		D481EA0221EFE39E00DD40CB /* Resources */ = {
			isa = PBXResourcesBuildPhase;
			buildActionMask = 2147483647;
			files = (
				D481EA1121EFE39F00DD40CB /* Assets.xcassets in Resources */,
				D481EA1421EFE39F00DD40CB /* Main.storyboard in Resources */,
			);
			runOnlyForDeploymentPostprocessing = 0;
		};
		D481EA1D21EFE7F500DD40CB /* Resources */ = {
			isa = PBXResourcesBuildPhase;
			buildActionMask = 2147483647;
			files = (
				D4465C2B21EFF39F008B9A3C /* Assets.xcassets in Resources */,
				D481EA2F21EFE7F600DD40CB /* Main.storyboard in Resources */,
			);
			runOnlyForDeploymentPostprocessing = 0;
		};
		D481EA3721EFE88E00DD40CB /* Resources */ = {
			isa = PBXResourcesBuildPhase;
			buildActionMask = 2147483647;
			files = (
				D4465C2C21EFF3AB008B9A3C /* Assets.xcassets in Resources */,
			);
			runOnlyForDeploymentPostprocessing = 0;
		};
		D4B9218A21EFCB9A0030FF8A /* Resources */ = {
			isa = PBXResourcesBuildPhase;
			buildActionMask = 2147483647;
			files = (
			);
			runOnlyForDeploymentPostprocessing = 0;
		};
/* End PBXResourcesBuildPhase section */

/* Begin PBXSourcesBuildPhase section */
		D481EA0021EFE39E00DD40CB /* Sources */ = {
			isa = PBXSourcesBuildPhase;
			buildActionMask = 2147483647;
			files = (
				D4465C1D21EFEB0D008B9A3C /* VLayer.swift in Sources */,
				D4465C1921EFEB0D008B9A3C /* VTests.swift in Sources */,
				D4465C2721EFED3C008B9A3C /* ArkonCentral.swift in Sources */,
				D4465C2321EFEBCE008B9A3C /* KIdentifier.swift in Sources */,
				D4465C1521EFEB0D008B9A3C /* VProtocols.swift in Sources */,
				D4465C1321EFEB0D008B9A3C /* ViewController.swift in Sources */,
				D4465C1B21EFEB0D008B9A3C /* VNet.swift in Sources */,
				D4465C1721EFEB0D008B9A3C /* VSpacer.swift in Sources */,
				D4465C2A21EFEFA1008B9A3C /* AppDelegate.swift in Sources */,
				D4465C1F21EFEB0D008B9A3C /* VNeuron.swift in Sources */,
			);
			runOnlyForDeploymentPostprocessing = 0;
		};
		D481EA1B21EFE7F500DD40CB /* Sources */ = {
			isa = PBXSourcesBuildPhase;
			buildActionMask = 2147483647;
			files = (
			);
			runOnlyForDeploymentPostprocessing = 0;
		};
		D481EA3521EFE88E00DD40CB /* Sources */ = {
			isa = PBXSourcesBuildPhase;
			buildActionMask = 2147483647;
			files = (
				D4465C1E21EFEB0D008B9A3C /* VLayer.swift in Sources */,
				D4465C2621EFED28008B9A3C /* ArkonCentral.swift in Sources */,
				D4465C1821EFEB0D008B9A3C /* VSpacer.swift in Sources */,
				D4465C1421EFEB0D008B9A3C /* ViewController.swift in Sources */,
				D4465C2421EFEBCE008B9A3C /* KIdentifier.swift in Sources */,
				D4465C1C21EFEB0D008B9A3C /* VNet.swift in Sources */,
				D481EA3C21EFE88F00DD40CB /* LightTest.swift in Sources */,
				D4465C2021EFEB0D008B9A3C /* VNeuron.swift in Sources */,
				D4465C1A21EFEB0D008B9A3C /* VTests.swift in Sources */,
				D4465C1621EFEB0D008B9A3C /* VProtocols.swift in Sources */,
			);
			runOnlyForDeploymentPostprocessing = 0;
		};
		D488FB8E21EFC2FF0081B584 /* Sources */ = {
			isa = PBXSourcesBuildPhase;
			buildActionMask = 2147483647;
			files = (
				D4B9215821EFC3DD0030FF8A /* main.swift in Sources */,
			);
			runOnlyForDeploymentPostprocessing = 0;
		};
		D4B9215921EFC62C0030FF8A /* Sources */ = {
			isa = PBXSourcesBuildPhase;
			buildActionMask = 2147483647;
			files = (
				D4B9216921EFC7E70030FF8A /* Genome.swift in Sources */,
				D4B9216E21EFC8160030FF8A /* ActivatorFunctions.swift in Sources */,
				D4B9216C21EFC7E70030FF8A /* GenomeSubtract.swift in Sources */,
				D4B9216A21EFC7E70030FF8A /* Gene.swift in Sources */,
				D4B9216B21EFC7E70030FF8A /* GenomeAdd.swift in Sources */,
				D4B9216021EFC62C0030FF8A /* main.swift in Sources */,
			);
			runOnlyForDeploymentPostprocessing = 0;
		};
		D4B9218821EFCB9A0030FF8A /* Sources */ = {
			isa = PBXSourcesBuildPhase;
			buildActionMask = 2147483647;
			files = (
				D4B9219521EFCC4E0030FF8A /* Gene.swift in Sources */,
				D4B9219821EFCC4E0030FF8A /* GenomeSubtract.swift in Sources */,
				D4B9219921EFCC640030FF8A /* DTGenome.swift in Sources */,
				D4B9219621EFCC4E0030FF8A /* Genome.swift in Sources */,
				D4B9219721EFCC4E0030FF8A /* GenomeAdd.swift in Sources */,
				D4B9219421EFCC4E0030FF8A /* ActivatorFunctions.swift in Sources */,
			);
			runOnlyForDeploymentPostprocessing = 0;
		};
		D4B9219A21EFCD470030FF8A /* Sources */ = {
			isa = PBXSourcesBuildPhase;
			buildActionMask = 2147483647;
			files = (
				D417067A21EFCE0600BBDC3E /* main.swift in Sources */,
			);
			runOnlyForDeploymentPostprocessing = 0;
		};
/* End PBXSourcesBuildPhase section */

/* Begin PBXTargetDependency section */
		D481EA3F21EFE88F00DD40CB /* PBXTargetDependency */ = {
			isa = PBXTargetDependency;
			target = D481EA0321EFE39E00DD40CB /* LightDev */;
			targetProxy = D481EA3E21EFE88F00DD40CB /* PBXContainerItemProxy */;
		};
/* End PBXTargetDependency section */

/* Begin PBXVariantGroup section */
		D481EA1221EFE39F00DD40CB /* Main.storyboard */ = {
			isa = PBXVariantGroup;
			children = (
				D481EA1321EFE39F00DD40CB /* Base */,
			);
			name = Main.storyboard;
			sourceTree = "<group>";
		};
		D481EA2D21EFE7F600DD40CB /* Main.storyboard */ = {
			isa = PBXVariantGroup;
			children = (
				D481EA2E21EFE7F600DD40CB /* Base */,
			);
			name = Main.storyboard;
			sourceTree = "<group>";
		};
/* End PBXVariantGroup section */

/* Begin XCBuildConfiguration section */
		D481EA1821EFE39F00DD40CB /* Debug */ = {
			isa = XCBuildConfiguration;
			buildSettings = {
				ASSETCATALOG_COMPILER_APPICON_NAME = AppIcon;
				CLANG_ENABLE_MODULES = YES;
				CODE_SIGN_ENTITLEMENTS = LightDev/LightDev.entitlements;
				CODE_SIGN_STYLE = Automatic;
				COMBINE_HIDPI_IMAGES = YES;
				DEVELOPMENT_TEAM = DD983V4X84;
				INFOPLIST_FILE = LightDev/Info.plist;
				LD_RUNPATH_SEARCH_PATHS = (
					"$(inherited)",
					"@executable_path/../Frameworks",
				);
				PRODUCT_BUNDLE_IDENTIFIER = com.BoringSoftware.LightDev;
				PRODUCT_NAME = "$(TARGET_NAME)";
				SWIFT_ACTIVE_COMPILATION_CONDITIONS = "RUN_LIGHT LIGHT_DEV";
				SWIFT_OPTIMIZATION_LEVEL = "-Onone";
				SWIFT_VERSION = 4.2;
			};
			name = Debug;
		};
		D481EA1921EFE39F00DD40CB /* Release */ = {
			isa = XCBuildConfiguration;
			buildSettings = {
				ASSETCATALOG_COMPILER_APPICON_NAME = AppIcon;
				CLANG_ENABLE_MODULES = YES;
				CODE_SIGN_ENTITLEMENTS = LightDev/LightDev.entitlements;
				CODE_SIGN_STYLE = Automatic;
				COMBINE_HIDPI_IMAGES = YES;
				DEVELOPMENT_TEAM = DD983V4X84;
				INFOPLIST_FILE = LightDev/Info.plist;
				LD_RUNPATH_SEARCH_PATHS = (
					"$(inherited)",
					"@executable_path/../Frameworks",
				);
				PRODUCT_BUNDLE_IDENTIFIER = com.BoringSoftware.LightDev;
				PRODUCT_NAME = "$(TARGET_NAME)";
				SWIFT_ACTIVE_COMPILATION_CONDITIONS = "RUN_LIGHT LIGHT_DEV";
				SWIFT_VERSION = 4.2;
			};
			name = Release;
		};
		D481EA3321EFE7F600DD40CB /* Debug */ = {
			isa = XCBuildConfiguration;
			buildSettings = {
				ASSETCATALOG_COMPILER_APPICON_NAME = AppIcon;
				CODE_SIGN_ENTITLEMENTS = LightPlayground/LightPlayground.entitlements;
				CODE_SIGN_STYLE = Automatic;
				COMBINE_HIDPI_IMAGES = YES;
				DEVELOPMENT_TEAM = DD983V4X84;
				INFOPLIST_FILE = LightPlayground/Info.plist;
				LD_RUNPATH_SEARCH_PATHS = (
					"$(inherited)",
					"@executable_path/../Frameworks",
				);
				PRODUCT_BUNDLE_IDENTIFIER = com.BoringSoftware.LightPlayground;
				PRODUCT_NAME = "$(TARGET_NAME)";
				SWIFT_ACTIVE_COMPILATION_CONDITIONS = "LIGHT_PLAYGROUND RUN_LIGHT";
				SWIFT_VERSION = 4.2;
			};
			name = Debug;
		};
		D481EA3421EFE7F600DD40CB /* Release */ = {
			isa = XCBuildConfiguration;
			buildSettings = {
				ASSETCATALOG_COMPILER_APPICON_NAME = AppIcon;
				CODE_SIGN_ENTITLEMENTS = LightPlayground/LightPlayground.entitlements;
				CODE_SIGN_STYLE = Automatic;
				COMBINE_HIDPI_IMAGES = YES;
				DEVELOPMENT_TEAM = DD983V4X84;
				INFOPLIST_FILE = LightPlayground/Info.plist;
				LD_RUNPATH_SEARCH_PATHS = (
					"$(inherited)",
					"@executable_path/../Frameworks",
				);
				PRODUCT_BUNDLE_IDENTIFIER = com.BoringSoftware.LightPlayground;
				PRODUCT_NAME = "$(TARGET_NAME)";
				SWIFT_ACTIVE_COMPILATION_CONDITIONS = "LIGHT_PLAYGROUND RUN_LIGHT";
				SWIFT_VERSION = 4.2;
			};
			name = Release;
		};
		D481EA4121EFE88F00DD40CB /* Debug */ = {
			isa = XCBuildConfiguration;
			buildSettings = {
				ALWAYS_EMBED_SWIFT_STANDARD_LIBRARIES = YES;
				CODE_SIGN_STYLE = Automatic;
				COMBINE_HIDPI_IMAGES = YES;
				DEVELOPMENT_TEAM = DD983V4X84;
				INFOPLIST_FILE = LightTest/Info.plist;
				LD_RUNPATH_SEARCH_PATHS = (
					"$(inherited)",
					"@executable_path/../Frameworks",
					"@loader_path/../Frameworks",
				);
				PRODUCT_BUNDLE_IDENTIFIER = com.BoringSoftware.LightTest;
				PRODUCT_NAME = "$(TARGET_NAME)";
				SWIFT_ACTIVE_COMPILATION_CONDITIONS = "RUN_LIGHT LIGHT_TEST";
				SWIFT_VERSION = 4.2;
				TEST_TARGET_NAME = LightDev;
			};
			name = Debug;
		};
		D481EA4221EFE88F00DD40CB /* Release */ = {
			isa = XCBuildConfiguration;
			buildSettings = {
				ALWAYS_EMBED_SWIFT_STANDARD_LIBRARIES = YES;
				CODE_SIGN_STYLE = Automatic;
				COMBINE_HIDPI_IMAGES = YES;
				DEVELOPMENT_TEAM = DD983V4X84;
				INFOPLIST_FILE = LightTest/Info.plist;
				LD_RUNPATH_SEARCH_PATHS = (
					"$(inherited)",
					"@executable_path/../Frameworks",
					"@loader_path/../Frameworks",
				);
				PRODUCT_BUNDLE_IDENTIFIER = com.BoringSoftware.LightTest;
				PRODUCT_NAME = "$(TARGET_NAME)";
				SWIFT_ACTIVE_COMPILATION_CONDITIONS = "RUN_LIGHT LIGHT_TEST";
				SWIFT_VERSION = 4.2;
				TEST_TARGET_NAME = LightDev;
			};
			name = Release;
		};
		D488FB9721EFC3000081B584 /* Debug */ = {
			isa = XCBuildConfiguration;
			buildSettings = {
				ALWAYS_SEARCH_USER_PATHS = NO;
				CLANG_ANALYZER_NONNULL = YES;
				CLANG_ANALYZER_NUMBER_OBJECT_CONVERSION = YES_AGGRESSIVE;
				CLANG_CXX_LANGUAGE_STANDARD = "gnu++14";
				CLANG_CXX_LIBRARY = "libc++";
				CLANG_ENABLE_MODULES = YES;
				CLANG_ENABLE_OBJC_ARC = YES;
				CLANG_ENABLE_OBJC_WEAK = YES;
				CLANG_WARN_BLOCK_CAPTURE_AUTORELEASING = YES;
				CLANG_WARN_BOOL_CONVERSION = YES;
				CLANG_WARN_COMMA = YES;
				CLANG_WARN_CONSTANT_CONVERSION = YES;
				CLANG_WARN_DEPRECATED_OBJC_IMPLEMENTATIONS = YES;
				CLANG_WARN_DIRECT_OBJC_ISA_USAGE = YES_ERROR;
				CLANG_WARN_DOCUMENTATION_COMMENTS = YES;
				CLANG_WARN_EMPTY_BODY = YES;
				CLANG_WARN_ENUM_CONVERSION = YES;
				CLANG_WARN_INFINITE_RECURSION = YES;
				CLANG_WARN_INT_CONVERSION = YES;
				CLANG_WARN_NON_LITERAL_NULL_CONVERSION = YES;
				CLANG_WARN_OBJC_IMPLICIT_RETAIN_SELF = YES;
				CLANG_WARN_OBJC_LITERAL_CONVERSION = YES;
				CLANG_WARN_OBJC_ROOT_CLASS = YES_ERROR;
				CLANG_WARN_RANGE_LOOP_ANALYSIS = YES;
				CLANG_WARN_STRICT_PROTOTYPES = YES;
				CLANG_WARN_SUSPICIOUS_MOVE = YES;
				CLANG_WARN_UNGUARDED_AVAILABILITY = YES_AGGRESSIVE;
				CLANG_WARN_UNREACHABLE_CODE = YES;
				CLANG_WARN__DUPLICATE_METHOD_MATCH = YES;
				CODE_SIGN_IDENTITY = "Mac Developer";
				COPY_PHASE_STRIP = NO;
				DEBUG_INFORMATION_FORMAT = dwarf;
				ENABLE_STRICT_OBJC_MSGSEND = YES;
				ENABLE_TESTABILITY = YES;
				GCC_C_LANGUAGE_STANDARD = gnu11;
				GCC_DYNAMIC_NO_PIC = NO;
				GCC_NO_COMMON_BLOCKS = YES;
				GCC_OPTIMIZATION_LEVEL = 0;
				GCC_PREPROCESSOR_DEFINITIONS = (
					"DEBUG=1",
					"$(inherited)",
				);
				GCC_WARN_64_TO_32_BIT_CONVERSION = YES;
				GCC_WARN_ABOUT_RETURN_TYPE = YES_ERROR;
				GCC_WARN_UNDECLARED_SELECTOR = YES;
				GCC_WARN_UNINITIALIZED_AUTOS = YES_AGGRESSIVE;
				GCC_WARN_UNUSED_FUNCTION = YES;
				GCC_WARN_UNUSED_VARIABLE = YES;
				MACOSX_DEPLOYMENT_TARGET = 10.14;
				MTL_ENABLE_DEBUG_INFO = INCLUDE_SOURCE;
				MTL_FAST_MATH = YES;
				ONLY_ACTIVE_ARCH = YES;
				SDKROOT = macosx;
				SWIFT_ACTIVE_COMPILATION_CONDITIONS = DEBUG;
				SWIFT_OPTIMIZATION_LEVEL = "-Onone";
			};
			name = Debug;
		};
		D488FB9821EFC3000081B584 /* Release */ = {
			isa = XCBuildConfiguration;
			buildSettings = {
				ALWAYS_SEARCH_USER_PATHS = NO;
				CLANG_ANALYZER_NONNULL = YES;
				CLANG_ANALYZER_NUMBER_OBJECT_CONVERSION = YES_AGGRESSIVE;
				CLANG_CXX_LANGUAGE_STANDARD = "gnu++14";
				CLANG_CXX_LIBRARY = "libc++";
				CLANG_ENABLE_MODULES = YES;
				CLANG_ENABLE_OBJC_ARC = YES;
				CLANG_ENABLE_OBJC_WEAK = YES;
				CLANG_WARN_BLOCK_CAPTURE_AUTORELEASING = YES;
				CLANG_WARN_BOOL_CONVERSION = YES;
				CLANG_WARN_COMMA = YES;
				CLANG_WARN_CONSTANT_CONVERSION = YES;
				CLANG_WARN_DEPRECATED_OBJC_IMPLEMENTATIONS = YES;
				CLANG_WARN_DIRECT_OBJC_ISA_USAGE = YES_ERROR;
				CLANG_WARN_DOCUMENTATION_COMMENTS = YES;
				CLANG_WARN_EMPTY_BODY = YES;
				CLANG_WARN_ENUM_CONVERSION = YES;
				CLANG_WARN_INFINITE_RECURSION = YES;
				CLANG_WARN_INT_CONVERSION = YES;
				CLANG_WARN_NON_LITERAL_NULL_CONVERSION = YES;
				CLANG_WARN_OBJC_IMPLICIT_RETAIN_SELF = YES;
				CLANG_WARN_OBJC_LITERAL_CONVERSION = YES;
				CLANG_WARN_OBJC_ROOT_CLASS = YES_ERROR;
				CLANG_WARN_RANGE_LOOP_ANALYSIS = YES;
				CLANG_WARN_STRICT_PROTOTYPES = YES;
				CLANG_WARN_SUSPICIOUS_MOVE = YES;
				CLANG_WARN_UNGUARDED_AVAILABILITY = YES_AGGRESSIVE;
				CLANG_WARN_UNREACHABLE_CODE = YES;
				CLANG_WARN__DUPLICATE_METHOD_MATCH = YES;
				CODE_SIGN_IDENTITY = "Mac Developer";
				COPY_PHASE_STRIP = NO;
				DEBUG_INFORMATION_FORMAT = "dwarf-with-dsym";
				ENABLE_NS_ASSERTIONS = NO;
				ENABLE_STRICT_OBJC_MSGSEND = YES;
				GCC_C_LANGUAGE_STANDARD = gnu11;
				GCC_NO_COMMON_BLOCKS = YES;
				GCC_WARN_64_TO_32_BIT_CONVERSION = YES;
				GCC_WARN_ABOUT_RETURN_TYPE = YES_ERROR;
				GCC_WARN_UNDECLARED_SELECTOR = YES;
				GCC_WARN_UNINITIALIZED_AUTOS = YES_AGGRESSIVE;
				GCC_WARN_UNUSED_FUNCTION = YES;
				GCC_WARN_UNUSED_VARIABLE = YES;
				MACOSX_DEPLOYMENT_TARGET = 10.14;
				MTL_ENABLE_DEBUG_INFO = NO;
				MTL_FAST_MATH = YES;
				SDKROOT = macosx;
				SWIFT_COMPILATION_MODE = wholemodule;
				SWIFT_OPTIMIZATION_LEVEL = "-O";
			};
			name = Release;
		};
		D488FB9A21EFC3000081B584 /* Debug */ = {
			isa = XCBuildConfiguration;
			buildSettings = {
				CODE_SIGN_STYLE = Automatic;
				DEVELOPMENT_TEAM = DD983V4X84;
				GCC_TREAT_WARNINGS_AS_ERRORS = YES;
				OTHER_SWIFT_FLAGS = "";
				PRODUCT_NAME = "$(TARGET_NAME)";
				SWIFT_ACTIVE_COMPILATION_CONDITIONS = DARK_PLAYGROUND;
				SWIFT_VERSION = 4.2;
			};
			name = Debug;
		};
		D488FB9B21EFC3000081B584 /* Release */ = {
			isa = XCBuildConfiguration;
			buildSettings = {
				CODE_SIGN_STYLE = Automatic;
				DEVELOPMENT_TEAM = DD983V4X84;
				GCC_TREAT_WARNINGS_AS_ERRORS = YES;
				OTHER_SWIFT_FLAGS = "";
				PRODUCT_NAME = "$(TARGET_NAME)";
				SWIFT_ACTIVE_COMPILATION_CONDITIONS = DARK_PLAYGROUND;
				SWIFT_VERSION = 4.2;
			};
			name = Release;
		};
		D4B9216221EFC62C0030FF8A /* Debug */ = {
			isa = XCBuildConfiguration;
			buildSettings = {
				CODE_SIGN_STYLE = Automatic;
				DEVELOPMENT_TEAM = DD983V4X84;
				PRODUCT_NAME = "$(TARGET_NAME)";
				SWIFT_ACTIVE_COMPILATION_CONDITIONS = "DARK_DEV RUN_DARK";
				SWIFT_VERSION = 4.2;
			};
			name = Debug;
		};
		D4B9216321EFC62C0030FF8A /* Release */ = {
			isa = XCBuildConfiguration;
			buildSettings = {
				CODE_SIGN_STYLE = Automatic;
				DEVELOPMENT_TEAM = DD983V4X84;
				PRODUCT_NAME = "$(TARGET_NAME)";
				SWIFT_ACTIVE_COMPILATION_CONDITIONS = "DARK_DEV RUN_DARK";
				SWIFT_VERSION = 4.2;
			};
			name = Release;
		};
		D4B9219221EFCB9A0030FF8A /* Debug */ = {
			isa = XCBuildConfiguration;
			buildSettings = {
				CODE_SIGN_STYLE = Automatic;
				COMBINE_HIDPI_IMAGES = YES;
				DEVELOPMENT_TEAM = DD983V4X84;
				INFOPLIST_FILE = DarkTest/DTGenome/Info.plist;
				LD_RUNPATH_SEARCH_PATHS = (
					"$(inherited)",
					"@executable_path/../Frameworks",
					"@loader_path/../Frameworks",
				);
				PRODUCT_BUNDLE_IDENTIFIER = com.BoringSoftware.DTGenome;
				PRODUCT_NAME = "$(TARGET_NAME)";
				SWIFT_ACTIVE_COMPILATION_CONDITIONS = "DT_GENOME RUN_DARK DARK_TEST";
				SWIFT_VERSION = 4.2;
			};
			name = Debug;
		};
		D4B9219321EFCB9A0030FF8A /* Release */ = {
			isa = XCBuildConfiguration;
			buildSettings = {
				CODE_SIGN_STYLE = Automatic;
				COMBINE_HIDPI_IMAGES = YES;
				DEVELOPMENT_TEAM = DD983V4X84;
				INFOPLIST_FILE = DarkTest/DTGenome/Info.plist;
				LD_RUNPATH_SEARCH_PATHS = (
					"$(inherited)",
					"@executable_path/../Frameworks",
					"@loader_path/../Frameworks",
				);
				PRODUCT_BUNDLE_IDENTIFIER = com.BoringSoftware.DTGenome;
				PRODUCT_NAME = "$(TARGET_NAME)";
				SWIFT_ACTIVE_COMPILATION_CONDITIONS = "DT_GENOME RUN_DARK DARK_TEST";
				SWIFT_VERSION = 4.2;
			};
			name = Release;
		};
		D4B921A321EFCD470030FF8A /* Debug */ = {
			isa = XCBuildConfiguration;
			buildSettings = {
				CLANG_ENABLE_MODULES = YES;
				CODE_SIGN_STYLE = Automatic;
				DEVELOPMENT_TEAM = DD983V4X84;
				LD_RUNPATH_SEARCH_PATHS = (
					"$(inherited)",
					"@executable_path/../Frameworks",
					"@loader_path/../Frameworks",
				);
				PRODUCT_NAME = "$(TARGET_NAME)";
				SWIFT_ACTIVE_COMPILATION_CONDITIONS = "DARK_TEST RUN_DARK";
				SWIFT_OPTIMIZATION_LEVEL = "-Onone";
				SWIFT_VERSION = 4.2;
			};
			name = Debug;
		};
		D4B921A421EFCD470030FF8A /* Release */ = {
			isa = XCBuildConfiguration;
			buildSettings = {
				CLANG_ENABLE_MODULES = YES;
				CODE_SIGN_STYLE = Automatic;
				DEVELOPMENT_TEAM = DD983V4X84;
				LD_RUNPATH_SEARCH_PATHS = (
					"$(inherited)",
					"@executable_path/../Frameworks",
					"@loader_path/../Frameworks",
				);
				PRODUCT_NAME = "$(TARGET_NAME)";
				SWIFT_ACTIVE_COMPILATION_CONDITIONS = "DARK_TEST RUN_DARK";
				SWIFT_VERSION = 4.2;
			};
			name = Release;
		};
/* End XCBuildConfiguration section */

/* Begin XCConfigurationList section */
		D481EA1721EFE39F00DD40CB /* Build configuration list for PBXNativeTarget "LightDev" */ = {
			isa = XCConfigurationList;
			buildConfigurations = (
				D481EA1821EFE39F00DD40CB /* Debug */,
				D481EA1921EFE39F00DD40CB /* Release */,
			);
			defaultConfigurationIsVisible = 0;
			defaultConfigurationName = Release;
		};
		D481EA3221EFE7F600DD40CB /* Build configuration list for PBXNativeTarget "LightPlayground" */ = {
			isa = XCConfigurationList;
			buildConfigurations = (
				D481EA3321EFE7F600DD40CB /* Debug */,
				D481EA3421EFE7F600DD40CB /* Release */,
			);
			defaultConfigurationIsVisible = 0;
			defaultConfigurationName = Release;
		};
		D481EA4021EFE88F00DD40CB /* Build configuration list for PBXNativeTarget "LightTest" */ = {
			isa = XCConfigurationList;
			buildConfigurations = (
				D481EA4121EFE88F00DD40CB /* Debug */,
				D481EA4221EFE88F00DD40CB /* Release */,
			);
			defaultConfigurationIsVisible = 0;
			defaultConfigurationName = Release;
		};
		D488FB8D21EFC2FF0081B584 /* Build configuration list for PBXProject "Arkonia" */ = {
			isa = XCConfigurationList;
			buildConfigurations = (
				D488FB9721EFC3000081B584 /* Debug */,
				D488FB9821EFC3000081B584 /* Release */,
			);
			defaultConfigurationIsVisible = 0;
			defaultConfigurationName = Release;
		};
		D488FB9921EFC3000081B584 /* Build configuration list for PBXNativeTarget "DarkPlayground" */ = {
			isa = XCConfigurationList;
			buildConfigurations = (
				D488FB9A21EFC3000081B584 /* Debug */,
				D488FB9B21EFC3000081B584 /* Release */,
			);
			defaultConfigurationIsVisible = 0;
			defaultConfigurationName = Release;
		};
		D4B9216121EFC62C0030FF8A /* Build configuration list for PBXNativeTarget "DarkDev" */ = {
			isa = XCConfigurationList;
			buildConfigurations = (
				D4B9216221EFC62C0030FF8A /* Debug */,
				D4B9216321EFC62C0030FF8A /* Release */,
			);
			defaultConfigurationIsVisible = 0;
			defaultConfigurationName = Release;
		};
		D4B9219121EFCB9A0030FF8A /* Build configuration list for PBXNativeTarget "DTGenome" */ = {
			isa = XCConfigurationList;
			buildConfigurations = (
				D4B9219221EFCB9A0030FF8A /* Debug */,
				D4B9219321EFCB9A0030FF8A /* Release */,
			);
			defaultConfigurationIsVisible = 0;
			defaultConfigurationName = Release;
		};
		D4B921A221EFCD470030FF8A /* Build configuration list for PBXNativeTarget "DarkTest" */ = {
			isa = XCConfigurationList;
			buildConfigurations = (
				D4B921A321EFCD470030FF8A /* Debug */,
				D4B921A421EFCD470030FF8A /* Release */,
			);
			defaultConfigurationIsVisible = 0;
			defaultConfigurationName = Release;
		};
/* End XCConfigurationList section */
	};
	rootObject = D488FB8A21EFC2FF0081B584 /* Project object */;
}
