// !$*UTF8*$!
{
	archiveVersion = 1;
	classes = {
	};
	objectVersion = 50;
	objects = {

/* Begin PBXBuildFile section */
		74AF392921FC8D9A0048A5AD /* KAppController.swift in Sources */ = {isa = PBXBuildFile; fileRef = 74AF392821FC8D9A0048A5AD /* KAppController.swift */; };
		D4143B4C21F976F30034E3C4 /* TLayer.swift in Sources */ = {isa = PBXBuildFile; fileRef = D4143B4821F976F30034E3C4 /* TLayer.swift */; };
		D4143B4E21F976F30034E3C4 /* TNet.swift in Sources */ = {isa = PBXBuildFile; fileRef = D4143B4A21F976F30034E3C4 /* TNet.swift */; };
		D4143B5921F97FBD0034E3C4 /* ActivatorFunctions.swift in Sources */ = {isa = PBXBuildFile; fileRef = D4143B5721F97FAA0034E3C4 /* ActivatorFunctions.swift */; };
		D4143B5A21F980750034E3C4 /* TNeuron.swift in Sources */ = {isa = PBXBuildFile; fileRef = D4143B4921F976F30034E3C4 /* TNeuron.swift */; };
		D4143B5C21F9809C0034E3C4 /* VTNeuron.swift in Sources */ = {isa = PBXBuildFile; fileRef = D4143B5B21F9809C0034E3C4 /* VTNeuron.swift */; };
		D4143B5D21F981B60034E3C4 /* UpConnector.swift in Sources */ = {isa = PBXBuildFile; fileRef = D4143B5221F97FAA0034E3C4 /* UpConnector.swift */; };
		D4143B9C21F9C86D0034E3C4 /* Extensions.swift in Sources */ = {isa = PBXBuildFile; fileRef = D451C3CE21F394D700212262 /* Extensions.swift */; };
		D4143B9E21F9E7510034E3C4 /* VSupport.swift in Sources */ = {isa = PBXBuildFile; fileRef = D4143B9D21F9E7510034E3C4 /* VSupport.swift */; };
		D4276A9121F3134700862802 /* main.swift in Sources */ = {isa = PBXBuildFile; fileRef = D4276A9021F3134700862802 /* main.swift */; };
		D4276A9D21F3143800862802 /* AppDelegate.swift in Sources */ = {isa = PBXBuildFile; fileRef = D4276A9C21F3143800862802 /* AppDelegate.swift */; };
		D4276A9F21F3143800862802 /* GameScene.sks in Resources */ = {isa = PBXBuildFile; fileRef = D4276A9E21F3143800862802 /* GameScene.sks */; };
		D4276AA121F3143800862802 /* Actions.sks in Resources */ = {isa = PBXBuildFile; fileRef = D4276AA021F3143800862802 /* Actions.sks */; };
		D4276AA321F3143800862802 /* GameScene.swift in Sources */ = {isa = PBXBuildFile; fileRef = D4276AA221F3143800862802 /* GameScene.swift */; };
		D4276AA721F3143900862802 /* Assets.xcassets in Resources */ = {isa = PBXBuildFile; fileRef = D4276AA621F3143900862802 /* Assets.xcassets */; };
		D4276AAA21F3143900862802 /* Main.storyboard in Resources */ = {isa = PBXBuildFile; fileRef = D4276AA821F3143900862802 /* Main.storyboard */; };
		D4276AEB21F3249100862802 /* ArkonCentral.swift in Sources */ = {isa = PBXBuildFile; fileRef = D4276AEA21F3249100862802 /* ArkonCentral.swift */; };
		D4276AEC21F3249100862802 /* ArkonCentral.swift in Sources */ = {isa = PBXBuildFile; fileRef = D4276AEA21F3249100862802 /* ArkonCentral.swift */; };
		D4276AED21F3249100862802 /* ArkonCentral.swift in Sources */ = {isa = PBXBuildFile; fileRef = D4276AEA21F3249100862802 /* ArkonCentral.swift */; };
		D4276AEE21F3249100862802 /* ArkonCentral.swift in Sources */ = {isa = PBXBuildFile; fileRef = D4276AEA21F3249100862802 /* ArkonCentral.swift */; };
		D4276B1521F32C0500862802 /* Main.storyboard in Resources */ = {isa = PBXBuildFile; fileRef = D4276B1321F32C0500862802 /* Main.storyboard */; };
		D4276B1B21F32C1A00862802 /* VDisplayTest.swift in Sources */ = {isa = PBXBuildFile; fileRef = D4276AE721F3239D00862802 /* VDisplayTest.swift */; };
		D4276B1D21F32C4000862802 /* SceneViewController.swift in Sources */ = {isa = PBXBuildFile; fileRef = D4276AE421F3226C00862802 /* SceneViewController.swift */; };
		D4276B1E21F32C4F00862802 /* VLayer.swift in Sources */ = {isa = PBXBuildFile; fileRef = D4276AF621F3262500862802 /* VLayer.swift */; };
		D4276B1F21F32C4F00862802 /* VNet.swift in Sources */ = {isa = PBXBuildFile; fileRef = D4276AF321F3262400862802 /* VNet.swift */; };
		D4276B2021F32C4F00862802 /* VNeuron.swift in Sources */ = {isa = PBXBuildFile; fileRef = D4276AF421F3262500862802 /* VNeuron.swift */; };
		D4276B2121F32C4F00862802 /* VProtocols.swift in Sources */ = {isa = PBXBuildFile; fileRef = D4276AF121F3262400862802 /* VProtocols.swift */; };
		D4276B2221F32C4F00862802 /* VSpacer.swift in Sources */ = {isa = PBXBuildFile; fileRef = D4276AF521F3262500862802 /* VSpacer.swift */; };
		D4276B2421F32C5B00862802 /* ArkonCentral.swift in Sources */ = {isa = PBXBuildFile; fileRef = D4276AEA21F3249100862802 /* ArkonCentral.swift */; };
		D4276B2521F32C5B00862802 /* KIdentifier.swift in Sources */ = {isa = PBXBuildFile; fileRef = D4276AFD21F3268900862802 /* KIdentifier.swift */; };
		D427B6FE21F55BC4003A9DBA /* VSignalDriver.swift in Sources */ = {isa = PBXBuildFile; fileRef = D427B6FD21F55BC4003A9DBA /* VSignalDriver.swift */; };
		D44ACD0021F887E000B9D339 /* KAppDelegate.swift in Sources */ = {isa = PBXBuildFile; fileRef = D44ACCFF21F887E000B9D339 /* KAppDelegate.swift */; };
		D451C3D121F3953800212262 /* CGConversions.swift in Sources */ = {isa = PBXBuildFile; fileRef = D451C3D021F3953800212262 /* CGConversions.swift */; };
		D451C3D321F3B3C200212262 /* CGConversions.swift in Sources */ = {isa = PBXBuildFile; fileRef = D451C3D021F3953800212262 /* CGConversions.swift */; };
		D451C3D521F3B9D200212262 /* VPortalServer.swift in Sources */ = {isa = PBXBuildFile; fileRef = D451C3D421F3B9D200212262 /* VPortalServer.swift */; };
		D45911DB21F3522400D87ED8 /* AppDelegate.swift in Sources */ = {isa = PBXBuildFile; fileRef = D45911DA21F3522400D87ED8 /* AppDelegate.swift */; };
		D45911DD21F3522400D87ED8 /* GameScene.sks in Resources */ = {isa = PBXBuildFile; fileRef = D45911DC21F3522400D87ED8 /* GameScene.sks */; };
		D45911E821F3522400D87ED8 /* Main.storyboard in Resources */ = {isa = PBXBuildFile; fileRef = D45911E621F3522400D87ED8 /* Main.storyboard */; };
		D45911EE21F352EE00D87ED8 /* Assets.xcassets in Resources */ = {isa = PBXBuildFile; fileRef = D4CE661521F3368D00B20CFA /* Assets.xcassets */; };
		D45911F621F3553A00D87ED8 /* ArkonCentral.swift in Sources */ = {isa = PBXBuildFile; fileRef = D4276AEA21F3249100862802 /* ArkonCentral.swift */; };
		D45911F721F3554000D87ED8 /* KIdentifier.swift in Sources */ = {isa = PBXBuildFile; fileRef = D4276AFD21F3268900862802 /* KIdentifier.swift */; };
		D45911FD21F358BC00D87ED8 /* VLayer.swift in Sources */ = {isa = PBXBuildFile; fileRef = D4276AF621F3262500862802 /* VLayer.swift */; };
		D45911FE21F358BC00D87ED8 /* VNet.swift in Sources */ = {isa = PBXBuildFile; fileRef = D4276AF321F3262400862802 /* VNet.swift */; };
		D45911FF21F358BC00D87ED8 /* VNeuron.swift in Sources */ = {isa = PBXBuildFile; fileRef = D4276AF421F3262500862802 /* VNeuron.swift */; };
		D459120021F358BC00D87ED8 /* VProtocols.swift in Sources */ = {isa = PBXBuildFile; fileRef = D4276AF121F3262400862802 /* VProtocols.swift */; };
		D459120121F358BC00D87ED8 /* VSpacer.swift in Sources */ = {isa = PBXBuildFile; fileRef = D4276AF521F3262500862802 /* VSpacer.swift */; };
		D45DC78921F3CB46002C9E8A /* VPortalServer.swift in Sources */ = {isa = PBXBuildFile; fileRef = D451C3D421F3B9D200212262 /* VPortalServer.swift */; };
		D4887B3F21F300CA00402420 /* main.swift in Sources */ = {isa = PBXBuildFile; fileRef = D4887B3E21F300CA00402420 /* main.swift */; };
		D4887B4C21F3037D00402420 /* DarkTest.swift in Sources */ = {isa = PBXBuildFile; fileRef = D4887B4B21F3037D00402420 /* DarkTest.swift */; };
		D4B953B921F8CCB7006305AD /* VDisplay.swift in Sources */ = {isa = PBXBuildFile; fileRef = D4B953B821F8CCB7006305AD /* VDisplay.swift */; };
		D4CE661621F336C600B20CFA /* Assets.xcassets in Resources */ = {isa = PBXBuildFile; fileRef = D4CE661521F3368D00B20CFA /* Assets.xcassets */; };
		D4CE661721F34B6800B20CFA /* Assets.xcassets in Resources */ = {isa = PBXBuildFile; fileRef = D4CE661521F3368D00B20CFA /* Assets.xcassets */; };
/* End PBXBuildFile section */

/* Begin PBXCopyFilesBuildPhase section */
		D4276A8C21F3134700862802 /* CopyFiles */ = {
			isa = PBXCopyFilesBuildPhase;
			buildActionMask = 2147483647;
			dstPath = /usr/share/man/man1/;
			dstSubfolderSpec = 0;
			files = (
			);
			runOnlyForDeploymentPostprocessing = 1;
		};
		D4887B3921F300CA00402420 /* CopyFiles */ = {
			isa = PBXCopyFilesBuildPhase;
			buildActionMask = 2147483647;
			dstPath = /usr/share/man/man1/;
			dstSubfolderSpec = 0;
			files = (
			);
			runOnlyForDeploymentPostprocessing = 1;
		};
/* End PBXCopyFilesBuildPhase section */

/* Begin PBXFileReference section */
		74AF392821FC8D9A0048A5AD /* KAppController.swift */ = {isa = PBXFileReference; lastKnownFileType = sourcecode.swift; path = KAppController.swift; sourceTree = "<group>"; };
		D4143B4721F976F30034E3C4 /* TDecoder.swift */ = {isa = PBXFileReference; fileEncoding = 4; lastKnownFileType = sourcecode.swift; path = TDecoder.swift; sourceTree = "<group>"; };
		D4143B4821F976F30034E3C4 /* TLayer.swift */ = {isa = PBXFileReference; fileEncoding = 4; lastKnownFileType = sourcecode.swift; path = TLayer.swift; sourceTree = "<group>"; };
		D4143B4921F976F30034E3C4 /* TNeuron.swift */ = {isa = PBXFileReference; fileEncoding = 4; lastKnownFileType = sourcecode.swift; path = TNeuron.swift; sourceTree = "<group>"; };
		D4143B4A21F976F30034E3C4 /* TNet.swift */ = {isa = PBXFileReference; fileEncoding = 4; lastKnownFileType = sourcecode.swift; path = TNet.swift; sourceTree = "<group>"; };
		D4143B5021F97E920034E3C4 /* KTNeuron.swift */ = {isa = PBXFileReference; lastKnownFileType = sourcecode.swift; path = KTNeuron.swift; sourceTree = "<group>"; };
		D4143B5221F97FAA0034E3C4 /* UpConnector.swift */ = {isa = PBXFileReference; lastKnownFileType = sourcecode.swift; path = UpConnector.swift; sourceTree = "<group>"; };
		D4143B5321F97FAA0034E3C4 /* Genome.swift */ = {isa = PBXFileReference; lastKnownFileType = sourcecode.swift; path = Genome.swift; sourceTree = "<group>"; };
		D4143B5421F97FAA0034E3C4 /* GenomeAdd.swift */ = {isa = PBXFileReference; lastKnownFileType = sourcecode.swift; path = GenomeAdd.swift; sourceTree = "<group>"; };
		D4143B5521F97FAA0034E3C4 /* Assembler.swift */ = {isa = PBXFileReference; lastKnownFileType = sourcecode.swift; path = Assembler.swift; sourceTree = "<group>"; };
		D4143B5621F97FAA0034E3C4 /* GenomeSubtract.swift */ = {isa = PBXFileReference; lastKnownFileType = sourcecode.swift; path = GenomeSubtract.swift; sourceTree = "<group>"; };
		D4143B5721F97FAA0034E3C4 /* ActivatorFunctions.swift */ = {isa = PBXFileReference; lastKnownFileType = sourcecode.swift; path = ActivatorFunctions.swift; sourceTree = "<group>"; };
		D4143B5821F97FAA0034E3C4 /* Gene.swift */ = {isa = PBXFileReference; lastKnownFileType = sourcecode.swift; path = Gene.swift; sourceTree = "<group>"; };
		D4143B5B21F9809C0034E3C4 /* VTNeuron.swift */ = {isa = PBXFileReference; lastKnownFileType = sourcecode.swift; path = VTNeuron.swift; sourceTree = "<group>"; };
		D4143B9D21F9E7510034E3C4 /* VSupport.swift */ = {isa = PBXFileReference; lastKnownFileType = sourcecode.swift; path = VSupport.swift; sourceTree = "<group>"; };
		D4276A8E21F3134700862802 /* DarkPlayground */ = {isa = PBXFileReference; explicitFileType = "compiled.mach-o.executable"; includeInIndex = 0; path = DarkPlayground; sourceTree = BUILT_PRODUCTS_DIR; };
		D4276A9021F3134700862802 /* main.swift */ = {isa = PBXFileReference; lastKnownFileType = sourcecode.swift; path = main.swift; sourceTree = "<group>"; };
		D4276A9A21F3143800862802 /* LightRun.app */ = {isa = PBXFileReference; explicitFileType = wrapper.application; includeInIndex = 0; path = LightRun.app; sourceTree = BUILT_PRODUCTS_DIR; };
		D4276A9C21F3143800862802 /* AppDelegate.swift */ = {isa = PBXFileReference; lastKnownFileType = sourcecode.swift; path = AppDelegate.swift; sourceTree = "<group>"; };
		D4276A9E21F3143800862802 /* GameScene.sks */ = {isa = PBXFileReference; lastKnownFileType = file.sks; path = GameScene.sks; sourceTree = "<group>"; };
		D4276AA021F3143800862802 /* Actions.sks */ = {isa = PBXFileReference; lastKnownFileType = file.sks; path = Actions.sks; sourceTree = "<group>"; };
		D4276AA221F3143800862802 /* GameScene.swift */ = {isa = PBXFileReference; lastKnownFileType = sourcecode.swift; path = GameScene.swift; sourceTree = "<group>"; };
		D4276AA621F3143900862802 /* Assets.xcassets */ = {isa = PBXFileReference; lastKnownFileType = folder.assetcatalog; path = Assets.xcassets; sourceTree = "<group>"; };
		D4276AA921F3143900862802 /* Base */ = {isa = PBXFileReference; lastKnownFileType = file.storyboard; name = Base; path = Base.lproj/Main.storyboard; sourceTree = "<group>"; };
		D4276AAB21F3143900862802 /* Info.plist */ = {isa = PBXFileReference; lastKnownFileType = text.plist.xml; path = Info.plist; sourceTree = "<group>"; };
		D4276AAC21F3143900862802 /* LightRun.entitlements */ = {isa = PBXFileReference; lastKnownFileType = text.plist.entitlements; path = LightRun.entitlements; sourceTree = "<group>"; };
		D4276AE421F3226C00862802 /* SceneViewController.swift */ = {isa = PBXFileReference; lastKnownFileType = sourcecode.swift; path = SceneViewController.swift; sourceTree = "<group>"; };
		D4276AE721F3239D00862802 /* VDisplayTest.swift */ = {isa = PBXFileReference; lastKnownFileType = sourcecode.swift; path = VDisplayTest.swift; sourceTree = "<group>"; };
		D4276AEA21F3249100862802 /* ArkonCentral.swift */ = {isa = PBXFileReference; lastKnownFileType = sourcecode.swift; path = ArkonCentral.swift; sourceTree = "<group>"; };
		D4276AF121F3262400862802 /* VProtocols.swift */ = {isa = PBXFileReference; fileEncoding = 4; lastKnownFileType = sourcecode.swift; path = VProtocols.swift; sourceTree = "<group>"; };
		D4276AF321F3262400862802 /* VNet.swift */ = {isa = PBXFileReference; fileEncoding = 4; lastKnownFileType = sourcecode.swift; path = VNet.swift; sourceTree = "<group>"; };
		D4276AF421F3262500862802 /* VNeuron.swift */ = {isa = PBXFileReference; fileEncoding = 4; lastKnownFileType = sourcecode.swift; path = VNeuron.swift; sourceTree = "<group>"; };
		D4276AF521F3262500862802 /* VSpacer.swift */ = {isa = PBXFileReference; fileEncoding = 4; lastKnownFileType = sourcecode.swift; path = VSpacer.swift; sourceTree = "<group>"; };
		D4276AF621F3262500862802 /* VLayer.swift */ = {isa = PBXFileReference; fileEncoding = 4; lastKnownFileType = sourcecode.swift; path = VLayer.swift; sourceTree = "<group>"; };
		D4276AFD21F3268900862802 /* KIdentifier.swift */ = {isa = PBXFileReference; lastKnownFileType = sourcecode.swift; path = KIdentifier.swift; sourceTree = "<group>"; };
		D4276B0521F32C0500862802 /* VisualizerTest.app */ = {isa = PBXFileReference; explicitFileType = wrapper.application; includeInIndex = 0; path = VisualizerTest.app; sourceTree = BUILT_PRODUCTS_DIR; };
		D4276B1421F32C0500862802 /* Base */ = {isa = PBXFileReference; lastKnownFileType = file.storyboard; name = Base; path = Base.lproj/Main.storyboard; sourceTree = "<group>"; };
		D4276B1621F32C0500862802 /* Info.plist */ = {isa = PBXFileReference; lastKnownFileType = text.plist.xml; path = Info.plist; sourceTree = "<group>"; };
		D4276B1721F32C0500862802 /* StressTest.entitlements */ = {isa = PBXFileReference; lastKnownFileType = text.plist.entitlements; path = StressTest.entitlements; sourceTree = "<group>"; };
		D427B6FD21F55BC4003A9DBA /* VSignalDriver.swift */ = {isa = PBXFileReference; lastKnownFileType = sourcecode.swift; path = VSignalDriver.swift; sourceTree = "<group>"; };
		D44ACCFF21F887E000B9D339 /* KAppDelegate.swift */ = {isa = PBXFileReference; fileEncoding = 4; lastKnownFileType = sourcecode.swift; path = KAppDelegate.swift; sourceTree = "<group>"; };
		D451C3CC21F38D3300212262 /* init.js */ = {isa = PBXFileReference; lastKnownFileType = sourcecode.javascript; path = init.js; sourceTree = "<group>"; };
		D451C3CD21F38D3300212262 /* klog.py */ = {isa = PBXFileReference; lastKnownFileType = text.script.python; path = klog.py; sourceTree = "<group>"; };
		D451C3CE21F394D700212262 /* Extensions.swift */ = {isa = PBXFileReference; lastKnownFileType = sourcecode.swift; path = Extensions.swift; sourceTree = "<group>"; };
		D451C3D021F3953800212262 /* CGConversions.swift */ = {isa = PBXFileReference; lastKnownFileType = sourcecode.swift; path = CGConversions.swift; sourceTree = "<group>"; };
		D451C3D421F3B9D200212262 /* VPortalServer.swift */ = {isa = PBXFileReference; lastKnownFileType = sourcecode.swift; path = VPortalServer.swift; sourceTree = "<group>"; };
		D45911D821F3522400D87ED8 /* NetcamTest.app */ = {isa = PBXFileReference; explicitFileType = wrapper.application; includeInIndex = 0; path = NetcamTest.app; sourceTree = BUILT_PRODUCTS_DIR; };
		D45911DA21F3522400D87ED8 /* AppDelegate.swift */ = {isa = PBXFileReference; lastKnownFileType = sourcecode.swift; path = AppDelegate.swift; sourceTree = "<group>"; };
		D45911DC21F3522400D87ED8 /* GameScene.sks */ = {isa = PBXFileReference; lastKnownFileType = file.sks; path = GameScene.sks; sourceTree = "<group>"; };
		D45911E721F3522400D87ED8 /* Base */ = {isa = PBXFileReference; lastKnownFileType = file.storyboard; name = Base; path = Base.lproj/Main.storyboard; sourceTree = "<group>"; };
		D45911E921F3522400D87ED8 /* Info.plist */ = {isa = PBXFileReference; lastKnownFileType = text.plist.xml; path = Info.plist; sourceTree = "<group>"; };
		D45911EA21F3522400D87ED8 /* NetcamTest.entitlements */ = {isa = PBXFileReference; lastKnownFileType = text.plist.entitlements; path = NetcamTest.entitlements; sourceTree = "<group>"; };
		D4887B3B21F300CA00402420 /* DarkRun */ = {isa = PBXFileReference; explicitFileType = "compiled.mach-o.executable"; includeInIndex = 0; path = DarkRun; sourceTree = BUILT_PRODUCTS_DIR; };
		D4887B3E21F300CA00402420 /* main.swift */ = {isa = PBXFileReference; lastKnownFileType = sourcecode.swift; path = main.swift; sourceTree = "<group>"; };
		D4887B4921F3037D00402420 /* DarkTest.xctest */ = {isa = PBXFileReference; explicitFileType = wrapper.cfbundle; includeInIndex = 0; path = DarkTest.xctest; sourceTree = BUILT_PRODUCTS_DIR; };
		D4887B4B21F3037D00402420 /* DarkTest.swift */ = {isa = PBXFileReference; lastKnownFileType = sourcecode.swift; path = DarkTest.swift; sourceTree = "<group>"; };
		D4887B4D21F3037D00402420 /* Info.plist */ = {isa = PBXFileReference; lastKnownFileType = text.plist.xml; path = Info.plist; sourceTree = "<group>"; };
		D4B953B821F8CCB7006305AD /* VDisplay.swift */ = {isa = PBXFileReference; lastKnownFileType = sourcecode.swift; path = VDisplay.swift; sourceTree = "<group>"; };
		D4CE661521F3368D00B20CFA /* Assets.xcassets */ = {isa = PBXFileReference; lastKnownFileType = folder.assetcatalog; path = Assets.xcassets; sourceTree = "<group>"; };
/* End PBXFileReference section */

/* Begin PBXFrameworksBuildPhase section */
		D4276A8B21F3134700862802 /* Frameworks */ = {
			isa = PBXFrameworksBuildPhase;
			buildActionMask = 2147483647;
			files = (
			);
			runOnlyForDeploymentPostprocessing = 0;
		};
		D4276A9721F3143800862802 /* Frameworks */ = {
			isa = PBXFrameworksBuildPhase;
			buildActionMask = 2147483647;
			files = (
			);
			runOnlyForDeploymentPostprocessing = 0;
		};
		D4276B0221F32C0500862802 /* Frameworks */ = {
			isa = PBXFrameworksBuildPhase;
			buildActionMask = 2147483647;
			files = (
			);
			runOnlyForDeploymentPostprocessing = 0;
		};
		D45911D521F3522400D87ED8 /* Frameworks */ = {
			isa = PBXFrameworksBuildPhase;
			buildActionMask = 2147483647;
			files = (
			);
			runOnlyForDeploymentPostprocessing = 0;
		};
		D4887B3821F300CA00402420 /* Frameworks */ = {
			isa = PBXFrameworksBuildPhase;
			buildActionMask = 2147483647;
			files = (
			);
			runOnlyForDeploymentPostprocessing = 0;
		};
		D4887B4621F3037D00402420 /* Frameworks */ = {
			isa = PBXFrameworksBuildPhase;
			buildActionMask = 2147483647;
			files = (
			);
			runOnlyForDeploymentPostprocessing = 0;
		};
/* End PBXFrameworksBuildPhase section */

/* Begin PBXGroup section */
		D4143B4621F975FF0034E3C4 /* Frame */ = {
			isa = PBXGroup;
			children = (
				D4143B4721F976F30034E3C4 /* TDecoder.swift */,
				D4143B4821F976F30034E3C4 /* TLayer.swift */,
				D4143B4A21F976F30034E3C4 /* TNet.swift */,
				D4143B4921F976F30034E3C4 /* TNeuron.swift */,
			);
			path = Frame;
			sourceTree = "<group>";
		};
		D4143B4F21F97E540034E3C4 /* Kinetics */ = {
			isa = PBXGroup;
			children = (
				D4143B5021F97E920034E3C4 /* KTNeuron.swift */,
			);
			path = Kinetics;
			sourceTree = "<group>";
		};
		D4143B5121F97EFD0034E3C4 /* Genome */ = {
			isa = PBXGroup;
			children = (
				D4143B5721F97FAA0034E3C4 /* ActivatorFunctions.swift */,
				D4143B5521F97FAA0034E3C4 /* Assembler.swift */,
				D4143B5821F97FAA0034E3C4 /* Gene.swift */,
				D4143B5321F97FAA0034E3C4 /* Genome.swift */,
				D4143B5421F97FAA0034E3C4 /* GenomeAdd.swift */,
				D4143B5621F97FAA0034E3C4 /* GenomeSubtract.swift */,
				D4143B5221F97FAA0034E3C4 /* UpConnector.swift */,
			);
			path = Genome;
			sourceTree = "<group>";
		};
		D4143BA121F9E7D20034E3C4 /* NSSupport */ = {
			isa = PBXGroup;
			children = (
				D44ACCFF21F887E000B9D339 /* KAppDelegate.swift */,
				74AF392821FC8D9A0048A5AD /* KAppController.swift */,
			);
			path = NSSupport;
			sourceTree = "<group>";
		};
		D4276A8F21F3134700862802 /* DarkPlayground */ = {
			isa = PBXGroup;
			children = (
				D4276A9021F3134700862802 /* main.swift */,
			);
			path = DarkPlayground;
			sourceTree = "<group>";
		};
		D4276A9B21F3143800862802 /* LightRun */ = {
			isa = PBXGroup;
			children = (
				D4276A9C21F3143800862802 /* AppDelegate.swift */,
				D4276A9E21F3143800862802 /* GameScene.sks */,
				D4276AA021F3143800862802 /* Actions.sks */,
				D4276AA221F3143800862802 /* GameScene.swift */,
				D4276AA621F3143900862802 /* Assets.xcassets */,
				D4276AA821F3143900862802 /* Main.storyboard */,
				D4276AAB21F3143900862802 /* Info.plist */,
				D4276AAC21F3143900862802 /* LightRun.entitlements */,
			);
			path = LightRun;
			sourceTree = "<group>";
		};
		D4276AB421F3143900862802 /* LightTest */ = {
			isa = PBXGroup;
			children = (
				D45911D921F3522400D87ED8 /* NetcamTest */,
				D4276B0621F32C0500862802 /* VisualizerTest */,
			);
			path = LightTest;
			sourceTree = "<group>";
		};
		D4276ACF21F31B3C00862802 /* Arkonia */ = {
			isa = PBXGroup;
			children = (
				D4276AE921F3240100862802 /* ArkonCentral */,
				D4276AD021F31B7800862802 /* Display */,
				D4143B4621F975FF0034E3C4 /* Frame */,
				D4143B5121F97EFD0034E3C4 /* Genome */,
				D4143B4F21F97E540034E3C4 /* Kinetics */,
			);
			path = Arkonia;
			sourceTree = "<group>";
		};
		D4276AD021F31B7800862802 /* Display */ = {
			isa = PBXGroup;
			children = (
				D4CE661521F3368D00B20CFA /* Assets.xcassets */,
				D4276AD121F31B8700862802 /* NSSupport */,
				D4276AE621F3235700862802 /* Test */,
				D4B953B821F8CCB7006305AD /* VDisplay.swift */,
				D4276AF621F3262500862802 /* VLayer.swift */,
				D4276AF321F3262400862802 /* VNet.swift */,
				D4276AF421F3262500862802 /* VNeuron.swift */,
				D451C3D421F3B9D200212262 /* VPortalServer.swift */,
				D4276AF121F3262400862802 /* VProtocols.swift */,
				D427B6FD21F55BC4003A9DBA /* VSignalDriver.swift */,
				D4276AF521F3262500862802 /* VSpacer.swift */,
				D4143B9D21F9E7510034E3C4 /* VSupport.swift */,
				D4143B5B21F9809C0034E3C4 /* VTNeuron.swift */,
			);
			path = Display;
			sourceTree = "<group>";
		};
		D4276AD121F31B8700862802 /* NSSupport */ = {
			isa = PBXGroup;
			children = (
				D4276AE421F3226C00862802 /* SceneViewController.swift */,
			);
			path = NSSupport;
			sourceTree = "<group>";
		};
		D4276AE621F3235700862802 /* Test */ = {
			isa = PBXGroup;
			children = (
				D4276AE721F3239D00862802 /* VDisplayTest.swift */,
			);
			path = Test;
			sourceTree = "<group>";
		};
		D4276AE921F3240100862802 /* ArkonCentral */ = {
			isa = PBXGroup;
			children = (
				D4143BA121F9E7D20034E3C4 /* NSSupport */,
				D4276AEA21F3249100862802 /* ArkonCentral.swift */,
				D451C3D021F3953800212262 /* CGConversions.swift */,
				D451C3CE21F394D700212262 /* Extensions.swift */,
				D4276AFD21F3268900862802 /* KIdentifier.swift */,
			);
			path = ArkonCentral;
			sourceTree = "<group>";
		};
		D4276B0621F32C0500862802 /* VisualizerTest */ = {
			isa = PBXGroup;
			children = (
				D4276B1321F32C0500862802 /* Main.storyboard */,
				D4276B1621F32C0500862802 /* Info.plist */,
				D4276B1721F32C0500862802 /* StressTest.entitlements */,
			);
			path = VisualizerTest;
			sourceTree = "<group>";
		};
		D451C3CB21F38CCF00212262 /* Support */ = {
			isa = PBXGroup;
			children = (
				D451C3CC21F38D3300212262 /* init.js */,
				D451C3CD21F38D3300212262 /* klog.py */,
			);
			path = Support;
			sourceTree = "<group>";
		};
		D45911D921F3522400D87ED8 /* NetcamTest */ = {
			isa = PBXGroup;
			children = (
				D45911DA21F3522400D87ED8 /* AppDelegate.swift */,
				D45911DC21F3522400D87ED8 /* GameScene.sks */,
				D45911E621F3522400D87ED8 /* Main.storyboard */,
				D45911E921F3522400D87ED8 /* Info.plist */,
				D45911EA21F3522400D87ED8 /* NetcamTest.entitlements */,
			);
			path = NetcamTest;
			sourceTree = "<group>";
		};
		D4887B3221F300CA00402420 = {
			isa = PBXGroup;
			children = (
				D4276ACF21F31B3C00862802 /* Arkonia */,
				D4887B3D21F300CA00402420 /* DarkRun */,
				D4276A8F21F3134700862802 /* DarkPlayground */,
				D4887B4A21F3037D00402420 /* DarkTest */,
				D4276A9B21F3143800862802 /* LightRun */,
				D4276AB421F3143900862802 /* LightTest */,
				D451C3CB21F38CCF00212262 /* Support */,
				D4887B3C21F300CA00402420 /* Products */,
			);
			sourceTree = "<group>";
		};
		D4887B3C21F300CA00402420 /* Products */ = {
			isa = PBXGroup;
			children = (
				D4887B3B21F300CA00402420 /* DarkRun */,
				D4887B4921F3037D00402420 /* DarkTest.xctest */,
				D4276A8E21F3134700862802 /* DarkPlayground */,
				D4276A9A21F3143800862802 /* LightRun.app */,
				D4276B0521F32C0500862802 /* VisualizerTest.app */,
				D45911D821F3522400D87ED8 /* NetcamTest.app */,
			);
			name = Products;
			sourceTree = "<group>";
		};
		D4887B3D21F300CA00402420 /* DarkRun */ = {
			isa = PBXGroup;
			children = (
				D4887B3E21F300CA00402420 /* main.swift */,
			);
			path = DarkRun;
			sourceTree = "<group>";
		};
		D4887B4A21F3037D00402420 /* DarkTest */ = {
			isa = PBXGroup;
			children = (
				D4887B4B21F3037D00402420 /* DarkTest.swift */,
				D4887B4D21F3037D00402420 /* Info.plist */,
			);
			path = DarkTest;
			sourceTree = "<group>";
		};
/* End PBXGroup section */

/* Begin PBXNativeTarget section */
		D4276A8D21F3134700862802 /* DarkPlayground */ = {
			isa = PBXNativeTarget;
			buildConfigurationList = D4276A9221F3134700862802 /* Build configuration list for PBXNativeTarget "DarkPlayground" */;
			buildPhases = (
				D4276A8A21F3134700862802 /* Sources */,
				D4276A8B21F3134700862802 /* Frameworks */,
				D4276A8C21F3134700862802 /* CopyFiles */,
			);
			buildRules = (
			);
			dependencies = (
			);
			name = DarkPlayground;
			productName = DarkPlayground;
			productReference = D4276A8E21F3134700862802 /* DarkPlayground */;
			productType = "com.apple.product-type.tool";
		};
		D4276A9921F3143800862802 /* LightRun */ = {
			isa = PBXNativeTarget;
			buildConfigurationList = D4276AB821F3143900862802 /* Build configuration list for PBXNativeTarget "LightRun" */;
			buildPhases = (
				D4276A9621F3143800862802 /* Sources */,
				D4276A9721F3143800862802 /* Frameworks */,
				D4276A9821F3143800862802 /* Resources */,
			);
			buildRules = (
			);
			dependencies = (
			);
			name = LightRun;
			productName = LightDev;
			productReference = D4276A9A21F3143800862802 /* LightRun.app */;
			productType = "com.apple.product-type.application";
		};
		D4276B0421F32C0500862802 /* VisualizerTest */ = {
			isa = PBXNativeTarget;
			buildConfigurationList = D4276B1821F32C0500862802 /* Build configuration list for PBXNativeTarget "VisualizerTest" */;
			buildPhases = (
				D4276B0121F32C0500862802 /* Sources */,
				D4276B0221F32C0500862802 /* Frameworks */,
				D4276B0321F32C0500862802 /* Resources */,
			);
			buildRules = (
			);
			dependencies = (
			);
			name = VisualizerTest;
			productName = StressTest;
			productReference = D4276B0521F32C0500862802 /* VisualizerTest.app */;
			productType = "com.apple.product-type.application";
		};
		D45911D721F3522400D87ED8 /* NetcamTest */ = {
			isa = PBXNativeTarget;
			buildConfigurationList = D45911EB21F3522400D87ED8 /* Build configuration list for PBXNativeTarget "NetcamTest" */;
			buildPhases = (
				D45911D421F3522400D87ED8 /* Sources */,
				D45911D521F3522400D87ED8 /* Frameworks */,
				D45911D621F3522400D87ED8 /* Resources */,
			);
			buildRules = (
			);
			dependencies = (
			);
			name = NetcamTest;
			productName = NetcamTest;
			productReference = D45911D821F3522400D87ED8 /* NetcamTest.app */;
			productType = "com.apple.product-type.application";
		};
		D4887B3A21F300CA00402420 /* DarkRun */ = {
			isa = PBXNativeTarget;
			buildConfigurationList = D4887B4221F300CA00402420 /* Build configuration list for PBXNativeTarget "DarkRun" */;
			buildPhases = (
				D4887B3721F300CA00402420 /* Sources */,
				D4887B3821F300CA00402420 /* Frameworks */,
				D4887B3921F300CA00402420 /* CopyFiles */,
			);
			buildRules = (
			);
			dependencies = (
			);
			name = DarkRun;
			productName = Arkonia;
			productReference = D4887B3B21F300CA00402420 /* DarkRun */;
			productType = "com.apple.product-type.tool";
		};
		D4887B4821F3037D00402420 /* DarkTest */ = {
			isa = PBXNativeTarget;
			buildConfigurationList = D4887B4E21F3037D00402420 /* Build configuration list for PBXNativeTarget "DarkTest" */;
			buildPhases = (
				D4887B4521F3037D00402420 /* Sources */,
				D4887B4621F3037D00402420 /* Frameworks */,
				D4887B4721F3037D00402420 /* Resources */,
			);
			buildRules = (
			);
			dependencies = (
			);
			name = DarkTest;
			productName = DarkTest;
			productReference = D4887B4921F3037D00402420 /* DarkTest.xctest */;
			productType = "com.apple.product-type.bundle.unit-test";
		};
/* End PBXNativeTarget section */

/* Begin PBXProject section */
		D4887B3321F300CA00402420 /* Project object */ = {
			isa = PBXProject;
			attributes = {
				LastSwiftUpdateCheck = 1010;
				LastUpgradeCheck = 1010;
				ORGANIZATIONNAME = "Rob Bishop";
				TargetAttributes = {
					D4276A8D21F3134700862802 = {
						CreatedOnToolsVersion = 10.1;
					};
					D4276A9921F3143800862802 = {
						CreatedOnToolsVersion = 10.1;
					};
					D4276B0421F32C0500862802 = {
						CreatedOnToolsVersion = 10.1;
					};
					D45911D721F3522400D87ED8 = {
						CreatedOnToolsVersion = 10.1;
					};
					D4887B3A21F300CA00402420 = {
						CreatedOnToolsVersion = 10.1;
					};
					D4887B4821F3037D00402420 = {
						CreatedOnToolsVersion = 10.1;
					};
				};
			};
			buildConfigurationList = D4887B3621F300CA00402420 /* Build configuration list for PBXProject "Arkonia" */;
			compatibilityVersion = "Xcode 9.3";
			developmentRegion = en;
			hasScannedForEncodings = 0;
			knownRegions = (
				en,
				Base,
			);
			mainGroup = D4887B3221F300CA00402420;
			productRefGroup = D4887B3C21F300CA00402420 /* Products */;
			projectDirPath = "";
			projectRoot = "";
			targets = (
				D4887B3A21F300CA00402420 /* DarkRun */,
				D4276A8D21F3134700862802 /* DarkPlayground */,
				D4887B4821F3037D00402420 /* DarkTest */,
				D4276A9921F3143800862802 /* LightRun */,
				D4276B0421F32C0500862802 /* VisualizerTest */,
				D45911D721F3522400D87ED8 /* NetcamTest */,
			);
		};
/* End PBXProject section */

/* Begin PBXResourcesBuildPhase section */
		D4276A9821F3143800862802 /* Resources */ = {
			isa = PBXResourcesBuildPhase;
			buildActionMask = 2147483647;
			files = (
				D4276A9F21F3143800862802 /* GameScene.sks in Resources */,
				D4276AA721F3143900862802 /* Assets.xcassets in Resources */,
				D4276AA121F3143800862802 /* Actions.sks in Resources */,
				D4276AAA21F3143900862802 /* Main.storyboard in Resources */,
				D4CE661721F34B6800B20CFA /* Assets.xcassets in Resources */,
			);
			runOnlyForDeploymentPostprocessing = 0;
		};
		D4276B0321F32C0500862802 /* Resources */ = {
			isa = PBXResourcesBuildPhase;
			buildActionMask = 2147483647;
			files = (
				D4276B1521F32C0500862802 /* Main.storyboard in Resources */,
				D4CE661621F336C600B20CFA /* Assets.xcassets in Resources */,
			);
			runOnlyForDeploymentPostprocessing = 0;
		};
		D45911D621F3522400D87ED8 /* Resources */ = {
			isa = PBXResourcesBuildPhase;
			buildActionMask = 2147483647;
			files = (
				D45911DD21F3522400D87ED8 /* GameScene.sks in Resources */,
				D45911EE21F352EE00D87ED8 /* Assets.xcassets in Resources */,
				D45911E821F3522400D87ED8 /* Main.storyboard in Resources */,
			);
			runOnlyForDeploymentPostprocessing = 0;
		};
		D4887B4721F3037D00402420 /* Resources */ = {
			isa = PBXResourcesBuildPhase;
			buildActionMask = 2147483647;
			files = (
			);
			runOnlyForDeploymentPostprocessing = 0;
		};
/* End PBXResourcesBuildPhase section */

/* Begin PBXSourcesBuildPhase section */
		D4276A8A21F3134700862802 /* Sources */ = {
			isa = PBXSourcesBuildPhase;
			buildActionMask = 2147483647;
			files = (
				D4276A9121F3134700862802 /* main.swift in Sources */,
				D4276AEC21F3249100862802 /* ArkonCentral.swift in Sources */,
			);
			runOnlyForDeploymentPostprocessing = 0;
		};
		D4276A9621F3143800862802 /* Sources */ = {
			isa = PBXSourcesBuildPhase;
			buildActionMask = 2147483647;
			files = (
				D4276AEE21F3249100862802 /* ArkonCentral.swift in Sources */,
				D4276AA321F3143800862802 /* GameScene.swift in Sources */,
				D4276A9D21F3143800862802 /* AppDelegate.swift in Sources */,
			);
			runOnlyForDeploymentPostprocessing = 0;
		};
		D4276B0121F32C0500862802 /* Sources */ = {
			isa = PBXSourcesBuildPhase;
			buildActionMask = 2147483647;
			files = (
				D4276B1E21F32C4F00862802 /* VLayer.swift in Sources */,
				D4276B2421F32C5B00862802 /* ArkonCentral.swift in Sources */,
				D4143B5C21F9809C0034E3C4 /* VTNeuron.swift in Sources */,
				D427B6FE21F55BC4003A9DBA /* VSignalDriver.swift in Sources */,
				D4143B5D21F981B60034E3C4 /* UpConnector.swift in Sources */,
				D4276B1D21F32C4000862802 /* SceneViewController.swift in Sources */,
				D4143B9E21F9E7510034E3C4 /* VSupport.swift in Sources */,
				D4B953B921F8CCB7006305AD /* VDisplay.swift in Sources */,
				D4276B1F21F32C4F00862802 /* VNet.swift in Sources */,
				D451C3D321F3B3C200212262 /* CGConversions.swift in Sources */,
				D4143B9C21F9C86D0034E3C4 /* Extensions.swift in Sources */,
				D4143B5921F97FBD0034E3C4 /* ActivatorFunctions.swift in Sources */,
				D45DC78921F3CB46002C9E8A /* VPortalServer.swift in Sources */,
				D4143B4E21F976F30034E3C4 /* TNet.swift in Sources */,
				D4276B1B21F32C1A00862802 /* VDisplayTest.swift in Sources */,
				D4276B2521F32C5B00862802 /* KIdentifier.swift in Sources */,
				D4276B2121F32C4F00862802 /* VProtocols.swift in Sources */,
				D4276B2021F32C4F00862802 /* VNeuron.swift in Sources */,
				D4276B2221F32C4F00862802 /* VSpacer.swift in Sources */,
				D4143B4C21F976F30034E3C4 /* TLayer.swift in Sources */,
				D44ACD0021F887E000B9D339 /* KAppDelegate.swift in Sources */,
				D4143B5A21F980750034E3C4 /* TNeuron.swift in Sources */,
				74AF392921FC8D9A0048A5AD /* KAppController.swift in Sources */,
			);
			runOnlyForDeploymentPostprocessing = 0;
		};
		D45911D421F3522400D87ED8 /* Sources */ = {
			isa = PBXSourcesBuildPhase;
			buildActionMask = 2147483647;
			files = (
				D45911DB21F3522400D87ED8 /* AppDelegate.swift in Sources */,
				D45911FD21F358BC00D87ED8 /* VLayer.swift in Sources */,
				D451C3D121F3953800212262 /* CGConversions.swift in Sources */,
				D451C3D521F3B9D200212262 /* VPortalServer.swift in Sources */,
				D45911FF21F358BC00D87ED8 /* VNeuron.swift in Sources */,
				D45911FE21F358BC00D87ED8 /* VNet.swift in Sources */,
				D459120121F358BC00D87ED8 /* VSpacer.swift in Sources */,
				D45911F721F3554000D87ED8 /* KIdentifier.swift in Sources */,
				D459120021F358BC00D87ED8 /* VProtocols.swift in Sources */,
				D45911F621F3553A00D87ED8 /* ArkonCentral.swift in Sources */,
			);
			runOnlyForDeploymentPostprocessing = 0;
		};
		D4887B3721F300CA00402420 /* Sources */ = {
			isa = PBXSourcesBuildPhase;
			buildActionMask = 2147483647;
			files = (
				D4887B3F21F300CA00402420 /* main.swift in Sources */,
				D4276AEB21F3249100862802 /* ArkonCentral.swift in Sources */,
			);
			runOnlyForDeploymentPostprocessing = 0;
		};
		D4887B4521F3037D00402420 /* Sources */ = {
			isa = PBXSourcesBuildPhase;
			buildActionMask = 2147483647;
			files = (
				D4887B4C21F3037D00402420 /* DarkTest.swift in Sources */,
				D4276AED21F3249100862802 /* ArkonCentral.swift in Sources */,
			);
			runOnlyForDeploymentPostprocessing = 0;
		};
/* End PBXSourcesBuildPhase section */

/* Begin PBXVariantGroup section */
		D4276AA821F3143900862802 /* Main.storyboard */ = {
			isa = PBXVariantGroup;
			children = (
				D4276AA921F3143900862802 /* Base */,
			);
			name = Main.storyboard;
			sourceTree = "<group>";
		};
		D4276B1321F32C0500862802 /* Main.storyboard */ = {
			isa = PBXVariantGroup;
			children = (
				D4276B1421F32C0500862802 /* Base */,
			);
			name = Main.storyboard;
			sourceTree = "<group>";
		};
		D45911E621F3522400D87ED8 /* Main.storyboard */ = {
			isa = PBXVariantGroup;
			children = (
				D45911E721F3522400D87ED8 /* Base */,
			);
			name = Main.storyboard;
			sourceTree = "<group>";
		};
/* End PBXVariantGroup section */

/* Begin XCBuildConfiguration section */
		D4276A9321F3134700862802 /* Debug */ = {
			isa = XCBuildConfiguration;
			buildSettings = {
				CODE_SIGN_STYLE = Automatic;
				DEVELOPMENT_TEAM = DD983V4X84;
				PRODUCT_NAME = "$(TARGET_NAME)";
				SWIFT_VERSION = 4.2;
			};
			name = Debug;
		};
		D4276A9521F3134700862802 /* Release */ = {
			isa = XCBuildConfiguration;
			buildSettings = {
				CODE_SIGN_STYLE = Automatic;
				DEVELOPMENT_TEAM = DD983V4X84;
				PRODUCT_NAME = "$(TARGET_NAME)";
				SWIFT_VERSION = 4.2;
			};
			name = Release;
		};
		D4276AB921F3143900862802 /* Debug */ = {
			isa = XCBuildConfiguration;
			buildSettings = {
				ASSETCATALOG_COMPILER_APPICON_NAME = AppIcon;
				CODE_SIGN_ENTITLEMENTS = LightRun/LightRun.entitlements;
				CODE_SIGN_STYLE = Automatic;
				COMBINE_HIDPI_IMAGES = YES;
				DEVELOPMENT_TEAM = DD983V4X84;
				INFOPLIST_FILE = LightRun/Info.plist;
				LD_RUNPATH_SEARCH_PATHS = (
					"$(inherited)",
					"@executable_path/../Frameworks",
				);
				PRODUCT_BUNDLE_IDENTIFIER = com.BoringSoftware.LightDev;
				PRODUCT_NAME = "$(TARGET_NAME)";
				SWIFT_VERSION = 4.2;
			};
			name = Debug;
		};
		D4276ABB21F3143900862802 /* Release */ = {
			isa = XCBuildConfiguration;
			buildSettings = {
				ASSETCATALOG_COMPILER_APPICON_NAME = AppIcon;
				CODE_SIGN_ENTITLEMENTS = LightRun/LightRun.entitlements;
				CODE_SIGN_STYLE = Automatic;
				COMBINE_HIDPI_IMAGES = YES;
				DEVELOPMENT_TEAM = DD983V4X84;
				INFOPLIST_FILE = LightRun/Info.plist;
				LD_RUNPATH_SEARCH_PATHS = (
					"$(inherited)",
					"@executable_path/../Frameworks",
				);
				PRODUCT_BUNDLE_IDENTIFIER = com.BoringSoftware.LightDev;
				PRODUCT_NAME = "$(TARGET_NAME)";
				SWIFT_VERSION = 4.2;
			};
			name = Release;
		};
		D4276B1921F32C0500862802 /* Debug */ = {
			isa = XCBuildConfiguration;
			buildSettings = {
				ASSETCATALOG_COMPILER_APPICON_NAME = AppIcon;
				CODE_SIGN_ENTITLEMENTS = LightTest/VisualizerTest/StressTest.entitlements;
				CODE_SIGN_STYLE = Automatic;
				COMBINE_HIDPI_IMAGES = YES;
				DEVELOPMENT_TEAM = DD983V4X84;
				INFOPLIST_FILE = LightTest/VisualizerTest/Info.plist;
				LD_RUNPATH_SEARCH_PATHS = (
					"$(inherited)",
					"@executable_path/../Frameworks",
				);
				PRODUCT_BUNDLE_IDENTIFIER = com.BoringSoftware.StressTest;
				PRODUCT_NAME = "$(TARGET_NAME)";
				SWIFT_VERSION = 4.2;
			};
			name = Debug;
		};
		D4276B1A21F32C0500862802 /* Release */ = {
			isa = XCBuildConfiguration;
			buildSettings = {
				ASSETCATALOG_COMPILER_APPICON_NAME = AppIcon;
				CODE_SIGN_ENTITLEMENTS = LightTest/VisualizerTest/StressTest.entitlements;
				CODE_SIGN_STYLE = Automatic;
				COMBINE_HIDPI_IMAGES = YES;
				DEVELOPMENT_TEAM = DD983V4X84;
				INFOPLIST_FILE = LightTest/VisualizerTest/Info.plist;
				LD_RUNPATH_SEARCH_PATHS = (
					"$(inherited)",
					"@executable_path/../Frameworks",
				);
				PRODUCT_BUNDLE_IDENTIFIER = com.BoringSoftware.StressTest;
				PRODUCT_NAME = "$(TARGET_NAME)";
				SWIFT_VERSION = 4.2;
			};
			name = Release;
		};
		D45911EC21F3522400D87ED8 /* Debug */ = {
			isa = XCBuildConfiguration;
			buildSettings = {
				ASSETCATALOG_COMPILER_APPICON_NAME = AppIcon;
				CLANG_ANALYZER_GCD_PERFORMANCE = YES;
				CODE_SIGN_ENTITLEMENTS = LightTest/NetcamTest/NetcamTest.entitlements;
				CODE_SIGN_STYLE = Automatic;
				COMBINE_HIDPI_IMAGES = YES;
				DEVELOPMENT_TEAM = DD983V4X84;
				INFOPLIST_FILE = LightTest/NetcamTest/Info.plist;
				LD_RUNPATH_SEARCH_PATHS = (
					"$(inherited)",
					"@executable_path/../Frameworks",
				);
				PRODUCT_BUNDLE_IDENTIFIER = com.BoringSoftware.NetcamTest;
				PRODUCT_NAME = "$(TARGET_NAME)";
				SWIFT_VERSION = 4.2;
			};
			name = Debug;
		};
		D45911ED21F3522400D87ED8 /* Release */ = {
			isa = XCBuildConfiguration;
			buildSettings = {
				ASSETCATALOG_COMPILER_APPICON_NAME = AppIcon;
				CLANG_ANALYZER_GCD_PERFORMANCE = YES;
				CODE_SIGN_ENTITLEMENTS = LightTest/NetcamTest/NetcamTest.entitlements;
				CODE_SIGN_STYLE = Automatic;
				COMBINE_HIDPI_IMAGES = YES;
				DEVELOPMENT_TEAM = DD983V4X84;
				INFOPLIST_FILE = LightTest/NetcamTest/Info.plist;
				LD_RUNPATH_SEARCH_PATHS = (
					"$(inherited)",
					"@executable_path/../Frameworks",
				);
				PRODUCT_BUNDLE_IDENTIFIER = com.BoringSoftware.NetcamTest;
				PRODUCT_NAME = "$(TARGET_NAME)";
				SWIFT_VERSION = 4.2;
			};
			name = Release;
		};
		D4887B4021F300CA00402420 /* Debug */ = {
			isa = XCBuildConfiguration;
			buildSettings = {
				ALWAYS_SEARCH_USER_PATHS = NO;
				CLANG_ANALYZER_NONNULL = YES;
				CLANG_ANALYZER_NUMBER_OBJECT_CONVERSION = YES_AGGRESSIVE;
				CLANG_CXX_LANGUAGE_STANDARD = "gnu++14";
				CLANG_CXX_LIBRARY = "libc++";
				CLANG_ENABLE_MODULES = YES;
				CLANG_ENABLE_OBJC_ARC = YES;
				CLANG_ENABLE_OBJC_WEAK = YES;
				CLANG_WARN_BLOCK_CAPTURE_AUTORELEASING = YES;
				CLANG_WARN_BOOL_CONVERSION = YES;
				CLANG_WARN_COMMA = YES;
				CLANG_WARN_CONSTANT_CONVERSION = YES;
				CLANG_WARN_DEPRECATED_OBJC_IMPLEMENTATIONS = YES;
				CLANG_WARN_DIRECT_OBJC_ISA_USAGE = YES_ERROR;
				CLANG_WARN_DOCUMENTATION_COMMENTS = YES;
				CLANG_WARN_EMPTY_BODY = YES;
				CLANG_WARN_ENUM_CONVERSION = YES;
				CLANG_WARN_INFINITE_RECURSION = YES;
				CLANG_WARN_INT_CONVERSION = YES;
				CLANG_WARN_NON_LITERAL_NULL_CONVERSION = YES;
				CLANG_WARN_OBJC_IMPLICIT_RETAIN_SELF = YES;
				CLANG_WARN_OBJC_LITERAL_CONVERSION = YES;
				CLANG_WARN_OBJC_ROOT_CLASS = YES_ERROR;
				CLANG_WARN_RANGE_LOOP_ANALYSIS = YES;
				CLANG_WARN_STRICT_PROTOTYPES = YES;
				CLANG_WARN_SUSPICIOUS_MOVE = YES;
				CLANG_WARN_UNGUARDED_AVAILABILITY = YES_AGGRESSIVE;
				CLANG_WARN_UNREACHABLE_CODE = YES;
				CLANG_WARN__DUPLICATE_METHOD_MATCH = YES;
				CODE_SIGN_IDENTITY = "Mac Developer";
				COPY_PHASE_STRIP = NO;
				DEBUG_INFORMATION_FORMAT = dwarf;
				ENABLE_STRICT_OBJC_MSGSEND = YES;
				ENABLE_TESTABILITY = YES;
				GCC_C_LANGUAGE_STANDARD = gnu11;
				GCC_DYNAMIC_NO_PIC = NO;
				GCC_NO_COMMON_BLOCKS = YES;
				GCC_OPTIMIZATION_LEVEL = 0;
				GCC_PREPROCESSOR_DEFINITIONS = (
					"DEBUG=1",
					"$(inherited)",
				);
				GCC_WARN_64_TO_32_BIT_CONVERSION = YES;
				GCC_WARN_ABOUT_RETURN_TYPE = YES_ERROR;
				GCC_WARN_UNDECLARED_SELECTOR = YES;
				GCC_WARN_UNINITIALIZED_AUTOS = YES_AGGRESSIVE;
				GCC_WARN_UNUSED_FUNCTION = YES;
				GCC_WARN_UNUSED_VARIABLE = YES;
				MACOSX_DEPLOYMENT_TARGET = 10.13;
				MTL_ENABLE_DEBUG_INFO = INCLUDE_SOURCE;
				MTL_FAST_MATH = YES;
				ONLY_ACTIVE_ARCH = YES;
				SDKROOT = macosx;
				SWIFT_ACTIVE_COMPILATION_CONDITIONS = DEBUG;
				SWIFT_OPTIMIZATION_LEVEL = "-Onone";
				SWIFT_TREAT_WARNINGS_AS_ERRORS = YES;
			};
			name = Debug;
		};
		D4887B4121F300CA00402420 /* Release */ = {
			isa = XCBuildConfiguration;
			buildSettings = {
				ALWAYS_SEARCH_USER_PATHS = NO;
				CLANG_ANALYZER_NONNULL = YES;
				CLANG_ANALYZER_NUMBER_OBJECT_CONVERSION = YES_AGGRESSIVE;
				CLANG_CXX_LANGUAGE_STANDARD = "gnu++14";
				CLANG_CXX_LIBRARY = "libc++";
				CLANG_ENABLE_MODULES = YES;
				CLANG_ENABLE_OBJC_ARC = YES;
				CLANG_ENABLE_OBJC_WEAK = YES;
				CLANG_WARN_BLOCK_CAPTURE_AUTORELEASING = YES;
				CLANG_WARN_BOOL_CONVERSION = YES;
				CLANG_WARN_COMMA = YES;
				CLANG_WARN_CONSTANT_CONVERSION = YES;
				CLANG_WARN_DEPRECATED_OBJC_IMPLEMENTATIONS = YES;
				CLANG_WARN_DIRECT_OBJC_ISA_USAGE = YES_ERROR;
				CLANG_WARN_DOCUMENTATION_COMMENTS = YES;
				CLANG_WARN_EMPTY_BODY = YES;
				CLANG_WARN_ENUM_CONVERSION = YES;
				CLANG_WARN_INFINITE_RECURSION = YES;
				CLANG_WARN_INT_CONVERSION = YES;
				CLANG_WARN_NON_LITERAL_NULL_CONVERSION = YES;
				CLANG_WARN_OBJC_IMPLICIT_RETAIN_SELF = YES;
				CLANG_WARN_OBJC_LITERAL_CONVERSION = YES;
				CLANG_WARN_OBJC_ROOT_CLASS = YES_ERROR;
				CLANG_WARN_RANGE_LOOP_ANALYSIS = YES;
				CLANG_WARN_STRICT_PROTOTYPES = YES;
				CLANG_WARN_SUSPICIOUS_MOVE = YES;
				CLANG_WARN_UNGUARDED_AVAILABILITY = YES_AGGRESSIVE;
				CLANG_WARN_UNREACHABLE_CODE = YES;
				CLANG_WARN__DUPLICATE_METHOD_MATCH = YES;
				CODE_SIGN_IDENTITY = "Mac Developer";
				COPY_PHASE_STRIP = NO;
				DEBUG_INFORMATION_FORMAT = "dwarf-with-dsym";
				ENABLE_NS_ASSERTIONS = NO;
				ENABLE_STRICT_OBJC_MSGSEND = YES;
				GCC_C_LANGUAGE_STANDARD = gnu11;
				GCC_NO_COMMON_BLOCKS = YES;
				GCC_WARN_64_TO_32_BIT_CONVERSION = YES;
				GCC_WARN_ABOUT_RETURN_TYPE = YES_ERROR;
				GCC_WARN_UNDECLARED_SELECTOR = YES;
				GCC_WARN_UNINITIALIZED_AUTOS = YES_AGGRESSIVE;
				GCC_WARN_UNUSED_FUNCTION = YES;
				GCC_WARN_UNUSED_VARIABLE = YES;
				MACOSX_DEPLOYMENT_TARGET = 10.13;
				MTL_ENABLE_DEBUG_INFO = NO;
				MTL_FAST_MATH = YES;
				SDKROOT = macosx;
				SWIFT_COMPILATION_MODE = wholemodule;
				SWIFT_OPTIMIZATION_LEVEL = "-O";
				SWIFT_TREAT_WARNINGS_AS_ERRORS = YES;
			};
			name = Release;
		};
		D4887B4321F300CA00402420 /* Debug */ = {
			isa = XCBuildConfiguration;
			buildSettings = {
				CODE_SIGN_STYLE = Automatic;
				DEVELOPMENT_TEAM = DD983V4X84;
				PRODUCT_NAME = "$(TARGET_NAME)";
				SWIFT_VERSION = 4.2;
			};
			name = Debug;
		};
		D4887B4421F300CA00402420 /* Release */ = {
			isa = XCBuildConfiguration;
			buildSettings = {
				CODE_SIGN_STYLE = Automatic;
				DEVELOPMENT_TEAM = DD983V4X84;
				PRODUCT_NAME = "$(TARGET_NAME)";
				SWIFT_VERSION = 4.2;
			};
			name = Release;
		};
		D4887B4F21F3037D00402420 /* Debug */ = {
			isa = XCBuildConfiguration;
			buildSettings = {
				CODE_SIGN_STYLE = Automatic;
				COMBINE_HIDPI_IMAGES = YES;
				DEVELOPMENT_TEAM = DD983V4X84;
				INFOPLIST_FILE = DarkTest/Info.plist;
				LD_RUNPATH_SEARCH_PATHS = (
					"$(inherited)",
					"@executable_path/../Frameworks",
					"@loader_path/../Frameworks",
				);
				PRODUCT_BUNDLE_IDENTIFIER = com.BoringSoftware.DarkTest;
				PRODUCT_NAME = "$(TARGET_NAME)";
				SWIFT_VERSION = 4.2;
			};
			name = Debug;
		};
		D4887B5021F3037D00402420 /* Release */ = {
			isa = XCBuildConfiguration;
			buildSettings = {
				CODE_SIGN_STYLE = Automatic;
				COMBINE_HIDPI_IMAGES = YES;
				DEVELOPMENT_TEAM = DD983V4X84;
				INFOPLIST_FILE = DarkTest/Info.plist;
				LD_RUNPATH_SEARCH_PATHS = (
					"$(inherited)",
					"@executable_path/../Frameworks",
					"@loader_path/../Frameworks",
				);
				PRODUCT_BUNDLE_IDENTIFIER = com.BoringSoftware.DarkTest;
				PRODUCT_NAME = "$(TARGET_NAME)";
				SWIFT_VERSION = 4.2;
			};
			name = Release;
		};
/* End XCBuildConfiguration section */

/* Begin XCConfigurationList section */
		D4276A9221F3134700862802 /* Build configuration list for PBXNativeTarget "DarkPlayground" */ = {
			isa = XCConfigurationList;
			buildConfigurations = (
				D4276A9321F3134700862802 /* Debug */,
				D4276A9521F3134700862802 /* Release */,
			);
			defaultConfigurationIsVisible = 0;
			defaultConfigurationName = Release;
		};
		D4276AB821F3143900862802 /* Build configuration list for PBXNativeTarget "LightRun" */ = {
			isa = XCConfigurationList;
			buildConfigurations = (
				D4276AB921F3143900862802 /* Debug */,
				D4276ABB21F3143900862802 /* Release */,
			);
			defaultConfigurationIsVisible = 0;
			defaultConfigurationName = Release;
		};
		D4276B1821F32C0500862802 /* Build configuration list for PBXNativeTarget "VisualizerTest" */ = {
			isa = XCConfigurationList;
			buildConfigurations = (
				D4276B1921F32C0500862802 /* Debug */,
				D4276B1A21F32C0500862802 /* Release */,
			);
			defaultConfigurationIsVisible = 0;
			defaultConfigurationName = Release;
		};
		D45911EB21F3522400D87ED8 /* Build configuration list for PBXNativeTarget "NetcamTest" */ = {
			isa = XCConfigurationList;
			buildConfigurations = (
				D45911EC21F3522400D87ED8 /* Debug */,
				D45911ED21F3522400D87ED8 /* Release */,
			);
			defaultConfigurationIsVisible = 0;
			defaultConfigurationName = Release;
		};
		D4887B3621F300CA00402420 /* Build configuration list for PBXProject "Arkonia" */ = {
			isa = XCConfigurationList;
			buildConfigurations = (
				D4887B4021F300CA00402420 /* Debug */,
				D4887B4121F300CA00402420 /* Release */,
			);
			defaultConfigurationIsVisible = 0;
			defaultConfigurationName = Release;
		};
		D4887B4221F300CA00402420 /* Build configuration list for PBXNativeTarget "DarkRun" */ = {
			isa = XCConfigurationList;
			buildConfigurations = (
				D4887B4321F300CA00402420 /* Debug */,
				D4887B4421F300CA00402420 /* Release */,
			);
			defaultConfigurationIsVisible = 0;
			defaultConfigurationName = Release;
		};
		D4887B4E21F3037D00402420 /* Build configuration list for PBXNativeTarget "DarkTest" */ = {
			isa = XCConfigurationList;
			buildConfigurations = (
				D4887B4F21F3037D00402420 /* Debug */,
				D4887B5021F3037D00402420 /* Release */,
			);
			defaultConfigurationIsVisible = 0;
			defaultConfigurationName = Release;
		};
/* End XCConfigurationList section */
	};
	rootObject = D4887B3321F300CA00402420 /* Project object */;
}
