// !$*UTF8*$!
{
	archiveVersion = 1;
	classes = {
	};
	objectVersion = 50;
	objects = {

/* Begin PBXBuildFile section */
		D4174DCE237BC31C00F01F28 /* GridCell.swift in Sources */ = {isa = PBXBuildFile; fileRef = D4174DCD237BC31C00F01F28 /* GridCell.swift */; };
		D4174DD0237BC4CA00F01F28 /* Positions.swift in Sources */ = {isa = PBXBuildFile; fileRef = D4174DCF237BC4CA00F01F28 /* Positions.swift */; };
		D4174DD4237BD12B00F01F28 /* Protocol.swift in Sources */ = {isa = PBXBuildFile; fileRef = D4174DD3237BD12B00F01F28 /* Protocol.swift */; };
		D422DE0223578CFD003734B8 /* MannaCoordinator.swift in Sources */ = {isa = PBXBuildFile; fileRef = D422DE0123578CFD003734B8 /* MannaCoordinator.swift */; };
		D422DE0B23598B52003734B8 /* Census.swift in Sources */ = {isa = PBXBuildFile; fileRef = D422DE0A23598B52003734B8 /* Census.swift */; };
		D422DE0D23598BEC003734B8 /* Clock.swift in Sources */ = {isa = PBXBuildFile; fileRef = D422DE0C23598BEC003734B8 /* Clock.swift */; };
		D422FE6D238E248C007F0B7B /* CellTaxi.swift in Sources */ = {isa = PBXBuildFile; fileRef = D422FE6C238E248C007F0B7B /* CellTaxi.swift */; };
		D422FE6F238E56C7007F0B7B /* Scratchpad.swift in Sources */ = {isa = PBXBuildFile; fileRef = D422FE6E238E56C7007F0B7B /* Scratchpad.swift */; };
		D45A9362237CEE5F00FC039E /* Grid.Setup.swift in Sources */ = {isa = PBXBuildFile; fileRef = D45A9360237CEE5F00FC039E /* Grid.Setup.swift */; };
		D45A9363237CEE5F00FC039E /* Grid.swift in Sources */ = {isa = PBXBuildFile; fileRef = D45A9361237CEE5F00FC039E /* Grid.swift */; };
		D464BA3322C737260069623C /* KIdentifier.swift in Sources */ = {isa = PBXBuildFile; fileRef = D46B1D7322813E12003D711C /* KIdentifier.swift */; };
		D464BA3722C737260069623C /* SceneViewController.swift in Sources */ = {isa = PBXBuildFile; fileRef = D40985FE22650CC9009DD384 /* SceneViewController.swift */; };
		D464BA3922C737260069623C /* AppDelegate.swift in Sources */ = {isa = PBXBuildFile; fileRef = D40985FC22650C20009DD384 /* AppDelegate.swift */; };
		D464BA3B22C737260069623C /* ArkoniaCentral.swift in Sources */ = {isa = PBXBuildFile; fileRef = D4CF20A622A4C296000FD2BA /* ArkoniaCentral.swift */; };
		D464BA3D22C737260069623C /* SpriteFactory.swift in Sources */ = {isa = PBXBuildFile; fileRef = D4E8D271227E8CB500DFCB40 /* SpriteFactory.swift */; };
		D464BA4022C737260069623C /* NetDisplayGrid.swift in Sources */ = {isa = PBXBuildFile; fileRef = D46B1D6F2280B097003D711C /* NetDisplayGrid.swift */; };
		D464BA4422C737260069623C /* NetDisplay.swift in Sources */ = {isa = PBXBuildFile; fileRef = D42751B92287DBAA0096CDB5 /* NetDisplay.swift */; };
		D464BA4622C737260069623C /* Overload2D.swift in Sources */ = {isa = PBXBuildFile; fileRef = D46B1D9F22826994003D711C /* Overload2D.swift */; };
		D464BA4922C737260069623C /* AppController.swift in Sources */ = {isa = PBXBuildFile; fileRef = D40985FA22650BEF009DD384 /* AppController.swift */; };
		D464BA4B22C737260069623C /* NetGraphics.swift in Sources */ = {isa = PBXBuildFile; fileRef = D46B1D8622816F58003D711C /* NetGraphics.swift */; };
		D464BA4E22C737260069623C /* BellCurve.swift in Sources */ = {isa = PBXBuildFile; fileRef = D4A216BA22C1988B00D92A1E /* BellCurve.swift */; };
		D464BA5022C737260069623C /* Protocols.swift in Sources */ = {isa = PBXBuildFile; fileRef = D46B1D88228173BE003D711C /* Protocols.swift */; };
		D464BA5122C737260069623C /* ColorGradient.swift in Sources */ = {isa = PBXBuildFile; fileRef = D4F6460722A4253F00FD8C56 /* ColorGradient.swift */; };
		D464BA5222C737260069623C /* Manna.swift in Sources */ = {isa = PBXBuildFile; fileRef = D4603A6122A2720400885428 /* Manna.swift */; };
		D464BA5522C737260069623C /* Extensions.swift in Sources */ = {isa = PBXBuildFile; fileRef = D43EA83D229233F7006C619D /* Extensions.swift */; };
		D464BA5822C737260069623C /* Assets.xcassets in Resources */ = {isa = PBXBuildFile; fileRef = D40985ED22650B0B009DD384 /* Assets.xcassets */; };
		D464BA5922C737260069623C /* Main.storyboard in Resources */ = {isa = PBXBuildFile; fileRef = D40985EF22650B0B009DD384 /* Main.storyboard */; };
		D464BA5A22C737260069623C /* TheScene.sks in Resources */ = {isa = PBXBuildFile; fileRef = D461358A2288CEF800C9864E /* TheScene.sks */; };
		D495F0B9233FA6C2007D6E86 /* Metabolism.swift in Sources */ = {isa = PBXBuildFile; fileRef = D441B99A229CFFA800FB7057 /* Metabolism.swift */; };
		D495F0BA233FA6C2007D6E86 /* Net.swift in Sources */ = {isa = PBXBuildFile; fileRef = D4EE561922BC96290076D8A1 /* Net.swift */; };
		D495F0BE233FA6C2007D6E86 /* Stepper.swift in Sources */ = {isa = PBXBuildFile; fileRef = D4A12BE922EA58E900C15F59 /* Stepper.swift */; };
		D495F0C3233FA6D0007D6E86 /* IndexedRingBuffer.swift in Sources */ = {isa = PBXBuildFile; fileRef = D4B4293E22DAEC7E0036C904 /* IndexedRingBuffer.swift */; };
		D495F0C7233FA6E1007D6E86 /* GriddleScene.swift in Sources */ = {isa = PBXBuildFile; fileRef = D4EBEE3E22E0E9EF007C98A4 /* GriddleScene.swift */; };
		D495F0C8233FA6E9007D6E86 /* Info.plist in Resources */ = {isa = PBXBuildFile; fileRef = D40985F222650B0B009DD384 /* Info.plist */; };
		D495F0CC233FA969007D6E86 /* World.swift in Sources */ = {isa = PBXBuildFile; fileRef = D49042C422AE2B2500E7369B /* World.swift */; };
		D495F0CF233FAB01007D6E86 /* Mutator.swift in Sources */ = {isa = PBXBuildFile; fileRef = D495F0CE233FAB01007D6E86 /* Mutator.swift */; };
		D4A4F45D23551F41000EC009 /* Parasitize.swift in Sources */ = {isa = PBXBuildFile; fileRef = D4A4F45C23551F41000EC009 /* Parasitize.swift */; };
		D4A59D212387E4E400517F60 /* Engage.swift in Sources */ = {isa = PBXBuildFile; fileRef = D4A59D202387E4E400517F60 /* Engage.swift */; };
		D4A59D232387F64500517F60 /* Plot.swift in Sources */ = {isa = PBXBuildFile; fileRef = D4A59D222387F64500517F60 /* Plot.swift */; };
		D4A59D2623882C5D00517F60 /* MoveSprite.swift in Sources */ = {isa = PBXBuildFile; fileRef = D4A59D2523882C5D00517F60 /* MoveSprite.swift */; };
		D4A59D2F2388345100517F60 /* MoveStepper.swift in Sources */ = {isa = PBXBuildFile; fileRef = D4A59D2E2388345100517F60 /* MoveStepper.swift */; };
		D4A59D31238839C700517F60 /* Arrive.swift in Sources */ = {isa = PBXBuildFile; fileRef = D4A59D30238839C700517F60 /* Arrive.swift */; };
		D4A59D332388BBD700517F60 /* Disengage.swift in Sources */ = {isa = PBXBuildFile; fileRef = D4A59D322388BBD700517F60 /* Disengage.swift */; };
		D4A59D352388F48500517F60 /* Random.swift in Sources */ = {isa = PBXBuildFile; fileRef = D4A59D342388F48500517F60 /* Random.swift */; };
		D4A59D372389901500517F60 /* ReleaseStage.swift in Sources */ = {isa = PBXBuildFile; fileRef = D4A59D362389901500517F60 /* ReleaseStage.swift */; };
		D4B4295222DAEDBF0036C904 /* HUD.swift in Sources */ = {isa = PBXBuildFile; fileRef = D4B4294022DAEC7E0036C904 /* HUD.swift */; };
		D4B4295322DAF1CD0036C904 /* Report.swift in Sources */ = {isa = PBXBuildFile; fileRef = D4B4293C22DAEC7E0036C904 /* Report.swift */; };
		D4BB6E73234E549C00529819 /* Funge.swift in Sources */ = {isa = PBXBuildFile; fileRef = D4BB6E72234E549C00529819 /* Funge.swift */; };
		D4BB6E77234EDCA500529819 /* Apoptosize.swift in Sources */ = {isa = PBXBuildFile; fileRef = D4BB6E76234EDCA500529819 /* Apoptosize.swift */; };
		D4BB6E7B234EF62800529819 /* Metabolize.swift in Sources */ = {isa = PBXBuildFile; fileRef = D4BB6E7A234EF62800529819 /* Metabolize.swift */; };
		D4BB6E7D234EF71800529819 /* Colorize.swift in Sources */ = {isa = PBXBuildFile; fileRef = D4BB6E7C234EF71800529819 /* Colorize.swift */; };
		D4C336D02383FDEA00E50A50 /* Log.swift in Sources */ = {isa = PBXBuildFile; fileRef = D4C336CF2383FDEA00E50A50 /* Log.swift */; };
		D4D5EABB2368B05200E95AA5 /* Larva.swift in Sources */ = {isa = PBXBuildFile; fileRef = D4D5EABA2368B05200E95AA5 /* Larva.swift */; };
		D4D86F502363211A0082C31A /* World.Stats.swift in Sources */ = {isa = PBXBuildFile; fileRef = D4D86F4F2363211A0082C31A /* World.Stats.swift */; };
		D4E3025A23977242009384F0 /* CellSenseGrid.swift in Sources */ = {isa = PBXBuildFile; fileRef = D4E3025923977242009384F0 /* CellSenseGrid.swift */; };
		D4E3025C23984E69009384F0 /* CellKeys.swift in Sources */ = {isa = PBXBuildFile; fileRef = D4E3025B23984E69009384F0 /* CellKeys.swift */; };
		D4FFE9622365814F00F5DDFB /* Dispatch.swift in Sources */ = {isa = PBXBuildFile; fileRef = D4FFE9612365814F00F5DDFB /* Dispatch.swift */; };
/* End PBXBuildFile section */

/* Begin PBXContainerItemProxy section */
		D4EE55CA22BC1C6E0076D8A1 /* PBXContainerItemProxy */ = {
			isa = PBXContainerItemProxy;
			containerPortal = D4EE55C022BC1C6E0076D8A1 /* Surge.xcodeproj */;
			proxyType = 2;
			remoteGlobalIDString = F8A1E1AA19917A79009735E2;
			remoteInfo = "Surge-iOS";
		};
		D4EE55CC22BC1C6E0076D8A1 /* PBXContainerItemProxy */ = {
			isa = PBXContainerItemProxy;
			containerPortal = D4EE55C022BC1C6E0076D8A1 /* Surge.xcodeproj */;
			proxyType = 2;
			remoteGlobalIDString = F84A6AAE19A9A72F007B53E1;
			remoteInfo = "SurgeTests-iOS";
		};
		D4EE55CE22BC1C6E0076D8A1 /* PBXContainerItemProxy */ = {
			isa = PBXContainerItemProxy;
			containerPortal = D4EE55C022BC1C6E0076D8A1 /* Surge.xcodeproj */;
			proxyType = 2;
			remoteGlobalIDString = 614AD31F1FC0AD99002BFE1C;
			remoteInfo = "Surge-macOS";
		};
		D4EE55D022BC1C6E0076D8A1 /* PBXContainerItemProxy */ = {
			isa = PBXContainerItemProxy;
			containerPortal = D4EE55C022BC1C6E0076D8A1 /* Surge.xcodeproj */;
			proxyType = 2;
			remoteGlobalIDString = 614AD3271FC0AD99002BFE1C;
			remoteInfo = "SurgeTests-macOS";
		};
		D4EE55D222BC1C6E0076D8A1 /* PBXContainerItemProxy */ = {
			isa = PBXContainerItemProxy;
			containerPortal = D4EE55C022BC1C6E0076D8A1 /* Surge.xcodeproj */;
			proxyType = 2;
			remoteGlobalIDString = 614AD3511FC0B001002BFE1C;
			remoteInfo = "Surge-tvOS";
		};
		D4EE55D422BC1C6E0076D8A1 /* PBXContainerItemProxy */ = {
			isa = PBXContainerItemProxy;
			containerPortal = D4EE55C022BC1C6E0076D8A1 /* Surge.xcodeproj */;
			proxyType = 2;
			remoteGlobalIDString = 614AD3591FC0B001002BFE1C;
			remoteInfo = "SurgeTests-tvOS";
		};
		D4EE55D622BC1C6E0076D8A1 /* PBXContainerItemProxy */ = {
			isa = PBXContainerItemProxy;
			containerPortal = D4EE55C022BC1C6E0076D8A1 /* Surge.xcodeproj */;
			proxyType = 2;
			remoteGlobalIDString = 614AD3821FC0B125002BFE1C;
			remoteInfo = "Surge-watchOS";
		};
/* End PBXContainerItemProxy section */

/* Begin PBXFileReference section */
		D40985ED22650B0B009DD384 /* Assets.xcassets */ = {isa = PBXFileReference; lastKnownFileType = folder.assetcatalog; path = Assets.xcassets; sourceTree = "<group>"; };
		D40985F022650B0B009DD384 /* Base */ = {isa = PBXFileReference; lastKnownFileType = file.storyboard; name = Base; path = Base.lproj/Main.storyboard; sourceTree = "<group>"; };
		D40985F222650B0B009DD384 /* Info.plist */ = {isa = PBXFileReference; lastKnownFileType = text.plist.xml; path = Info.plist; sourceTree = "<group>"; };
		D40985F322650B0B009DD384 /* Components.entitlements */ = {isa = PBXFileReference; lastKnownFileType = text.plist.entitlements; path = Components.entitlements; sourceTree = "<group>"; };
		D40985FA22650BEF009DD384 /* AppController.swift */ = {isa = PBXFileReference; lastKnownFileType = sourcecode.swift; path = AppController.swift; sourceTree = "<group>"; };
		D40985FC22650C20009DD384 /* AppDelegate.swift */ = {isa = PBXFileReference; lastKnownFileType = sourcecode.swift; path = AppDelegate.swift; sourceTree = "<group>"; };
		D40985FE22650CC9009DD384 /* SceneViewController.swift */ = {isa = PBXFileReference; lastKnownFileType = sourcecode.swift; path = SceneViewController.swift; sourceTree = "<group>"; };
		D4174DCD237BC31C00F01F28 /* GridCell.swift */ = {isa = PBXFileReference; lastKnownFileType = sourcecode.swift; path = GridCell.swift; sourceTree = "<group>"; };
		D4174DCF237BC4CA00F01F28 /* Positions.swift */ = {isa = PBXFileReference; lastKnownFileType = sourcecode.swift; path = Positions.swift; sourceTree = "<group>"; };
		D4174DD3237BD12B00F01F28 /* Protocol.swift */ = {isa = PBXFileReference; lastKnownFileType = sourcecode.swift; path = Protocol.swift; sourceTree = "<group>"; };
		D42172E9233EE46000A56594 /* .swiftlint.yml */ = {isa = PBXFileReference; fileEncoding = 4; lastKnownFileType = text; path = .swiftlint.yml; sourceTree = "<group>"; };
		D42172F1233EE46000A56594 /* .gitmodules */ = {isa = PBXFileReference; fileEncoding = 4; lastKnownFileType = text; path = .gitmodules; sourceTree = "<group>"; };
		D42172F2233EE46000A56594 /* .overcommit.yml */ = {isa = PBXFileReference; fileEncoding = 4; lastKnownFileType = text; path = .overcommit.yml; sourceTree = "<group>"; };
		D42172F3233EE46000A56594 /* .gitignore */ = {isa = PBXFileReference; fileEncoding = 4; lastKnownFileType = text; path = .gitignore; sourceTree = "<group>"; };
		D422DE0123578CFD003734B8 /* MannaCoordinator.swift */ = {isa = PBXFileReference; lastKnownFileType = sourcecode.swift; path = MannaCoordinator.swift; sourceTree = "<group>"; };
		D422DE0A23598B52003734B8 /* Census.swift */ = {isa = PBXFileReference; lastKnownFileType = sourcecode.swift; path = Census.swift; sourceTree = "<group>"; };
		D422DE0C23598BEC003734B8 /* Clock.swift */ = {isa = PBXFileReference; lastKnownFileType = sourcecode.swift; path = Clock.swift; sourceTree = "<group>"; };
		D422FE6C238E248C007F0B7B /* CellTaxi.swift */ = {isa = PBXFileReference; lastKnownFileType = sourcecode.swift; path = CellTaxi.swift; sourceTree = "<group>"; };
		D422FE6E238E56C7007F0B7B /* Scratchpad.swift */ = {isa = PBXFileReference; lastKnownFileType = sourcecode.swift; path = Scratchpad.swift; sourceTree = "<group>"; };
		D42751B92287DBAA0096CDB5 /* NetDisplay.swift */ = {isa = PBXFileReference; lastKnownFileType = sourcecode.swift; path = NetDisplay.swift; sourceTree = "<group>"; };
		D43EA83D229233F7006C619D /* Extensions.swift */ = {isa = PBXFileReference; lastKnownFileType = sourcecode.swift; path = Extensions.swift; sourceTree = "<group>"; };
		D441B99A229CFFA800FB7057 /* Metabolism.swift */ = {isa = PBXFileReference; fileEncoding = 4; lastKnownFileType = sourcecode.swift; path = Metabolism.swift; sourceTree = "<group>"; };
		D45A9360237CEE5F00FC039E /* Grid.Setup.swift */ = {isa = PBXFileReference; fileEncoding = 4; lastKnownFileType = sourcecode.swift; path = Grid.Setup.swift; sourceTree = "<group>"; };
		D45A9361237CEE5F00FC039E /* Grid.swift */ = {isa = PBXFileReference; fileEncoding = 4; lastKnownFileType = sourcecode.swift; path = Grid.swift; sourceTree = "<group>"; };
		D4603A6122A2720400885428 /* Manna.swift */ = {isa = PBXFileReference; lastKnownFileType = sourcecode.swift; path = Manna.swift; sourceTree = "<group>"; };
		D461358A2288CEF800C9864E /* TheScene.sks */ = {isa = PBXFileReference; lastKnownFileType = file.sks; path = TheScene.sks; sourceTree = "<group>"; };
		D464BA5F22C737260069623C /* Karamba.app */ = {isa = PBXFileReference; explicitFileType = wrapper.application; includeInIndex = 0; path = Karamba.app; sourceTree = BUILT_PRODUCTS_DIR; };
		D46B1D6F2280B097003D711C /* NetDisplayGrid.swift */ = {isa = PBXFileReference; fileEncoding = 4; lastKnownFileType = sourcecode.swift; path = NetDisplayGrid.swift; sourceTree = "<group>"; };
		D46B1D7322813E12003D711C /* KIdentifier.swift */ = {isa = PBXFileReference; lastKnownFileType = sourcecode.swift; path = KIdentifier.swift; sourceTree = "<group>"; };
		D46B1D8622816F58003D711C /* NetGraphics.swift */ = {isa = PBXFileReference; lastKnownFileType = sourcecode.swift; path = NetGraphics.swift; sourceTree = "<group>"; };
		D46B1D88228173BE003D711C /* Protocols.swift */ = {isa = PBXFileReference; lastKnownFileType = sourcecode.swift; path = Protocols.swift; sourceTree = "<group>"; };
		D46B1D9F22826994003D711C /* Overload2D.swift */ = {isa = PBXFileReference; lastKnownFileType = sourcecode.swift; path = Overload2D.swift; sourceTree = "<group>"; };
		D49042C422AE2B2500E7369B /* World.swift */ = {isa = PBXFileReference; lastKnownFileType = sourcecode.swift; path = World.swift; sourceTree = "<group>"; };
		D495E5E822DE294D00AFF2AC /* README.md */ = {isa = PBXFileReference; lastKnownFileType = net.daringfireball.markdown; path = README.md; sourceTree = "<group>"; };
		D495F0CE233FAB01007D6E86 /* Mutator.swift */ = {isa = PBXFileReference; fileEncoding = 4; lastKnownFileType = sourcecode.swift; path = Mutator.swift; sourceTree = "<group>"; };
		D4A12BE922EA58E900C15F59 /* Stepper.swift */ = {isa = PBXFileReference; lastKnownFileType = sourcecode.swift; path = Stepper.swift; sourceTree = "<group>"; };
		D4A216BA22C1988B00D92A1E /* BellCurve.swift */ = {isa = PBXFileReference; fileEncoding = 4; lastKnownFileType = sourcecode.swift; path = BellCurve.swift; sourceTree = "<group>"; };
		D4A4F45C23551F41000EC009 /* Parasitize.swift */ = {isa = PBXFileReference; lastKnownFileType = sourcecode.swift; path = Parasitize.swift; sourceTree = "<group>"; };
		D4A59D202387E4E400517F60 /* Engage.swift */ = {isa = PBXFileReference; lastKnownFileType = sourcecode.swift; path = Engage.swift; sourceTree = "<group>"; };
		D4A59D222387F64500517F60 /* Plot.swift */ = {isa = PBXFileReference; lastKnownFileType = sourcecode.swift; path = Plot.swift; sourceTree = "<group>"; };
		D4A59D2523882C5D00517F60 /* MoveSprite.swift */ = {isa = PBXFileReference; lastKnownFileType = sourcecode.swift; path = MoveSprite.swift; sourceTree = "<group>"; };
		D4A59D2E2388345100517F60 /* MoveStepper.swift */ = {isa = PBXFileReference; lastKnownFileType = sourcecode.swift; path = MoveStepper.swift; sourceTree = "<group>"; };
		D4A59D30238839C700517F60 /* Arrive.swift */ = {isa = PBXFileReference; lastKnownFileType = sourcecode.swift; path = Arrive.swift; sourceTree = "<group>"; };
		D4A59D322388BBD700517F60 /* Disengage.swift */ = {isa = PBXFileReference; lastKnownFileType = sourcecode.swift; path = Disengage.swift; sourceTree = "<group>"; };
		D4A59D342388F48500517F60 /* Random.swift */ = {isa = PBXFileReference; lastKnownFileType = sourcecode.swift; path = Random.swift; sourceTree = "<group>"; };
		D4A59D362389901500517F60 /* ReleaseStage.swift */ = {isa = PBXFileReference; lastKnownFileType = sourcecode.swift; path = ReleaseStage.swift; sourceTree = "<group>"; };
		D4B4293C22DAEC7E0036C904 /* Report.swift */ = {isa = PBXFileReference; fileEncoding = 4; lastKnownFileType = sourcecode.swift; path = Report.swift; sourceTree = "<group>"; };
		D4B4293D22DAEC7E0036C904 /* NetDiagram.swift */ = {isa = PBXFileReference; fileEncoding = 4; lastKnownFileType = sourcecode.swift; path = NetDiagram.swift; sourceTree = "<group>"; };
		D4B4293E22DAEC7E0036C904 /* IndexedRingBuffer.swift */ = {isa = PBXFileReference; fileEncoding = 4; lastKnownFileType = sourcecode.swift; path = IndexedRingBuffer.swift; sourceTree = "<group>"; };
		D4B4294022DAEC7E0036C904 /* HUD.swift */ = {isa = PBXFileReference; fileEncoding = 4; lastKnownFileType = sourcecode.swift; path = HUD.swift; sourceTree = "<group>"; };
		D4BB6E72234E549C00529819 /* Funge.swift */ = {isa = PBXFileReference; lastKnownFileType = sourcecode.swift; path = Funge.swift; sourceTree = "<group>"; };
		D4BB6E76234EDCA500529819 /* Apoptosize.swift */ = {isa = PBXFileReference; lastKnownFileType = sourcecode.swift; path = Apoptosize.swift; sourceTree = "<group>"; };
		D4BB6E7A234EF62800529819 /* Metabolize.swift */ = {isa = PBXFileReference; lastKnownFileType = sourcecode.swift; path = Metabolize.swift; sourceTree = "<group>"; };
		D4BB6E7C234EF71800529819 /* Colorize.swift */ = {isa = PBXFileReference; lastKnownFileType = sourcecode.swift; path = Colorize.swift; sourceTree = "<group>"; };
		D4C336CF2383FDEA00E50A50 /* Log.swift */ = {isa = PBXFileReference; lastKnownFileType = sourcecode.swift; path = Log.swift; sourceTree = "<group>"; };
		D4CF20A622A4C296000FD2BA /* ArkoniaCentral.swift */ = {isa = PBXFileReference; lastKnownFileType = sourcecode.swift; path = ArkoniaCentral.swift; sourceTree = "<group>"; };
		D4D5EABA2368B05200E95AA5 /* Larva.swift */ = {isa = PBXFileReference; lastKnownFileType = sourcecode.swift; path = Larva.swift; sourceTree = "<group>"; };
		D4D86F4F2363211A0082C31A /* World.Stats.swift */ = {isa = PBXFileReference; lastKnownFileType = sourcecode.swift; path = World.Stats.swift; sourceTree = "<group>"; };
		D4E3025923977242009384F0 /* CellSenseGrid.swift */ = {isa = PBXFileReference; lastKnownFileType = sourcecode.swift; path = CellSenseGrid.swift; sourceTree = "<group>"; };
		D4E3025B23984E69009384F0 /* CellKeys.swift */ = {isa = PBXFileReference; lastKnownFileType = sourcecode.swift; path = CellKeys.swift; sourceTree = "<group>"; };
		D4E8D271227E8CB500DFCB40 /* SpriteFactory.swift */ = {isa = PBXFileReference; lastKnownFileType = sourcecode.swift; path = SpriteFactory.swift; sourceTree = "<group>"; };
		D4EBEE3E22E0E9EF007C98A4 /* GriddleScene.swift */ = {isa = PBXFileReference; lastKnownFileType = sourcecode.swift; path = GriddleScene.swift; sourceTree = "<group>"; };
		D4EE55C022BC1C6E0076D8A1 /* Surge.xcodeproj */ = {isa = PBXFileReference; lastKnownFileType = "wrapper.pb-project"; name = Surge.xcodeproj; path = Surge/Surge.xcodeproj; sourceTree = "<group>"; };
		D4EE561922BC96290076D8A1 /* Net.swift */ = {isa = PBXFileReference; lastKnownFileType = sourcecode.swift; path = Net.swift; sourceTree = "<group>"; };
		D4F6460722A4253F00FD8C56 /* ColorGradient.swift */ = {isa = PBXFileReference; lastKnownFileType = sourcecode.swift; path = ColorGradient.swift; sourceTree = "<group>"; };
		D4FFE9612365814F00F5DDFB /* Dispatch.swift */ = {isa = PBXFileReference; lastKnownFileType = sourcecode.swift; path = Dispatch.swift; sourceTree = "<group>"; };
/* End PBXFileReference section */

/* Begin PBXFrameworksBuildPhase section */
		D464BA5622C737260069623C /* Frameworks */ = {
			isa = PBXFrameworksBuildPhase;
			buildActionMask = 2147483647;
			files = (
			);
			runOnlyForDeploymentPostprocessing = 0;
		};
/* End PBXFrameworksBuildPhase section */

/* Begin PBXGroup section */
		D40985D722650B0A009DD384 = {
			isa = PBXGroup;
			children = (
				D42172F3233EE46000A56594 /* .gitignore */,
				D42172F1233EE46000A56594 /* .gitmodules */,
				D42172F2233EE46000A56594 /* .overcommit.yml */,
				D42172E9233EE46000A56594 /* .swiftlint.yml */,
				D495E5E822DE294D00AFF2AC /* README.md */,
				D4EE55C022BC1C6E0076D8A1 /* Surge.xcodeproj */,
				D43EA81B228FDCC3006C619D /* Arkon */,
				D43EA81A228FDBA4006C619D /* ArkoniaCentral */,
				D4B4293B22DAEC7E0036C904 /* HUD */,
				D40985F922650BD8009DD384 /* macOS */,
				D40985E122650B0A009DD384 /* Products */,
			);
			sourceTree = "<group>";
		};
		D40985E122650B0A009DD384 /* Products */ = {
			isa = PBXGroup;
			children = (
				D464BA5F22C737260069623C /* Karamba.app */,
			);
			name = Products;
			sourceTree = "<group>";
		};
		D40985F922650BD8009DD384 /* macOS */ = {
			isa = PBXGroup;
			children = (
				D40985ED22650B0B009DD384 /* Assets.xcassets */,
				D40985FA22650BEF009DD384 /* AppController.swift */,
				D40985FC22650C20009DD384 /* AppDelegate.swift */,
				D40985F322650B0B009DD384 /* Components.entitlements */,
				D4EBEE3E22E0E9EF007C98A4 /* GriddleScene.swift */,
				D40985F222650B0B009DD384 /* Info.plist */,
				D40985EF22650B0B009DD384 /* Main.storyboard */,
				D40985FE22650CC9009DD384 /* SceneViewController.swift */,
				D461358A2288CEF800C9864E /* TheScene.sks */,
			);
			path = macOS;
			sourceTree = "<group>";
		};
		D4174DC5237BC2CE00F01F28 /* GridCell */ = {
			isa = PBXGroup;
			children = (
				D4E3025B23984E69009384F0 /* CellKeys.swift */,
				D4E3025923977242009384F0 /* CellSenseGrid.swift */,
				D422FE6C238E248C007F0B7B /* CellTaxi.swift */,
				D4174DCD237BC31C00F01F28 /* GridCell.swift */,
				D4174DCF237BC4CA00F01F28 /* Positions.swift */,
				D4174DD3237BD12B00F01F28 /* Protocol.swift */,
				D4A59D342388F48500517F60 /* Random.swift */,
			);
			path = GridCell;
			sourceTree = "<group>";
		};
		D43EA81A228FDBA4006C619D /* ArkoniaCentral */ = {
			isa = PBXGroup;
			children = (
				D4174DC5237BC2CE00F01F28 /* GridCell */,
				D46B1D7222813DF7003D711C /* Miscellany */,
				D4CF20A622A4C296000FD2BA /* ArkoniaCentral.swift */,
				D45A9361237CEE5F00FC039E /* Grid.swift */,
				D45A9360237CEE5F00FC039E /* Grid.Setup.swift */,
				D4603A6122A2720400885428 /* Manna.swift */,
				D422DE0123578CFD003734B8 /* MannaCoordinator.swift */,
				D495F0CE233FAB01007D6E86 /* Mutator.swift */,
				D46B1D88228173BE003D711C /* Protocols.swift */,
				D4E8D271227E8CB500DFCB40 /* SpriteFactory.swift */,
				D49042C422AE2B2500E7369B /* World.swift */,
				D4D86F4F2363211A0082C31A /* World.Stats.swift */,
			);
			path = ArkoniaCentral;
			sourceTree = "<group>";
		};
		D43EA81B228FDCC3006C619D /* Arkon */ = {
			isa = PBXGroup;
			children = (
				D4BB6E6A234E544B00529819 /* WorkItems */,
				D4FFE9612365814F00F5DDFB /* Dispatch.swift */,
				D441B99A229CFFA800FB7057 /* Metabolism.swift */,
				D4EE561922BC96290076D8A1 /* Net.swift */,
				D422FE6E238E56C7007F0B7B /* Scratchpad.swift */,
				D4A12BE922EA58E900C15F59 /* Stepper.swift */,
			);
			path = Arkon;
			sourceTree = "<group>";
		};
		D46B1D7222813DF7003D711C /* Miscellany */ = {
			isa = PBXGroup;
			children = (
				D4A216BA22C1988B00D92A1E /* BellCurve.swift */,
				D4F6460722A4253F00FD8C56 /* ColorGradient.swift */,
				D43EA83D229233F7006C619D /* Extensions.swift */,
				D46B1D7322813E12003D711C /* KIdentifier.swift */,
				D4C336CF2383FDEA00E50A50 /* Log.swift */,
				D46B1D9F22826994003D711C /* Overload2D.swift */,
			);
			path = Miscellany;
			sourceTree = "<group>";
		};
		D4B4293B22DAEC7E0036C904 /* HUD */ = {
			isa = PBXGroup;
			children = (
				D4E8D268227E06F400DFCB40 /* NetDisplay */,
				D422DE0A23598B52003734B8 /* Census.swift */,
				D422DE0C23598BEC003734B8 /* Clock.swift */,
				D4B4294022DAEC7E0036C904 /* HUD.swift */,
				D4B4293E22DAEC7E0036C904 /* IndexedRingBuffer.swift */,
				D4B4293D22DAEC7E0036C904 /* NetDiagram.swift */,
				D4B4293C22DAEC7E0036C904 /* Report.swift */,
			);
			path = HUD;
			sourceTree = "<group>";
		};
		D4BB6E6A234E544B00529819 /* WorkItems */ = {
			isa = PBXGroup;
			children = (
				D4BB6E76234EDCA500529819 /* Apoptosize.swift */,
				D4A59D30238839C700517F60 /* Arrive.swift */,
				D4BB6E7C234EF71800529819 /* Colorize.swift */,
				D4A59D322388BBD700517F60 /* Disengage.swift */,
				D4A59D202387E4E400517F60 /* Engage.swift */,
				D4BB6E72234E549C00529819 /* Funge.swift */,
				D4D5EABA2368B05200E95AA5 /* Larva.swift */,
				D4BB6E7A234EF62800529819 /* Metabolize.swift */,
				D4A59D2523882C5D00517F60 /* MoveSprite.swift */,
				D4A59D2E2388345100517F60 /* MoveStepper.swift */,
				D4A4F45C23551F41000EC009 /* Parasitize.swift */,
				D4A59D222387F64500517F60 /* Plot.swift */,
				D4A59D362389901500517F60 /* ReleaseStage.swift */,
			);
			path = WorkItems;
			sourceTree = "<group>";
		};
		D4E8D268227E06F400DFCB40 /* NetDisplay */ = {
			isa = PBXGroup;
			children = (
				D42751B92287DBAA0096CDB5 /* NetDisplay.swift */,
				D46B1D6F2280B097003D711C /* NetDisplayGrid.swift */,
				D46B1D8622816F58003D711C /* NetGraphics.swift */,
			);
			path = NetDisplay;
			sourceTree = "<group>";
		};
		D4EE55C122BC1C6E0076D8A1 /* Products */ = {
			isa = PBXGroup;
			children = (
				D4EE55CB22BC1C6E0076D8A1 /* Surge.framework */,
				D4EE55CD22BC1C6E0076D8A1 /* SurgeTests-iOS.xctest */,
				D4EE55CF22BC1C6E0076D8A1 /* Surge.framework */,
				D4EE55D122BC1C6E0076D8A1 /* SurgeTests-macOS.xctest */,
				D4EE55D322BC1C6E0076D8A1 /* Surge.framework */,
				D4EE55D522BC1C6E0076D8A1 /* SurgeTests-tvOS.xctest */,
				D4EE55D722BC1C6E0076D8A1 /* Surge.framework */,
			);
			name = Products;
			sourceTree = "<group>";
		};
/* End PBXGroup section */

/* Begin PBXNativeTarget section */
		D464BA3122C737260069623C /* Karamba */ = {
			isa = PBXNativeTarget;
			buildConfigurationList = D464BA5C22C737260069623C /* Build configuration list for PBXNativeTarget "Karamba" */;
			buildPhases = (
				D464BA3222C737260069623C /* Sources */,
				D464BA5622C737260069623C /* Frameworks */,
				D464BA5722C737260069623C /* Resources */,
				D464BA5B22C737260069623C /* ShellScript */,
			);
			buildRules = (
			);
			dependencies = (
			);
			name = Karamba;
			productName = Components;
			productReference = D464BA5F22C737260069623C /* Karamba.app */;
			productType = "com.apple.product-type.application";
		};
/* End PBXNativeTarget section */

/* Begin PBXProject section */
		D40985D822650B0A009DD384 /* Project object */ = {
			isa = PBXProject;
			attributes = {
				LastSwiftUpdateCheck = 1020;
				LastUpgradeCheck = 1100;
				ORGANIZATIONNAME = "Boring Software";
			};
			buildConfigurationList = D40985DB22650B0A009DD384 /* Build configuration list for PBXProject "Karamba" */;
			compatibilityVersion = "Xcode 9.3";
			developmentRegion = en;
			hasScannedForEncodings = 0;
			knownRegions = (
				en,
				Base,
			);
			mainGroup = D40985D722650B0A009DD384;
			productRefGroup = D40985E122650B0A009DD384 /* Products */;
			projectDirPath = "";
			projectReferences = (
				{
					ProductGroup = D4EE55C122BC1C6E0076D8A1 /* Products */;
					ProjectRef = D4EE55C022BC1C6E0076D8A1 /* Surge.xcodeproj */;
				},
			);
			projectRoot = "";
			targets = (
				D464BA3122C737260069623C /* Karamba */,
			);
		};
/* End PBXProject section */

/* Begin PBXReferenceProxy section */
		D4EE55CB22BC1C6E0076D8A1 /* Surge.framework */ = {
			isa = PBXReferenceProxy;
			fileType = wrapper.framework;
			path = Surge.framework;
			remoteRef = D4EE55CA22BC1C6E0076D8A1 /* PBXContainerItemProxy */;
			sourceTree = BUILT_PRODUCTS_DIR;
		};
		D4EE55CD22BC1C6E0076D8A1 /* SurgeTests-iOS.xctest */ = {
			isa = PBXReferenceProxy;
			fileType = wrapper.cfbundle;
			path = "SurgeTests-iOS.xctest";
			remoteRef = D4EE55CC22BC1C6E0076D8A1 /* PBXContainerItemProxy */;
			sourceTree = BUILT_PRODUCTS_DIR;
		};
		D4EE55CF22BC1C6E0076D8A1 /* Surge.framework */ = {
			isa = PBXReferenceProxy;
			fileType = wrapper.framework;
			path = Surge.framework;
			remoteRef = D4EE55CE22BC1C6E0076D8A1 /* PBXContainerItemProxy */;
			sourceTree = BUILT_PRODUCTS_DIR;
		};
		D4EE55D122BC1C6E0076D8A1 /* SurgeTests-macOS.xctest */ = {
			isa = PBXReferenceProxy;
			fileType = wrapper.cfbundle;
			path = "SurgeTests-macOS.xctest";
			remoteRef = D4EE55D022BC1C6E0076D8A1 /* PBXContainerItemProxy */;
			sourceTree = BUILT_PRODUCTS_DIR;
		};
		D4EE55D322BC1C6E0076D8A1 /* Surge.framework */ = {
			isa = PBXReferenceProxy;
			fileType = wrapper.framework;
			path = Surge.framework;
			remoteRef = D4EE55D222BC1C6E0076D8A1 /* PBXContainerItemProxy */;
			sourceTree = BUILT_PRODUCTS_DIR;
		};
		D4EE55D522BC1C6E0076D8A1 /* SurgeTests-tvOS.xctest */ = {
			isa = PBXReferenceProxy;
			fileType = wrapper.cfbundle;
			path = "SurgeTests-tvOS.xctest";
			remoteRef = D4EE55D422BC1C6E0076D8A1 /* PBXContainerItemProxy */;
			sourceTree = BUILT_PRODUCTS_DIR;
		};
		D4EE55D722BC1C6E0076D8A1 /* Surge.framework */ = {
			isa = PBXReferenceProxy;
			fileType = wrapper.framework;
			path = Surge.framework;
			remoteRef = D4EE55D622BC1C6E0076D8A1 /* PBXContainerItemProxy */;
			sourceTree = BUILT_PRODUCTS_DIR;
		};
/* End PBXReferenceProxy section */

/* Begin PBXResourcesBuildPhase section */
		D464BA5722C737260069623C /* Resources */ = {
			isa = PBXResourcesBuildPhase;
			buildActionMask = 2147483647;
			files = (
				D495F0C8233FA6E9007D6E86 /* Info.plist in Resources */,
				D464BA5822C737260069623C /* Assets.xcassets in Resources */,
				D464BA5922C737260069623C /* Main.storyboard in Resources */,
				D464BA5A22C737260069623C /* TheScene.sks in Resources */,
			);
			runOnlyForDeploymentPostprocessing = 0;
		};
/* End PBXResourcesBuildPhase section */

/* Begin PBXShellScriptBuildPhase section */
		D464BA5B22C737260069623C /* ShellScript */ = {
			isa = PBXShellScriptBuildPhase;
			buildActionMask = 2147483647;
			files = (
			);
			inputFileListPaths = (
			);
			inputPaths = (
			);
			outputFileListPaths = (
			);
			outputPaths = (
			);
			runOnlyForDeploymentPostprocessing = 0;
			shellPath = /bin/sh;
			shellScript = "if which swiftlint >/dev/null; then\nswiftlint lint --strict\nelse\necho \"warning: SwiftLint not installed, download from https://github.com/realm/SwiftLint\"\nfi\n";
		};
/* End PBXShellScriptBuildPhase section */

/* Begin PBXSourcesBuildPhase section */
		D464BA3222C737260069623C /* Sources */ = {
			isa = PBXSourcesBuildPhase;
			buildActionMask = 2147483647;
			files = (
				D4C336D02383FDEA00E50A50 /* Log.swift in Sources */,
				D422FE6D238E248C007F0B7B /* CellTaxi.swift in Sources */,
				D422DE0223578CFD003734B8 /* MannaCoordinator.swift in Sources */,
				D464BA3322C737260069623C /* KIdentifier.swift in Sources */,
				D464BA3722C737260069623C /* SceneViewController.swift in Sources */,
				D422FE6F238E56C7007F0B7B /* Scratchpad.swift in Sources */,
				D422DE0D23598BEC003734B8 /* Clock.swift in Sources */,
				D4B4295222DAEDBF0036C904 /* HUD.swift in Sources */,
				D4174DD0237BC4CA00F01F28 /* Positions.swift in Sources */,
				D495F0C3233FA6D0007D6E86 /* IndexedRingBuffer.swift in Sources */,
				D464BA3922C737260069623C /* AppDelegate.swift in Sources */,
				D4B4295322DAF1CD0036C904 /* Report.swift in Sources */,
				D4BB6E7D234EF71800529819 /* Colorize.swift in Sources */,
				D495F0CF233FAB01007D6E86 /* Mutator.swift in Sources */,
				D464BA3B22C737260069623C /* ArkoniaCentral.swift in Sources */,
				D4A59D212387E4E400517F60 /* Engage.swift in Sources */,
				D495F0B9233FA6C2007D6E86 /* Metabolism.swift in Sources */,
				D4A59D2F2388345100517F60 /* MoveStepper.swift in Sources */,
				D495F0C7233FA6E1007D6E86 /* GriddleScene.swift in Sources */,
				D45A9363237CEE5F00FC039E /* Grid.swift in Sources */,
				D45A9362237CEE5F00FC039E /* Grid.Setup.swift in Sources */,
				D464BA3D22C737260069623C /* SpriteFactory.swift in Sources */,
				D464BA4022C737260069623C /* NetDisplayGrid.swift in Sources */,
				D4BB6E73234E549C00529819 /* Funge.swift in Sources */,
				D4174DD4237BD12B00F01F28 /* Protocol.swift in Sources */,
				D4A59D352388F48500517F60 /* Random.swift in Sources */,
				D464BA4422C737260069623C /* NetDisplay.swift in Sources */,
				D4A59D2623882C5D00517F60 /* MoveSprite.swift in Sources */,
				D464BA4622C737260069623C /* Overload2D.swift in Sources */,
				D4A59D332388BBD700517F60 /* Disengage.swift in Sources */,
				D495F0BA233FA6C2007D6E86 /* Net.swift in Sources */,
				D4A59D372389901500517F60 /* ReleaseStage.swift in Sources */,
				D4174DCE237BC31C00F01F28 /* GridCell.swift in Sources */,
				D495F0CC233FA969007D6E86 /* World.swift in Sources */,
				D4E3025A23977242009384F0 /* CellSenseGrid.swift in Sources */,
				D4A59D232387F64500517F60 /* Plot.swift in Sources */,
				D4D86F502363211A0082C31A /* World.Stats.swift in Sources */,
				D464BA4922C737260069623C /* AppController.swift in Sources */,
				D4FFE9622365814F00F5DDFB /* Dispatch.swift in Sources */,
				D464BA4B22C737260069623C /* NetGraphics.swift in Sources */,
				D4D5EABB2368B05200E95AA5 /* Larva.swift in Sources */,
				D4A59D31238839C700517F60 /* Arrive.swift in Sources */,
				D464BA4E22C737260069623C /* BellCurve.swift in Sources */,
				D464BA5022C737260069623C /* Protocols.swift in Sources */,
				D4A4F45D23551F41000EC009 /* Parasitize.swift in Sources */,
				D464BA5122C737260069623C /* ColorGradient.swift in Sources */,
				D422DE0B23598B52003734B8 /* Census.swift in Sources */,
				D495F0BE233FA6C2007D6E86 /* Stepper.swift in Sources */,
				D464BA5222C737260069623C /* Manna.swift in Sources */,
				D4BB6E77234EDCA500529819 /* Apoptosize.swift in Sources */,
				D4E3025C23984E69009384F0 /* CellKeys.swift in Sources */,
				D464BA5522C737260069623C /* Extensions.swift in Sources */,
				D4BB6E7B234EF62800529819 /* Metabolize.swift in Sources */,
			);
			runOnlyForDeploymentPostprocessing = 0;
		};
/* End PBXSourcesBuildPhase section */

/* Begin PBXVariantGroup section */
		D40985EF22650B0B009DD384 /* Main.storyboard */ = {
			isa = PBXVariantGroup;
			children = (
				D40985F022650B0B009DD384 /* Base */,
			);
			name = Main.storyboard;
			sourceTree = "<group>";
		};
/* End PBXVariantGroup section */

/* Begin XCBuildConfiguration section */
		D40985F422650B0B009DD384 /* Debug */ = {
			isa = XCBuildConfiguration;
			buildSettings = {
				ALWAYS_SEARCH_USER_PATHS = NO;
				CLANG_ANALYZER_NONNULL = YES;
				CLANG_ANALYZER_NUMBER_OBJECT_CONVERSION = YES_AGGRESSIVE;
				CLANG_CXX_LANGUAGE_STANDARD = "gnu++14";
				CLANG_CXX_LIBRARY = "libc++";
				CLANG_ENABLE_MODULES = YES;
				CLANG_ENABLE_OBJC_ARC = YES;
				CLANG_ENABLE_OBJC_WEAK = YES;
				CLANG_WARN_BLOCK_CAPTURE_AUTORELEASING = YES;
				CLANG_WARN_BOOL_CONVERSION = YES;
				CLANG_WARN_COMMA = YES;
				CLANG_WARN_CONSTANT_CONVERSION = YES;
				CLANG_WARN_DEPRECATED_OBJC_IMPLEMENTATIONS = YES;
				CLANG_WARN_DIRECT_OBJC_ISA_USAGE = YES_ERROR;
				CLANG_WARN_DOCUMENTATION_COMMENTS = YES;
				CLANG_WARN_EMPTY_BODY = YES;
				CLANG_WARN_ENUM_CONVERSION = YES;
				CLANG_WARN_INFINITE_RECURSION = YES;
				CLANG_WARN_INT_CONVERSION = YES;
				CLANG_WARN_NON_LITERAL_NULL_CONVERSION = YES;
				CLANG_WARN_OBJC_IMPLICIT_RETAIN_SELF = YES;
				CLANG_WARN_OBJC_LITERAL_CONVERSION = YES;
				CLANG_WARN_OBJC_ROOT_CLASS = YES_ERROR;
				CLANG_WARN_RANGE_LOOP_ANALYSIS = YES;
				CLANG_WARN_STRICT_PROTOTYPES = YES;
				CLANG_WARN_SUSPICIOUS_MOVE = YES;
				CLANG_WARN_UNGUARDED_AVAILABILITY = YES_AGGRESSIVE;
				CLANG_WARN_UNREACHABLE_CODE = YES;
				CLANG_WARN__DUPLICATE_METHOD_MATCH = YES;
				CODE_SIGN_ENTITLEMENTS = macos/Components.entitlements;
				CODE_SIGN_IDENTITY = "Mac Developer";
				COPY_PHASE_STRIP = NO;
				DEBUG_INFORMATION_FORMAT = dwarf;
				DEVELOPMENT_TEAM = DD983V4X84;
				ENABLE_STRICT_OBJC_MSGSEND = YES;
				ENABLE_TESTABILITY = YES;
				GCC_C_LANGUAGE_STANDARD = gnu11;
				GCC_DYNAMIC_NO_PIC = NO;
				GCC_NO_COMMON_BLOCKS = YES;
				GCC_OPTIMIZATION_LEVEL = 0;
				GCC_PREPROCESSOR_DEFINITIONS = (
					"DEBUG=1",
					"$(inherited)",
				);
				GCC_TREAT_WARNINGS_AS_ERRORS = YES;
				GCC_WARN_64_TO_32_BIT_CONVERSION = YES;
				GCC_WARN_ABOUT_RETURN_TYPE = YES_ERROR;
				GCC_WARN_UNDECLARED_SELECTOR = YES;
				GCC_WARN_UNINITIALIZED_AUTOS = YES_AGGRESSIVE;
				GCC_WARN_UNUSED_FUNCTION = YES;
				GCC_WARN_UNUSED_VARIABLE = YES;
				INFOPLIST_FILE = /Users/rob/Projects/Arkonia/macOS/info.plist;
				MACOSX_DEPLOYMENT_TARGET = 10.14;
				MTL_ENABLE_DEBUG_INFO = INCLUDE_SOURCE;
				MTL_FAST_MATH = YES;
				ONLY_ACTIVE_ARCH = YES;
				SDKROOT = macosx;
				SWIFT_ACTIVE_COMPILATION_CONDITIONS = DEBUG;
				SWIFT_OPTIMIZATION_LEVEL = "-Onone";
				SWIFT_TREAT_WARNINGS_AS_ERRORS = YES;
			};
			name = Debug;
		};
		D40985F522650B0B009DD384 /* Release */ = {
			isa = XCBuildConfiguration;
			buildSettings = {
				ALWAYS_SEARCH_USER_PATHS = NO;
				CLANG_ANALYZER_NONNULL = YES;
				CLANG_ANALYZER_NUMBER_OBJECT_CONVERSION = YES_AGGRESSIVE;
				CLANG_CXX_LANGUAGE_STANDARD = "gnu++14";
				CLANG_CXX_LIBRARY = "libc++";
				CLANG_ENABLE_MODULES = YES;
				CLANG_ENABLE_OBJC_ARC = YES;
				CLANG_ENABLE_OBJC_WEAK = YES;
				CLANG_WARN_BLOCK_CAPTURE_AUTORELEASING = YES;
				CLANG_WARN_BOOL_CONVERSION = YES;
				CLANG_WARN_COMMA = YES;
				CLANG_WARN_CONSTANT_CONVERSION = YES;
				CLANG_WARN_DEPRECATED_OBJC_IMPLEMENTATIONS = YES;
				CLANG_WARN_DIRECT_OBJC_ISA_USAGE = YES_ERROR;
				CLANG_WARN_DOCUMENTATION_COMMENTS = YES;
				CLANG_WARN_EMPTY_BODY = YES;
				CLANG_WARN_ENUM_CONVERSION = YES;
				CLANG_WARN_INFINITE_RECURSION = YES;
				CLANG_WARN_INT_CONVERSION = YES;
				CLANG_WARN_NON_LITERAL_NULL_CONVERSION = YES;
				CLANG_WARN_OBJC_IMPLICIT_RETAIN_SELF = YES;
				CLANG_WARN_OBJC_LITERAL_CONVERSION = YES;
				CLANG_WARN_OBJC_ROOT_CLASS = YES_ERROR;
				CLANG_WARN_RANGE_LOOP_ANALYSIS = YES;
				CLANG_WARN_STRICT_PROTOTYPES = YES;
				CLANG_WARN_SUSPICIOUS_MOVE = YES;
				CLANG_WARN_UNGUARDED_AVAILABILITY = YES_AGGRESSIVE;
				CLANG_WARN_UNREACHABLE_CODE = YES;
				CLANG_WARN__DUPLICATE_METHOD_MATCH = YES;
				CODE_SIGN_ENTITLEMENTS = macos/Components.entitlements;
				CODE_SIGN_IDENTITY = "Mac Developer";
				COPY_PHASE_STRIP = NO;
				DEBUG_INFORMATION_FORMAT = "dwarf-with-dsym";
				DEVELOPMENT_TEAM = DD983V4X84;
				ENABLE_NS_ASSERTIONS = NO;
				ENABLE_STRICT_OBJC_MSGSEND = YES;
				GCC_C_LANGUAGE_STANDARD = gnu11;
				GCC_NO_COMMON_BLOCKS = YES;
				GCC_TREAT_WARNINGS_AS_ERRORS = YES;
				GCC_WARN_64_TO_32_BIT_CONVERSION = YES;
				GCC_WARN_ABOUT_RETURN_TYPE = YES_ERROR;
				GCC_WARN_UNDECLARED_SELECTOR = YES;
				GCC_WARN_UNINITIALIZED_AUTOS = YES_AGGRESSIVE;
				GCC_WARN_UNUSED_FUNCTION = YES;
				GCC_WARN_UNUSED_VARIABLE = YES;
				INFOPLIST_FILE = /Users/rob/Projects/Arkonia/macOS/info.plist;
				MACOSX_DEPLOYMENT_TARGET = 10.14;
				MTL_ENABLE_DEBUG_INFO = NO;
				MTL_FAST_MATH = YES;
				SDKROOT = macosx;
				SWIFT_COMPILATION_MODE = wholemodule;
				SWIFT_OPTIMIZATION_LEVEL = "-O";
				SWIFT_TREAT_WARNINGS_AS_ERRORS = YES;
			};
			name = Release;
		};
		D464BA5D22C737260069623C /* Debug */ = {
			isa = XCBuildConfiguration;
			buildSettings = {
				ASSETCATALOG_COMPILER_APPICON_NAME = AppIcon;
				CODE_SIGN_ENTITLEMENTS = "";
				CODE_SIGN_IDENTITY = "-";
				CODE_SIGN_STYLE = Automatic;
				COMBINE_HIDPI_IMAGES = YES;
				DEVELOPMENT_TEAM = DD983V4X84;
				LD_RUNPATH_SEARCH_PATHS = (
					"$(inherited)",
					"@executable_path/../Frameworks",
				);
				PRODUCT_BUNDLE_IDENTIFIER = com.boringsoftware.arkonia;
				PRODUCT_NAME = "$(TARGET_NAME)";
				SWIFT_VERSION = 5.0;
			};
			name = Debug;
		};
		D464BA5E22C737260069623C /* Release */ = {
			isa = XCBuildConfiguration;
			buildSettings = {
				ASSETCATALOG_COMPILER_APPICON_NAME = AppIcon;
				CODE_SIGN_ENTITLEMENTS = "";
				CODE_SIGN_IDENTITY = "-";
				CODE_SIGN_STYLE = Automatic;
				COMBINE_HIDPI_IMAGES = YES;
				DEVELOPMENT_TEAM = DD983V4X84;
				LD_RUNPATH_SEARCH_PATHS = (
					"$(inherited)",
					"@executable_path/../Frameworks",
				);
				PRODUCT_BUNDLE_IDENTIFIER = com.boringsoftware.arkonia;
				PRODUCT_NAME = "$(TARGET_NAME)";
				SWIFT_VERSION = 5.0;
			};
			name = Release;
		};
/* End XCBuildConfiguration section */

/* Begin XCConfigurationList section */
		D40985DB22650B0A009DD384 /* Build configuration list for PBXProject "Karamba" */ = {
			isa = XCConfigurationList;
			buildConfigurations = (
				D40985F422650B0B009DD384 /* Debug */,
				D40985F522650B0B009DD384 /* Release */,
			);
			defaultConfigurationIsVisible = 0;
			defaultConfigurationName = Release;
		};
		D464BA5C22C737260069623C /* Build configuration list for PBXNativeTarget "Karamba" */ = {
			isa = XCConfigurationList;
			buildConfigurations = (
				D464BA5D22C737260069623C /* Debug */,
				D464BA5E22C737260069623C /* Release */,
			);
			defaultConfigurationIsVisible = 0;
			defaultConfigurationName = Release;
		};
/* End XCConfigurationList section */
	};
	rootObject = D40985D822650B0A009DD384 /* Project object */;
}
