// !$*UTF8*$!
{
	archiveVersion = 1;
	classes = {
	};
	objectVersion = 50;
	objects = {

/* Begin PBXBuildFile section */
		D40985E622650B0A009DD384 /* TheScene.sks in Resources */ = {isa = PBXBuildFile; fileRef = D40985E522650B0A009DD384 /* TheScene.sks */; };
		D40985EA22650B0A009DD384 /* TheScene.swift in Sources */ = {isa = PBXBuildFile; fileRef = D40985E922650B0A009DD384 /* TheScene.swift */; };
		D40985EE22650B0B009DD384 /* Assets.xcassets in Resources */ = {isa = PBXBuildFile; fileRef = D40985ED22650B0B009DD384 /* Assets.xcassets */; };
		D40985F122650B0B009DD384 /* Main.storyboard in Resources */ = {isa = PBXBuildFile; fileRef = D40985EF22650B0B009DD384 /* Main.storyboard */; };
		D40985FB22650BEF009DD384 /* AppController.swift in Sources */ = {isa = PBXBuildFile; fileRef = D40985FA22650BEF009DD384 /* AppController.swift */; };
		D40985FD22650C20009DD384 /* AppDelegate.swift in Sources */ = {isa = PBXBuildFile; fileRef = D40985FC22650C20009DD384 /* AppDelegate.swift */; };
		D40985FF22650CC9009DD384 /* SceneViewController.swift in Sources */ = {isa = PBXBuildFile; fileRef = D40985FE22650CC9009DD384 /* SceneViewController.swift */; };
		D4E8D272227E8CB500DFCB40 /* SpriteFactory.swift in Sources */ = {isa = PBXBuildFile; fileRef = D4E8D271227E8CB500DFCB40 /* SpriteFactory.swift */; };
/* End PBXBuildFile section */

/* Begin PBXFileReference section */
		D40985E022650B0A009DD384 /* Karamba.app */ = {isa = PBXFileReference; explicitFileType = wrapper.application; includeInIndex = 0; path = Karamba.app; sourceTree = BUILT_PRODUCTS_DIR; };
		D40985E522650B0A009DD384 /* TheScene.sks */ = {isa = PBXFileReference; lastKnownFileType = file.sks; path = TheScene.sks; sourceTree = "<group>"; };
		D40985E922650B0A009DD384 /* TheScene.swift */ = {isa = PBXFileReference; lastKnownFileType = sourcecode.swift; path = TheScene.swift; sourceTree = "<group>"; };
		D40985ED22650B0B009DD384 /* Assets.xcassets */ = {isa = PBXFileReference; lastKnownFileType = folder.assetcatalog; path = Assets.xcassets; sourceTree = "<group>"; };
		D40985F022650B0B009DD384 /* Base */ = {isa = PBXFileReference; lastKnownFileType = file.storyboard; name = Base; path = Base.lproj/Main.storyboard; sourceTree = "<group>"; };
		D40985F222650B0B009DD384 /* Info.plist */ = {isa = PBXFileReference; lastKnownFileType = text.plist.xml; path = Info.plist; sourceTree = "<group>"; };
		D40985F322650B0B009DD384 /* Components.entitlements */ = {isa = PBXFileReference; lastKnownFileType = text.plist.entitlements; path = Components.entitlements; sourceTree = "<group>"; };
		D40985FA22650BEF009DD384 /* AppController.swift */ = {isa = PBXFileReference; lastKnownFileType = sourcecode.swift; path = AppController.swift; sourceTree = "<group>"; };
		D40985FC22650C20009DD384 /* AppDelegate.swift */ = {isa = PBXFileReference; lastKnownFileType = sourcecode.swift; path = AppDelegate.swift; sourceTree = "<group>"; };
		D40985FE22650CC9009DD384 /* SceneViewController.swift */ = {isa = PBXFileReference; lastKnownFileType = sourcecode.swift; path = SceneViewController.swift; sourceTree = "<group>"; };
		D4E8D262227DA41800DFCB40 /* NetDiagram.swift */ = {isa = PBXFileReference; fileEncoding = 4; lastKnownFileType = sourcecode.swift; path = NetDiagram.swift; sourceTree = "<group>"; };
		D4E8D264227DFD2500DFCB40 /* VDisplayTest.swift */ = {isa = PBXFileReference; fileEncoding = 4; lastKnownFileType = sourcecode.swift; path = VDisplayTest.swift; sourceTree = "<group>"; };
		D4E8D265227DFD2500DFCB40 /* VDisplay.swift */ = {isa = PBXFileReference; fileEncoding = 4; lastKnownFileType = sourcecode.swift; path = VDisplay.swift; sourceTree = "<group>"; };
		D4E8D269227E072100DFCB40 /* DNeuron.swift */ = {isa = PBXFileReference; fileEncoding = 4; lastKnownFileType = sourcecode.swift; path = DNeuron.swift; sourceTree = "<group>"; };
		D4E8D26A227E072100DFCB40 /* DSpacer.swift */ = {isa = PBXFileReference; fileEncoding = 4; lastKnownFileType = sourcecode.swift; path = DSpacer.swift; sourceTree = "<group>"; };
		D4E8D26D227E1E7700DFCB40 /* DLayer.swift */ = {isa = PBXFileReference; fileEncoding = 4; lastKnownFileType = sourcecode.swift; path = DLayer.swift; sourceTree = "<group>"; };
		D4E8D26E227E1E7700DFCB40 /* DNet.swift */ = {isa = PBXFileReference; fileEncoding = 4; lastKnownFileType = sourcecode.swift; path = DNet.swift; sourceTree = "<group>"; };
		D4E8D271227E8CB500DFCB40 /* SpriteFactory.swift */ = {isa = PBXFileReference; lastKnownFileType = sourcecode.swift; path = SpriteFactory.swift; sourceTree = "<group>"; };
/* End PBXFileReference section */

/* Begin PBXFrameworksBuildPhase section */
		D40985DD22650B0A009DD384 /* Frameworks */ = {
			isa = PBXFrameworksBuildPhase;
			buildActionMask = 2147483647;
			files = (
			);
			runOnlyForDeploymentPostprocessing = 0;
		};
/* End PBXFrameworksBuildPhase section */

/* Begin PBXGroup section */
		D40985D722650B0A009DD384 = {
			isa = PBXGroup;
			children = (
				D4E8D268227E06F400DFCB40 /* Display */,
				D4E8D261227DA3D500DFCB40 /* HUD */,
				D40985F922650BD8009DD384 /* macOS */,
				D40985E122650B0A009DD384 /* Products */,
			);
			sourceTree = "<group>";
		};
		D40985E122650B0A009DD384 /* Products */ = {
			isa = PBXGroup;
			children = (
				D40985E022650B0A009DD384 /* Karamba.app */,
			);
			name = Products;
			sourceTree = "<group>";
		};
		D40985F922650BD8009DD384 /* macOS */ = {
			isa = PBXGroup;
			children = (
				D40985ED22650B0B009DD384 /* Assets.xcassets */,
				D40985FA22650BEF009DD384 /* AppController.swift */,
				D40985FC22650C20009DD384 /* AppDelegate.swift */,
				D40985F322650B0B009DD384 /* Components.entitlements */,
				D40985F222650B0B009DD384 /* Info.plist */,
				D40985EF22650B0B009DD384 /* Main.storyboard */,
				D40985FE22650CC9009DD384 /* SceneViewController.swift */,
				D40985E522650B0A009DD384 /* TheScene.sks */,
				D40985E922650B0A009DD384 /* TheScene.swift */,
			);
			path = macOS;
			sourceTree = "<group>";
		};
		D4E8D261227DA3D500DFCB40 /* HUD */ = {
			isa = PBXGroup;
			children = (
				D4E8D262227DA41800DFCB40 /* NetDiagram.swift */,
				D4E8D265227DFD2500DFCB40 /* VDisplay.swift */,
				D4E8D264227DFD2500DFCB40 /* VDisplayTest.swift */,
			);
			path = HUD;
			sourceTree = "<group>";
		};
		D4E8D268227E06F400DFCB40 /* Display */ = {
			isa = PBXGroup;
			children = (
				D4E8D26D227E1E7700DFCB40 /* DLayer.swift */,
				D4E8D26E227E1E7700DFCB40 /* DNet.swift */,
				D4E8D269227E072100DFCB40 /* DNeuron.swift */,
				D4E8D26A227E072100DFCB40 /* DSpacer.swift */,
				D4E8D271227E8CB500DFCB40 /* SpriteFactory.swift */,
			);
			path = Display;
			sourceTree = "<group>";
		};
/* End PBXGroup section */

/* Begin PBXNativeTarget section */
		D40985DF22650B0A009DD384 /* Karamba */ = {
			isa = PBXNativeTarget;
			buildConfigurationList = D40985F622650B0B009DD384 /* Build configuration list for PBXNativeTarget "Karamba" */;
			buildPhases = (
				D40985DC22650B0A009DD384 /* Sources */,
				D40985DD22650B0A009DD384 /* Frameworks */,
				D40985DE22650B0A009DD384 /* Resources */,
				D409860122650FEA009DD384 /* ShellScript */,
			);
			buildRules = (
			);
			dependencies = (
			);
			name = Karamba;
			productName = Components;
			productReference = D40985E022650B0A009DD384 /* Karamba.app */;
			productType = "com.apple.product-type.application";
		};
/* End PBXNativeTarget section */

/* Begin PBXProject section */
		D40985D822650B0A009DD384 /* Project object */ = {
			isa = PBXProject;
			attributes = {
				LastSwiftUpdateCheck = 1020;
				LastUpgradeCheck = 1020;
				ORGANIZATIONNAME = "Boring Software";
				TargetAttributes = {
					D40985DF22650B0A009DD384 = {
						CreatedOnToolsVersion = 10.2;
					};
				};
			};
			buildConfigurationList = D40985DB22650B0A009DD384 /* Build configuration list for PBXProject "Karamba" */;
			compatibilityVersion = "Xcode 9.3";
			developmentRegion = en;
			hasScannedForEncodings = 0;
			knownRegions = (
				en,
				Base,
			);
			mainGroup = D40985D722650B0A009DD384;
			productRefGroup = D40985E122650B0A009DD384 /* Products */;
			projectDirPath = "";
			projectRoot = "";
			targets = (
				D40985DF22650B0A009DD384 /* Karamba */,
			);
		};
/* End PBXProject section */

/* Begin PBXResourcesBuildPhase section */
		D40985DE22650B0A009DD384 /* Resources */ = {
			isa = PBXResourcesBuildPhase;
			buildActionMask = 2147483647;
			files = (
				D40985E622650B0A009DD384 /* TheScene.sks in Resources */,
				D40985EE22650B0B009DD384 /* Assets.xcassets in Resources */,
				D40985F122650B0B009DD384 /* Main.storyboard in Resources */,
			);
			runOnlyForDeploymentPostprocessing = 0;
		};
/* End PBXResourcesBuildPhase section */

/* Begin PBXShellScriptBuildPhase section */
		D409860122650FEA009DD384 /* ShellScript */ = {
			isa = PBXShellScriptBuildPhase;
			buildActionMask = 2147483647;
			files = (
			);
			inputFileListPaths = (
			);
			inputPaths = (
			);
			outputFileListPaths = (
			);
			outputPaths = (
			);
			runOnlyForDeploymentPostprocessing = 0;
			shellPath = /bin/sh;
			shellScript = "if which swiftlint >/dev/null; then\nswiftlint lint --strict\nelse\necho \"warning: SwiftLint not installed, download from https://github.com/realm/SwiftLint\"\nfi\n";
		};
/* End PBXShellScriptBuildPhase section */

/* Begin PBXSourcesBuildPhase section */
		D40985DC22650B0A009DD384 /* Sources */ = {
			isa = PBXSourcesBuildPhase;
			buildActionMask = 2147483647;
			files = (
				D4E8D272227E8CB500DFCB40 /* SpriteFactory.swift in Sources */,
				D40985EA22650B0A009DD384 /* TheScene.swift in Sources */,
				D40985FF22650CC9009DD384 /* SceneViewController.swift in Sources */,
				D40985FD22650C20009DD384 /* AppDelegate.swift in Sources */,
				D40985FB22650BEF009DD384 /* AppController.swift in Sources */,
			);
			runOnlyForDeploymentPostprocessing = 0;
		};
/* End PBXSourcesBuildPhase section */

/* Begin PBXVariantGroup section */
		D40985EF22650B0B009DD384 /* Main.storyboard */ = {
			isa = PBXVariantGroup;
			children = (
				D40985F022650B0B009DD384 /* Base */,
			);
			name = Main.storyboard;
			sourceTree = "<group>";
		};
/* End PBXVariantGroup section */

/* Begin XCBuildConfiguration section */
		D40985F422650B0B009DD384 /* Debug */ = {
			isa = XCBuildConfiguration;
			buildSettings = {
				ALWAYS_SEARCH_USER_PATHS = NO;
				CLANG_ANALYZER_NONNULL = YES;
				CLANG_ANALYZER_NUMBER_OBJECT_CONVERSION = YES_AGGRESSIVE;
				CLANG_CXX_LANGUAGE_STANDARD = "gnu++14";
				CLANG_CXX_LIBRARY = "libc++";
				CLANG_ENABLE_MODULES = YES;
				CLANG_ENABLE_OBJC_ARC = YES;
				CLANG_ENABLE_OBJC_WEAK = YES;
				CLANG_WARN_BLOCK_CAPTURE_AUTORELEASING = YES;
				CLANG_WARN_BOOL_CONVERSION = YES;
				CLANG_WARN_COMMA = YES;
				CLANG_WARN_CONSTANT_CONVERSION = YES;
				CLANG_WARN_DEPRECATED_OBJC_IMPLEMENTATIONS = YES;
				CLANG_WARN_DIRECT_OBJC_ISA_USAGE = YES_ERROR;
				CLANG_WARN_DOCUMENTATION_COMMENTS = YES;
				CLANG_WARN_EMPTY_BODY = YES;
				CLANG_WARN_ENUM_CONVERSION = YES;
				CLANG_WARN_INFINITE_RECURSION = YES;
				CLANG_WARN_INT_CONVERSION = YES;
				CLANG_WARN_NON_LITERAL_NULL_CONVERSION = YES;
				CLANG_WARN_OBJC_IMPLICIT_RETAIN_SELF = YES;
				CLANG_WARN_OBJC_LITERAL_CONVERSION = YES;
				CLANG_WARN_OBJC_ROOT_CLASS = YES_ERROR;
				CLANG_WARN_RANGE_LOOP_ANALYSIS = YES;
				CLANG_WARN_STRICT_PROTOTYPES = YES;
				CLANG_WARN_SUSPICIOUS_MOVE = YES;
				CLANG_WARN_UNGUARDED_AVAILABILITY = YES_AGGRESSIVE;
				CLANG_WARN_UNREACHABLE_CODE = YES;
				CLANG_WARN__DUPLICATE_METHOD_MATCH = YES;
				CODE_SIGN_ENTITLEMENTS = macos/Components.entitlements;
				CODE_SIGN_IDENTITY = "Mac Developer";
				COPY_PHASE_STRIP = NO;
				DEBUG_INFORMATION_FORMAT = dwarf;
				DEVELOPMENT_TEAM = DD983V4X84;
				ENABLE_STRICT_OBJC_MSGSEND = YES;
				ENABLE_TESTABILITY = YES;
				GCC_C_LANGUAGE_STANDARD = gnu11;
				GCC_DYNAMIC_NO_PIC = NO;
				GCC_NO_COMMON_BLOCKS = YES;
				GCC_OPTIMIZATION_LEVEL = 0;
				GCC_PREPROCESSOR_DEFINITIONS = (
					"DEBUG=1",
					"$(inherited)",
				);
				GCC_TREAT_WARNINGS_AS_ERRORS = YES;
				GCC_WARN_64_TO_32_BIT_CONVERSION = YES;
				GCC_WARN_ABOUT_RETURN_TYPE = YES_ERROR;
				GCC_WARN_UNDECLARED_SELECTOR = YES;
				GCC_WARN_UNINITIALIZED_AUTOS = YES_AGGRESSIVE;
				GCC_WARN_UNUSED_FUNCTION = YES;
				GCC_WARN_UNUSED_VARIABLE = YES;
				MACOSX_DEPLOYMENT_TARGET = 10.14;
				MTL_ENABLE_DEBUG_INFO = INCLUDE_SOURCE;
				MTL_FAST_MATH = YES;
				ONLY_ACTIVE_ARCH = YES;
				SDKROOT = macosx;
				SWIFT_ACTIVE_COMPILATION_CONDITIONS = DEBUG;
				SWIFT_OPTIMIZATION_LEVEL = "-Onone";
				SWIFT_TREAT_WARNINGS_AS_ERRORS = YES;
			};
			name = Debug;
		};
		D40985F522650B0B009DD384 /* Release */ = {
			isa = XCBuildConfiguration;
			buildSettings = {
				ALWAYS_SEARCH_USER_PATHS = NO;
				CLANG_ANALYZER_NONNULL = YES;
				CLANG_ANALYZER_NUMBER_OBJECT_CONVERSION = YES_AGGRESSIVE;
				CLANG_CXX_LANGUAGE_STANDARD = "gnu++14";
				CLANG_CXX_LIBRARY = "libc++";
				CLANG_ENABLE_MODULES = YES;
				CLANG_ENABLE_OBJC_ARC = YES;
				CLANG_ENABLE_OBJC_WEAK = YES;
				CLANG_WARN_BLOCK_CAPTURE_AUTORELEASING = YES;
				CLANG_WARN_BOOL_CONVERSION = YES;
				CLANG_WARN_COMMA = YES;
				CLANG_WARN_CONSTANT_CONVERSION = YES;
				CLANG_WARN_DEPRECATED_OBJC_IMPLEMENTATIONS = YES;
				CLANG_WARN_DIRECT_OBJC_ISA_USAGE = YES_ERROR;
				CLANG_WARN_DOCUMENTATION_COMMENTS = YES;
				CLANG_WARN_EMPTY_BODY = YES;
				CLANG_WARN_ENUM_CONVERSION = YES;
				CLANG_WARN_INFINITE_RECURSION = YES;
				CLANG_WARN_INT_CONVERSION = YES;
				CLANG_WARN_NON_LITERAL_NULL_CONVERSION = YES;
				CLANG_WARN_OBJC_IMPLICIT_RETAIN_SELF = YES;
				CLANG_WARN_OBJC_LITERAL_CONVERSION = YES;
				CLANG_WARN_OBJC_ROOT_CLASS = YES_ERROR;
				CLANG_WARN_RANGE_LOOP_ANALYSIS = YES;
				CLANG_WARN_STRICT_PROTOTYPES = YES;
				CLANG_WARN_SUSPICIOUS_MOVE = YES;
				CLANG_WARN_UNGUARDED_AVAILABILITY = YES_AGGRESSIVE;
				CLANG_WARN_UNREACHABLE_CODE = YES;
				CLANG_WARN__DUPLICATE_METHOD_MATCH = YES;
				CODE_SIGN_ENTITLEMENTS = macos/Components.entitlements;
				CODE_SIGN_IDENTITY = "Mac Developer";
				COPY_PHASE_STRIP = NO;
				DEBUG_INFORMATION_FORMAT = "dwarf-with-dsym";
				DEVELOPMENT_TEAM = DD983V4X84;
				ENABLE_NS_ASSERTIONS = NO;
				ENABLE_STRICT_OBJC_MSGSEND = YES;
				GCC_C_LANGUAGE_STANDARD = gnu11;
				GCC_NO_COMMON_BLOCKS = YES;
				GCC_TREAT_WARNINGS_AS_ERRORS = YES;
				GCC_WARN_64_TO_32_BIT_CONVERSION = YES;
				GCC_WARN_ABOUT_RETURN_TYPE = YES_ERROR;
				GCC_WARN_UNDECLARED_SELECTOR = YES;
				GCC_WARN_UNINITIALIZED_AUTOS = YES_AGGRESSIVE;
				GCC_WARN_UNUSED_FUNCTION = YES;
				GCC_WARN_UNUSED_VARIABLE = YES;
				MACOSX_DEPLOYMENT_TARGET = 10.14;
				MTL_ENABLE_DEBUG_INFO = NO;
				MTL_FAST_MATH = YES;
				SDKROOT = macosx;
				SWIFT_COMPILATION_MODE = wholemodule;
				SWIFT_OPTIMIZATION_LEVEL = "-O";
				SWIFT_TREAT_WARNINGS_AS_ERRORS = YES;
			};
			name = Release;
		};
		D40985F722650B0B009DD384 /* Debug */ = {
			isa = XCBuildConfiguration;
			buildSettings = {
				ASSETCATALOG_COMPILER_APPICON_NAME = AppIcon;
				CODE_SIGN_ENTITLEMENTS = "";
				CODE_SIGN_STYLE = Automatic;
				COMBINE_HIDPI_IMAGES = YES;
				DEVELOPMENT_TEAM = DD983V4X84;
				INFOPLIST_FILE = "$(SRCROOT)/macOS/Info.plist";
				LD_RUNPATH_SEARCH_PATHS = (
					"$(inherited)",
					"@executable_path/../Frameworks",
				);
				PRODUCT_BUNDLE_IDENTIFIER = com.boringsoftware.arkonia;
				PRODUCT_NAME = "$(TARGET_NAME)";
				SWIFT_VERSION = 5.0;
			};
			name = Debug;
		};
		D40985F822650B0B009DD384 /* Release */ = {
			isa = XCBuildConfiguration;
			buildSettings = {
				ASSETCATALOG_COMPILER_APPICON_NAME = AppIcon;
				CODE_SIGN_ENTITLEMENTS = "";
				CODE_SIGN_STYLE = Automatic;
				COMBINE_HIDPI_IMAGES = YES;
				DEVELOPMENT_TEAM = DD983V4X84;
				INFOPLIST_FILE = "$(SRCROOT)/macOS/Info.plist";
				LD_RUNPATH_SEARCH_PATHS = (
					"$(inherited)",
					"@executable_path/../Frameworks",
				);
				PRODUCT_BUNDLE_IDENTIFIER = com.boringsoftware.arkonia;
				PRODUCT_NAME = "$(TARGET_NAME)";
				SWIFT_VERSION = 5.0;
			};
			name = Release;
		};
/* End XCBuildConfiguration section */

/* Begin XCConfigurationList section */
		D40985DB22650B0A009DD384 /* Build configuration list for PBXProject "Karamba" */ = {
			isa = XCConfigurationList;
			buildConfigurations = (
				D40985F422650B0B009DD384 /* Debug */,
				D40985F522650B0B009DD384 /* Release */,
			);
			defaultConfigurationIsVisible = 0;
			defaultConfigurationName = Release;
		};
		D40985F622650B0B009DD384 /* Build configuration list for PBXNativeTarget "Karamba" */ = {
			isa = XCConfigurationList;
			buildConfigurations = (
				D40985F722650B0B009DD384 /* Debug */,
				D40985F822650B0B009DD384 /* Release */,
			);
			defaultConfigurationIsVisible = 0;
			defaultConfigurationName = Release;
		};
/* End XCConfigurationList section */
	};
	rootObject = D40985D822650B0A009DD384 /* Project object */;
}
